PODS:
  - CollectionViewWaterfallLayout (0.5.0)
  - iOSPhotoEditor (0.5):
    - CollectionViewWaterfallLayout
    - KMPlaceholderTextView
    - SwiftyGif (~> 5.4.2)
    - TTSegmentedControl
  - KMPlaceholderTextView (1.4.0)
  - SwiftyGif (5.4.3)
  - TTSegmentedControl (0.4.10)

DEPENDENCIES:
  - iOSPhotoEditor (from `../`)

SPEC REPOS:
  trunk:
    - CollectionViewWaterfallLayout
    - KMPlaceholderTextView
    - SwiftyGif
    - TTSegmentedControl

EXTERNAL SOURCES:
  iOSPhotoEditor:
    :path: "../"

SPEC CHECKSUMS:
  CollectionViewWaterfallLayout: 4399ba01be265fff4da1ed1d607130fe009780e4
  iOSPhotoEditor: 624838583ef936aad23075527075cb7fd023a9a9
  KMPlaceholderTextView: 2206c3df39979e9396e2d96fa9f427a8951121b0
  SwiftyGif: 6c3eafd0ce693cad58bb63d2b2fb9bacb8552780
  TTSegmentedControl: d8005c0cdca2549ade0aee8e09240723e2478a6a

PODFILE CHECKSUM: ea06b1d06d0409ebea265171df70afd29804d0c8

COCOAPODS: 1.11.2
