PODS:
  - CollectionViewWaterfallLayout (0.5.0)
  - iOSPhotoEditor (0.5):
    - CollectionViewWaterfallLayout
    - KMPlaceholderTextView
    - SDWebImage (~> 5.0)
    - TTSegmentedControl
  - KMPlaceholderTextView (1.4.0)
  - SDWebImage (5.12.5):
    - SDWebImage/Core (= 5.12.5)
  - SDWebImage/Core (5.12.5)
  - TTSegmentedControl (0.4.10)

DEPENDENCIES:
  - iOSPhotoEditor (from `../`)

SPEC REPOS:
  trunk:
    - CollectionViewWaterfallLayout
    - KMPlaceholderTextView
    - SDWebImage
    - TTSegmentedControl

EXTERNAL SOURCES:
  iOSPhotoEditor:
    :path: "../"

SPEC CHECKSUMS:
  CollectionViewWaterfallLayout: 4399ba01be265fff4da1ed1d607130fe009780e4
  iOSPhotoEditor: 65dbd2ed7948a6839d9dfa1b86aa191ca8d7fc76
  KMPlaceholderTextView: 2206c3df39979e9396e2d96fa9f427a8951121b0
  SDWebImage: 0905f1b7760fc8ac4198cae0036600d67478751e
  TTSegmentedControl: d8005c0cdca2549ade0aee8e09240723e2478a6a

PODFILE CHECKSUM: ea06b1d06d0409ebea265171df70afd29804d0c8

COCOAPODS: 1.11.3
