// !$*UTF8*$!
{
	archiveVersion = 1;
	classes = {
	};
	objectVersion = 46;
	objects = {

/* Begin PBXBuildFile section */
		056513191EF489B4009EA38F /* PhotoEditorViewController.swift in Sources */ = {isa = PBXBuildFile; fileRef = 056513081EF489B4009EA38F /* PhotoEditorViewController.swift */; };
		0565131B1EF489B4009EA38F /* ColorCollectionViewCell.swift in Sources */ = {isa = PBXBuildFile; fileRef = 0565130A1EF489B4009EA38F /* ColorCollectionViewCell.swift */; };
		0565131C1EF489B4009EA38F /* ColorsCollectionViewDelegate.swift in Sources */ = {isa = PBXBuildFile; fileRef = 0565130B1EF489B4009EA38F /* ColorsCollectionViewDelegate.swift */; };
		0565131F1EF489B4009EA38F /* StickerCollectionViewCell.swift in Sources */ = {isa = PBXBuildFile; fileRef = 0565130E1EF489B4009EA38F /* StickerCollectionViewCell.swift */; };
		056513201EF489B4009EA38F /* UIImage+Size.swift in Sources */ = {isa = PBXBuildFile; fileRef = 0565130F1EF489B4009EA38F /* UIImage+Size.swift */; };
		056513211EF489B4009EA38F /* UIImageView+Alpha.swift in Sources */ = {isa = PBXBuildFile; fileRef = 056513101EF489B4009EA38F /* UIImageView+Alpha.swift */; };
		056513221EF489B4009EA38F /* UIView+Image.swift in Sources */ = {isa = PBXBuildFile; fileRef = 056513111EF489B4009EA38F /* UIView+Image.swift */; };
		056513231EF489B4009EA38F /* Protocols.swift in Sources */ = {isa = PBXBuildFile; fileRef = 056513121EF489B4009EA38F /* Protocols.swift */; };
		056513241EF489B4009EA38F /* GradientView.swift in Sources */ = {isa = PBXBuildFile; fileRef = 056513131EF489B4009EA38F /* GradientView.swift */; };
		056513251EF489B4009EA38F /* CropView.swift in Sources */ = {isa = PBXBuildFile; fileRef = 056513141EF489B4009EA38F /* CropView.swift */; };
		056513261EF489B4009EA38F /* CropRectView.swift in Sources */ = {isa = PBXBuildFile; fileRef = 056513151EF489B4009EA38F /* CropRectView.swift */; };
		056513271EF489B4009EA38F /* CropViewController.swift in Sources */ = {isa = PBXBuildFile; fileRef = 056513161EF489B4009EA38F /* CropViewController.swift */; };
		056513281EF489B4009EA38F /* UIImage+Crop.swift in Sources */ = {isa = PBXBuildFile; fileRef = 056513171EF489B4009EA38F /* UIImage+Crop.swift */; };
		056513291EF489B4009EA38F /* ResizeControl.swift in Sources */ = {isa = PBXBuildFile; fileRef = 056513181EF489B4009EA38F /* ResizeControl.swift */; };
		056513351EF489C0009EA38F /* ColorCollectionViewCell.xib in Resources */ = {isa = PBXBuildFile; fileRef = 0565132B1EF489C0009EA38F /* ColorCollectionViewCell.xib */; };
		056513381EF489C0009EA38F /* LaunchScreen.storyboard in Resources */ = {isa = PBXBuildFile; fileRef = 0565132E1EF489C0009EA38F /* LaunchScreen.storyboard */; };
		056513391EF489C0009EA38F /* PhotoCropEditorBorder.png in Resources */ = {isa = PBXBuildFile; fileRef = 0565132F1EF489C0009EA38F /* PhotoCropEditorBorder.png */; };
		0565133A1EF489C0009EA38F /* PhotoCropEditorBorder@2x.png in Resources */ = {isa = PBXBuildFile; fileRef = 056513301EF489C0009EA38F /* PhotoCropEditorBorder@2x.png */; };
		0565133B1EF489C0009EA38F /* PhotoCropEditorBorder@3x.png in Resources */ = {isa = PBXBuildFile; fileRef = 056513311EF489C0009EA38F /* PhotoCropEditorBorder@3x.png */; };
		0565133C1EF489C0009EA38F /* StickerCollectionViewCell.xib in Resources */ = {isa = PBXBuildFile; fileRef = 056513321EF489C0009EA38F /* StickerCollectionViewCell.xib */; };
		056513461EF489CD009EA38F /* PhotoEditor+Gestures.swift in Sources */ = {isa = PBXBuildFile; fileRef = 0565133E1EF489CD009EA38F /* PhotoEditor+Gestures.swift */; };
		056513471EF489CD009EA38F /* PhotoEditor+Drawing.swift in Sources */ = {isa = PBXBuildFile; fileRef = 0565133F1EF489CD009EA38F /* PhotoEditor+Drawing.swift */; };
		056513481EF489CD009EA38F /* PhotoEditor+Keyboard.swift in Sources */ = {isa = PBXBuildFile; fileRef = 056513401EF489CD009EA38F /* PhotoEditor+Keyboard.swift */; };
		056513491EF489CD009EA38F /* PhotoEditor+StickersViewController.swift in Sources */ = {isa = PBXBuildFile; fileRef = 056513411EF489CD009EA38F /* PhotoEditor+StickersViewController.swift */; };
		0565134A1EF489CD009EA38F /* PhotoEditor+UITextView.swift in Sources */ = {isa = PBXBuildFile; fileRef = 056513421EF489CD009EA38F /* PhotoEditor+UITextView.swift */; };
		0565134B1EF489CD009EA38F /* PhotoEditor+Controls.swift in Sources */ = {isa = PBXBuildFile; fileRef = 056513431EF489CD009EA38F /* PhotoEditor+Controls.swift */; };
		0565134C1EF489CD009EA38F /* PhotoEditor+Crop.swift in Sources */ = {isa = PBXBuildFile; fileRef = 056513441EF489CD009EA38F /* PhotoEditor+Crop.swift */; };
		0565134D1EF489CD009EA38F /* PhotoEditor+Font.swift in Sources */ = {isa = PBXBuildFile; fileRef = 056513451EF489CD009EA38F /* PhotoEditor+Font.swift */; };
		059EA71D1EACB8790072C0FE /* AppDelegate.swift in Sources */ = {isa = PBXBuildFile; fileRef = 059EA71C1EACB8790072C0FE /* AppDelegate.swift */; };
		059EA7241EACB8790072C0FE /* Assets.xcassets in Resources */ = {isa = PBXBuildFile; fileRef = 059EA7231EACB8790072C0FE /* Assets.xcassets */; };
		059EA7271EACB8790072C0FE /* LaunchScreen.storyboard in Resources */ = {isa = PBXBuildFile; fileRef = 059EA7251EACB8790072C0FE /* LaunchScreen.storyboard */; };
		960ED6B424DBCC7F002D3B85 /* default_bg.png in Resources */ = {isa = PBXBuildFile; fileRef = 960ED6AE24DBCC7F002D3B85 /* default_bg.png */; };
		960ED6B524DBCC7F002D3B85 /* icon_thumb.png in Resources */ = {isa = PBXBuildFile; fileRef = 960ED6AF24DBCC7F002D3B85 /* icon_thumb.png */; };
		960ED6B624DBCC7F002D3B85 /* icon_thumb@2x.png in Resources */ = {isa = PBXBuildFile; fileRef = 960ED6B024DBCC7F002D3B85 /* icon_thumb@2x.png */; };
		960ED6B924DBCC7F002D3B85 /* icon_thumb@3x.png in Resources */ = {isa = PBXBuildFile; fileRef = 960ED6B324DBCC7F002D3B85 /* icon_thumb@3x.png */; };
		9611043324E2695B0021D4D7 /* ExpressionPreview.swift in Sources */ = {isa = PBXBuildFile; fileRef = 9611043224E2695B0021D4D7 /* ExpressionPreview.swift */; };
		963AE9B324C6D1EC0043F791 /* GifCollectionViewCell.swift in Sources */ = {isa = PBXBuildFile; fileRef = 963AE9B124C6D1EC0043F791 /* GifCollectionViewCell.swift */; };
		964F1C2524C5B3F900F96C62 /* PhotoEditorViewController.xib in Resources */ = {isa = PBXBuildFile; fileRef = 964F1C2424C5B3F900F96C62 /* PhotoEditorViewController.xib */; };
		964F1C7324C5E3AB00F96C62 /* BackgroundViewController.xib in Resources */ = {isa = PBXBuildFile; fileRef = 964F1C6C24C5E3AB00F96C62 /* BackgroundViewController.xib */; };
		964F1C7424C5E3AB00F96C62 /* PhotoEditor+BackgroundViewController.swift in Sources */ = {isa = PBXBuildFile; fileRef = 964F1C6D24C5E3AB00F96C62 /* PhotoEditor+BackgroundViewController.swift */; };
		964F1C7524C5E3AB00F96C62 /* BackgroundViewController.swift in Sources */ = {isa = PBXBuildFile; fileRef = 964F1C6E24C5E3AB00F96C62 /* BackgroundViewController.swift */; };
		964F1C7624C5E3AB00F96C62 /* ImageCollectionViewDelegate.swift in Sources */ = {isa = PBXBuildFile; fileRef = 964F1C6F24C5E3AB00F96C62 /* ImageCollectionViewDelegate.swift */; };
		964F1C7724C5E3AB00F96C62 /* Extensions.swift in Sources */ = {isa = PBXBuildFile; fileRef = 964F1C7024C5E3AB00F96C62 /* Extensions.swift */; };
		964F1C7824C5E3AB00F96C62 /* ImageCollectionViewCell.swift in Sources */ = {isa = PBXBuildFile; fileRef = 964F1C7124C5E3AB00F96C62 /* ImageCollectionViewCell.swift */; };
		964F1C7924C5E3AB00F96C62 /* ImageCollectionViewCell.xib in Resources */ = {isa = PBXBuildFile; fileRef = 964F1C7224C5E3AB00F96C62 /* ImageCollectionViewCell.xib */; };
		96618BBE24D99FD200128708 /* Nunito-ExtraBold.ttf in Resources */ = {isa = PBXBuildFile; fileRef = 96618BA424D99E8600128708 /* Nunito-ExtraBold.ttf */; };
		96618BCB24D9A31200128708 /* icon_sticker.png in Resources */ = {isa = PBXBuildFile; fileRef = 96618BBF24D9A31100128708 /* icon_sticker.png */; };
		96618BCC24D9A31200128708 /* icon_sticker@2x.png in Resources */ = {isa = PBXBuildFile; fileRef = 96618BC024D9A31100128708 /* icon_sticker@2x.png */; };
		96618BCD24D9A31200128708 /* icon_text@3x.png in Resources */ = {isa = PBXBuildFile; fileRef = 96618BC124D9A31100128708 /* icon_text@3x.png */; };
		96618BCE24D9A31200128708 /* icon_canvas@3x.png in Resources */ = {isa = PBXBuildFile; fileRef = 96618BC224D9A31100128708 /* icon_canvas@3x.png */; };
		96618BCF24D9A31200128708 /* icon_sticker@3x.png in Resources */ = {isa = PBXBuildFile; fileRef = 96618BC324D9A31100128708 /* icon_sticker@3x.png */; };
		96618BD024D9A31200128708 /* icon_back@3x.png in Resources */ = {isa = PBXBuildFile; fileRef = 96618BC424D9A31100128708 /* icon_back@3x.png */; };
		96618BD124D9A31200128708 /* icon_canvas.png in Resources */ = {isa = PBXBuildFile; fileRef = 96618BC524D9A31100128708 /* icon_canvas.png */; };
		96618BD224D9A31200128708 /* icon_text@2x.png in Resources */ = {isa = PBXBuildFile; fileRef = 96618BC624D9A31100128708 /* icon_text@2x.png */; };
		96618BD324D9A31200128708 /* icon_back.png in Resources */ = {isa = PBXBuildFile; fileRef = 96618BC724D9A31100128708 /* icon_back.png */; };
		96618BD424D9A31200128708 /* icon_back@2x.png in Resources */ = {isa = PBXBuildFile; fileRef = 96618BC824D9A31100128708 /* icon_back@2x.png */; };
		96618BD524D9A31200128708 /* icon_canvas@2x.png in Resources */ = {isa = PBXBuildFile; fileRef = 96618BC924D9A31200128708 /* icon_canvas@2x.png */; };
		96618BD624D9A31200128708 /* icon_text.png in Resources */ = {isa = PBXBuildFile; fileRef = 96618BCA24D9A31200128708 /* icon_text.png */; };
		96618BDA24D9B60000128708 /* icon_delete.png in Resources */ = {isa = PBXBuildFile; fileRef = 96618BD924D9B5FF00128708 /* icon_delete.png */; };
		966D2D7B251CB22F00911B4C /* bg_72.png in Resources */ = {isa = PBXBuildFile; fileRef = 966D2D0C251CB22500911B4C /* bg_72.png */; };
		966D2D7C251CB22F00911B4C /* bg_5.png in Resources */ = {isa = PBXBuildFile; fileRef = 966D2D0D251CB22500911B4C /* bg_5.png */; };
		966D2D7D251CB22F00911B4C /* bg_88.png in Resources */ = {isa = PBXBuildFile; fileRef = 966D2D0E251CB22500911B4C /* bg_88.png */; };
		966D2D7E251CB22F00911B4C /* bg_101.png in Resources */ = {isa = PBXBuildFile; fileRef = 966D2D0F251CB22500911B4C /* bg_101.png */; };
		966D2D7F251CB22F00911B4C /* bg_54.png in Resources */ = {isa = PBXBuildFile; fileRef = 966D2D10251CB22500911B4C /* bg_54.png */; };
		966D2D80251CB22F00911B4C /* bg_15.png in Resources */ = {isa = PBXBuildFile; fileRef = 966D2D11251CB22500911B4C /* bg_15.png */; };
		966D2D81251CB22F00911B4C /* bg_14.png in Resources */ = {isa = PBXBuildFile; fileRef = 966D2D12251CB22500911B4C /* bg_14.png */; };
		966D2D82251CB22F00911B4C /* bg_108.png in Resources */ = {isa = PBXBuildFile; fileRef = 966D2D13251CB22500911B4C /* bg_108.png */; };
		966D2D83251CB22F00911B4C /* bg_10.png in Resources */ = {isa = PBXBuildFile; fileRef = 966D2D14251CB22600911B4C /* bg_10.png */; };
		966D2D84251CB22F00911B4C /* bg_110.png in Resources */ = {isa = PBXBuildFile; fileRef = 966D2D15251CB22600911B4C /* bg_110.png */; };
		966D2D85251CB22F00911B4C /* bg_32.png in Resources */ = {isa = PBXBuildFile; fileRef = 966D2D16251CB22600911B4C /* bg_32.png */; };
		966D2D86251CB22F00911B4C /* bg_12.png in Resources */ = {isa = PBXBuildFile; fileRef = 966D2D17251CB22600911B4C /* bg_12.png */; };
		966D2D87251CB22F00911B4C /* bg_104.png in Resources */ = {isa = PBXBuildFile; fileRef = 966D2D18251CB22600911B4C /* bg_104.png */; };
		966D2D88251CB22F00911B4C /* bg_1.png in Resources */ = {isa = PBXBuildFile; fileRef = 966D2D19251CB22600911B4C /* bg_1.png */; };
		966D2D89251CB22F00911B4C /* bg_56.png in Resources */ = {isa = PBXBuildFile; fileRef = 966D2D1A251CB22600911B4C /* bg_56.png */; };
		966D2D8A251CB22F00911B4C /* bg_24.png in Resources */ = {isa = PBXBuildFile; fileRef = 966D2D1B251CB22600911B4C /* bg_24.png */; };
		966D2D8B251CB22F00911B4C /* bg_95.png in Resources */ = {isa = PBXBuildFile; fileRef = 966D2D1C251CB22600911B4C /* bg_95.png */; };
		966D2D8C251CB22F00911B4C /* bg_60.png in Resources */ = {isa = PBXBuildFile; fileRef = 966D2D1D251CB22700911B4C /* bg_60.png */; };
		966D2D8D251CB22F00911B4C /* bg_84.png in Resources */ = {isa = PBXBuildFile; fileRef = 966D2D1E251CB22700911B4C /* bg_84.png */; };
		966D2D8E251CB22F00911B4C /* bg_29.png in Resources */ = {isa = PBXBuildFile; fileRef = 966D2D1F251CB22700911B4C /* bg_29.png */; };
		966D2D8F251CB22F00911B4C /* bg_103.png in Resources */ = {isa = PBXBuildFile; fileRef = 966D2D20251CB22700911B4C /* bg_103.png */; };
		966D2D90251CB22F00911B4C /* bg_61.png in Resources */ = {isa = PBXBuildFile; fileRef = 966D2D21251CB22700911B4C /* bg_61.png */; };
		966D2D91251CB22F00911B4C /* bg_18.png in Resources */ = {isa = PBXBuildFile; fileRef = 966D2D22251CB22700911B4C /* bg_18.png */; };
		966D2D92251CB22F00911B4C /* bg_4.png in Resources */ = {isa = PBXBuildFile; fileRef = 966D2D23251CB22700911B4C /* bg_4.png */; };
		966D2D93251CB22F00911B4C /* bg_23.png in Resources */ = {isa = PBXBuildFile; fileRef = 966D2D24251CB22700911B4C /* bg_23.png */; };
		966D2D94251CB22F00911B4C /* bg_76.png in Resources */ = {isa = PBXBuildFile; fileRef = 966D2D25251CB22700911B4C /* bg_76.png */; };
		966D2D95251CB22F00911B4C /* bg_9.png in Resources */ = {isa = PBXBuildFile; fileRef = 966D2D26251CB22800911B4C /* bg_9.png */; };
		966D2D96251CB22F00911B4C /* bg_50.png in Resources */ = {isa = PBXBuildFile; fileRef = 966D2D27251CB22800911B4C /* bg_50.png */; };
		966D2D97251CB22F00911B4C /* bg_111.png in Resources */ = {isa = PBXBuildFile; fileRef = 966D2D28251CB22800911B4C /* bg_111.png */; };
		966D2D98251CB22F00911B4C /* bg_38.png in Resources */ = {isa = PBXBuildFile; fileRef = 966D2D29251CB22800911B4C /* bg_38.png */; };
		966D2D99251CB22F00911B4C /* bg_73.png in Resources */ = {isa = PBXBuildFile; fileRef = 966D2D2A251CB22800911B4C /* bg_73.png */; };
		966D2D9A251CB22F00911B4C /* bg_91.png in Resources */ = {isa = PBXBuildFile; fileRef = 966D2D2B251CB22800911B4C /* bg_91.png */; };
		966D2D9B251CB22F00911B4C /* bg_52.png in Resources */ = {isa = PBXBuildFile; fileRef = 966D2D2C251CB22800911B4C /* bg_52.png */; };
		966D2D9C251CB22F00911B4C /* bg_98.png in Resources */ = {isa = PBXBuildFile; fileRef = 966D2D2D251CB22800911B4C /* bg_98.png */; };
		966D2D9D251CB22F00911B4C /* bg_86.png in Resources */ = {isa = PBXBuildFile; fileRef = 966D2D2E251CB22800911B4C /* bg_86.png */; };
		966D2D9E251CB22F00911B4C /* bg_3.png in Resources */ = {isa = PBXBuildFile; fileRef = 966D2D2F251CB22900911B4C /* bg_3.png */; };
		966D2D9F251CB22F00911B4C /* bg_80.png in Resources */ = {isa = PBXBuildFile; fileRef = 966D2D30251CB22900911B4C /* bg_80.png */; };
		966D2DA0251CB22F00911B4C /* bg_30.png in Resources */ = {isa = PBXBuildFile; fileRef = 966D2D31251CB22900911B4C /* bg_30.png */; };
		966D2DA1251CB22F00911B4C /* bg_66.png in Resources */ = {isa = PBXBuildFile; fileRef = 966D2D32251CB22900911B4C /* bg_66.png */; };
		966D2DA2251CB22F00911B4C /* bg_106.png in Resources */ = {isa = PBXBuildFile; fileRef = 966D2D33251CB22900911B4C /* bg_106.png */; };
		966D2DA3251CB22F00911B4C /* bg_49.png in Resources */ = {isa = PBXBuildFile; fileRef = 966D2D34251CB22900911B4C /* bg_49.png */; };
		966D2DA4251CB22F00911B4C /* bg_78.png in Resources */ = {isa = PBXBuildFile; fileRef = 966D2D35251CB22900911B4C /* bg_78.png */; };
		966D2DA5251CB22F00911B4C /* bg_8.png in Resources */ = {isa = PBXBuildFile; fileRef = 966D2D36251CB22900911B4C /* bg_8.png */; };
		966D2DA6251CB22F00911B4C /* bg_70.png in Resources */ = {isa = PBXBuildFile; fileRef = 966D2D37251CB22900911B4C /* bg_70.png */; };
		966D2DA7251CB22F00911B4C /* bg_87.png in Resources */ = {isa = PBXBuildFile; fileRef = 966D2D38251CB22900911B4C /* bg_87.png */; };
		966D2DA8251CB22F00911B4C /* bg_97.png in Resources */ = {isa = PBXBuildFile; fileRef = 966D2D39251CB22900911B4C /* bg_97.png */; };
		966D2DA9251CB22F00911B4C /* bg_53.png in Resources */ = {isa = PBXBuildFile; fileRef = 966D2D3A251CB22A00911B4C /* bg_53.png */; };
		966D2DAA251CB22F00911B4C /* bg_67.png in Resources */ = {isa = PBXBuildFile; fileRef = 966D2D3B251CB22A00911B4C /* bg_67.png */; };
		966D2DAB251CB22F00911B4C /* bg_36.png in Resources */ = {isa = PBXBuildFile; fileRef = 966D2D3C251CB22A00911B4C /* bg_36.png */; };
		966D2DAC251CB22F00911B4C /* bg_22.png in Resources */ = {isa = PBXBuildFile; fileRef = 966D2D3D251CB22A00911B4C /* bg_22.png */; };
		966D2DAD251CB22F00911B4C /* bg_99.png in Resources */ = {isa = PBXBuildFile; fileRef = 966D2D3E251CB22A00911B4C /* bg_99.png */; };
		966D2DAE251CB22F00911B4C /* bg_83.png in Resources */ = {isa = PBXBuildFile; fileRef = 966D2D3F251CB22A00911B4C /* bg_83.png */; };
		966D2DAF251CB22F00911B4C /* bg_68.png in Resources */ = {isa = PBXBuildFile; fileRef = 966D2D40251CB22A00911B4C /* bg_68.png */; };
		966D2DB0251CB22F00911B4C /* bg_79.png in Resources */ = {isa = PBXBuildFile; fileRef = 966D2D41251CB22A00911B4C /* bg_79.png */; };
		966D2DB1251CB22F00911B4C /* bg_46.png in Resources */ = {isa = PBXBuildFile; fileRef = 966D2D42251CB22A00911B4C /* bg_46.png */; };
		966D2DB2251CB23000911B4C /* bg_71.png in Resources */ = {isa = PBXBuildFile; fileRef = 966D2D43251CB22A00911B4C /* bg_71.png */; };
		966D2DB3251CB23000911B4C /* bg_41.png in Resources */ = {isa = PBXBuildFile; fileRef = 966D2D44251CB22A00911B4C /* bg_41.png */; };
		966D2DB4251CB23000911B4C /* bg_11.png in Resources */ = {isa = PBXBuildFile; fileRef = 966D2D45251CB22B00911B4C /* bg_11.png */; };
		966D2DB5251CB23000911B4C /* bg_33.png in Resources */ = {isa = PBXBuildFile; fileRef = 966D2D46251CB22B00911B4C /* bg_33.png */; };
		966D2DB6251CB23000911B4C /* bg_16.png in Resources */ = {isa = PBXBuildFile; fileRef = 966D2D47251CB22B00911B4C /* bg_16.png */; };
		966D2DB7251CB23000911B4C /* bg_107.png in Resources */ = {isa = PBXBuildFile; fileRef = 966D2D48251CB22B00911B4C /* bg_107.png */; };
		966D2DB8251CB23000911B4C /* bg_100.png in Resources */ = {isa = PBXBuildFile; fileRef = 966D2D49251CB22B00911B4C /* bg_100.png */; };
		966D2DB9251CB23000911B4C /* bg_65.png in Resources */ = {isa = PBXBuildFile; fileRef = 966D2D4A251CB22B00911B4C /* bg_65.png */; };
		966D2DBA251CB23000911B4C /* bg_37.png in Resources */ = {isa = PBXBuildFile; fileRef = 966D2D4B251CB22B00911B4C /* bg_37.png */; };
		966D2DBB251CB23000911B4C /* bg_25.png in Resources */ = {isa = PBXBuildFile; fileRef = 966D2D4C251CB22B00911B4C /* bg_25.png */; };
		966D2DBC251CB23000911B4C /* bg_64.png in Resources */ = {isa = PBXBuildFile; fileRef = 966D2D4D251CB22B00911B4C /* bg_64.png */; };
		966D2DBD251CB23000911B4C /* bg_89.png in Resources */ = {isa = PBXBuildFile; fileRef = 966D2D4E251CB22B00911B4C /* bg_89.png */; };
		966D2DBE251CB23000911B4C /* bg_47.png in Resources */ = {isa = PBXBuildFile; fileRef = 966D2D4F251CB22C00911B4C /* bg_47.png */; };
		966D2DBF251CB23000911B4C /* bg_105.png in Resources */ = {isa = PBXBuildFile; fileRef = 966D2D50251CB22C00911B4C /* bg_105.png */; };
		966D2DC0251CB23000911B4C /* bg_51.png in Resources */ = {isa = PBXBuildFile; fileRef = 966D2D51251CB22C00911B4C /* bg_51.png */; };
		966D2DC1251CB23000911B4C /* bg_19.png in Resources */ = {isa = PBXBuildFile; fileRef = 966D2D52251CB22C00911B4C /* bg_19.png */; };
		966D2DC2251CB23000911B4C /* bg_74.png in Resources */ = {isa = PBXBuildFile; fileRef = 966D2D53251CB22C00911B4C /* bg_74.png */; };
		966D2DC3251CB23000911B4C /* bg_45.png in Resources */ = {isa = PBXBuildFile; fileRef = 966D2D54251CB22C00911B4C /* bg_45.png */; };
		966D2DC4251CB23000911B4C /* bg_69.png in Resources */ = {isa = PBXBuildFile; fileRef = 966D2D55251CB22C00911B4C /* bg_69.png */; };
		966D2DC5251CB23000911B4C /* bg_102.png in Resources */ = {isa = PBXBuildFile; fileRef = 966D2D56251CB22C00911B4C /* bg_102.png */; };
		966D2DC6251CB23000911B4C /* bg_28.png in Resources */ = {isa = PBXBuildFile; fileRef = 966D2D57251CB22C00911B4C /* bg_28.png */; };
		966D2DC7251CB23000911B4C /* bg_85.png in Resources */ = {isa = PBXBuildFile; fileRef = 966D2D58251CB22C00911B4C /* bg_85.png */; };
		966D2DC8251CB23000911B4C /* bg_75.png in Resources */ = {isa = PBXBuildFile; fileRef = 966D2D59251CB22C00911B4C /* bg_75.png */; };
		966D2DC9251CB23000911B4C /* bg_17.png in Resources */ = {isa = PBXBuildFile; fileRef = 966D2D5A251CB22C00911B4C /* bg_17.png */; };
		966D2DCA251CB23000911B4C /* bg_48.png in Resources */ = {isa = PBXBuildFile; fileRef = 966D2D5B251CB22D00911B4C /* bg_48.png */; };
		966D2DCB251CB23000911B4C /* bg_63.png in Resources */ = {isa = PBXBuildFile; fileRef = 966D2D5C251CB22D00911B4C /* bg_63.png */; };
		966D2DCC251CB23000911B4C /* bg_40.png in Resources */ = {isa = PBXBuildFile; fileRef = 966D2D5D251CB22D00911B4C /* bg_40.png */; };
		966D2DCD251CB23000911B4C /* bg_62.png in Resources */ = {isa = PBXBuildFile; fileRef = 966D2D5E251CB22D00911B4C /* bg_62.png */; };
		966D2DCE251CB23000911B4C /* bg_13.png in Resources */ = {isa = PBXBuildFile; fileRef = 966D2D5F251CB22D00911B4C /* bg_13.png */; };
		966D2DCF251CB23000911B4C /* bg_35.png in Resources */ = {isa = PBXBuildFile; fileRef = 966D2D60251CB22D00911B4C /* bg_35.png */; };
		966D2DD0251CB23000911B4C /* bg_39.png in Resources */ = {isa = PBXBuildFile; fileRef = 966D2D61251CB22D00911B4C /* bg_39.png */; };
		966D2DD1251CB23000911B4C /* bg_90.png in Resources */ = {isa = PBXBuildFile; fileRef = 966D2D62251CB22D00911B4C /* bg_90.png */; };
		966D2DD2251CB23000911B4C /* bg_94.png in Resources */ = {isa = PBXBuildFile; fileRef = 966D2D63251CB22D00911B4C /* bg_94.png */; };
		966D2DD3251CB23000911B4C /* bg_93.png in Resources */ = {isa = PBXBuildFile; fileRef = 966D2D64251CB22D00911B4C /* bg_93.png */; };
		966D2DD4251CB23000911B4C /* bg_26.png in Resources */ = {isa = PBXBuildFile; fileRef = 966D2D65251CB22E00911B4C /* bg_26.png */; };
		966D2DD5251CB23000911B4C /* bg_92.png in Resources */ = {isa = PBXBuildFile; fileRef = 966D2D66251CB22E00911B4C /* bg_92.png */; };
		966D2DD6251CB23000911B4C /* bg_77.png in Resources */ = {isa = PBXBuildFile; fileRef = 966D2D67251CB22E00911B4C /* bg_77.png */; };
		966D2DD7251CB23000911B4C /* bg_34.png in Resources */ = {isa = PBXBuildFile; fileRef = 966D2D68251CB22E00911B4C /* bg_34.png */; };
		966D2DD8251CB23000911B4C /* bg_20.png in Resources */ = {isa = PBXBuildFile; fileRef = 966D2D69251CB22E00911B4C /* bg_20.png */; };
		966D2DD9251CB23000911B4C /* bg_55.png in Resources */ = {isa = PBXBuildFile; fileRef = 966D2D6A251CB22E00911B4C /* bg_55.png */; };
		966D2DDA251CB23000911B4C /* bg_42.png in Resources */ = {isa = PBXBuildFile; fileRef = 966D2D6B251CB22E00911B4C /* bg_42.png */; };
		966D2DDB251CB23000911B4C /* bg_81.png in Resources */ = {isa = PBXBuildFile; fileRef = 966D2D6C251CB22E00911B4C /* bg_81.png */; };
		966D2DDC251CB23000911B4C /* bg_43.png in Resources */ = {isa = PBXBuildFile; fileRef = 966D2D6D251CB22E00911B4C /* bg_43.png */; };
		966D2DDD251CB23000911B4C /* bg_6.png in Resources */ = {isa = PBXBuildFile; fileRef = 966D2D6E251CB22E00911B4C /* bg_6.png */; };
		966D2DDE251CB23000911B4C /* bg_21.png in Resources */ = {isa = PBXBuildFile; fileRef = 966D2D6F251CB22E00911B4C /* bg_21.png */; };
		966D2DDF251CB23000911B4C /* bg_31.png in Resources */ = {isa = PBXBuildFile; fileRef = 966D2D70251CB22E00911B4C /* bg_31.png */; };
		966D2DE0251CB23000911B4C /* bg_59.png in Resources */ = {isa = PBXBuildFile; fileRef = 966D2D71251CB22F00911B4C /* bg_59.png */; };
		966D2DE1251CB23000911B4C /* bg_96.png in Resources */ = {isa = PBXBuildFile; fileRef = 966D2D72251CB22F00911B4C /* bg_96.png */; };
		966D2DE2251CB23000911B4C /* bg_27.png in Resources */ = {isa = PBXBuildFile; fileRef = 966D2D73251CB22F00911B4C /* bg_27.png */; };
		966D2DE3251CB23000911B4C /* bg_109.png in Resources */ = {isa = PBXBuildFile; fileRef = 966D2D74251CB22F00911B4C /* bg_109.png */; };
		966D2DE4251CB23000911B4C /* bg_58.png in Resources */ = {isa = PBXBuildFile; fileRef = 966D2D75251CB22F00911B4C /* bg_58.png */; };
		966D2DE5251CB23000911B4C /* bg_44.png in Resources */ = {isa = PBXBuildFile; fileRef = 966D2D76251CB22F00911B4C /* bg_44.png */; };
		966D2DE6251CB23000911B4C /* bg_2.png in Resources */ = {isa = PBXBuildFile; fileRef = 966D2D77251CB22F00911B4C /* bg_2.png */; };
		966D2DE7251CB23000911B4C /* bg_57.png in Resources */ = {isa = PBXBuildFile; fileRef = 966D2D78251CB22F00911B4C /* bg_57.png */; };
		966D2DE8251CB23000911B4C /* bg_7.png in Resources */ = {isa = PBXBuildFile; fileRef = 966D2D79251CB22F00911B4C /* bg_7.png */; };
		966D2DE9251CB23000911B4C /* bg_82.png in Resources */ = {isa = PBXBuildFile; fileRef = 966D2D7A251CB22F00911B4C /* bg_82.png */; };
		9698534424C6D52D0004167C /* GifCollectionViewCell.xib in Resources */ = {isa = PBXBuildFile; fileRef = 9698534324C6D52D0004167C /* GifCollectionViewCell.xib */; };
		96C9D47924C6C36100BB803D /* GifsStickersViewController.swift in Sources */ = {isa = PBXBuildFile; fileRef = 96C9D47824C6C36100BB803D /* GifsStickersViewController.swift */; };
		96C9D47B24C6C36700BB803D /* GifsStickersViewController.xib in Resources */ = {isa = PBXBuildFile; fileRef = 96C9D47A24C6C36700BB803D /* GifsStickersViewController.xib */; };
		96DC77DD253767FB00A589BE /* bg_114.png in Resources */ = {isa = PBXBuildFile; fileRef = 96DC77D9253767FA00A589BE /* bg_114.png */; };
		96DC77DE253767FB00A589BE /* bg_113.png in Resources */ = {isa = PBXBuildFile; fileRef = 96DC77DA253767FB00A589BE /* bg_113.png */; };
		96DC77DF253767FB00A589BE /* bg_115.png in Resources */ = {isa = PBXBuildFile; fileRef = 96DC77DB253767FB00A589BE /* bg_115.png */; };
		96DC77E0253767FB00A589BE /* bg_112.png in Resources */ = {isa = PBXBuildFile; fileRef = 96DC77DC253767FB00A589BE /* bg_112.png */; };
		96F9690424E177690081A0DB /* CustomTextField.swift in Sources */ = {isa = PBXBuildFile; fileRef = 96F9690324E177690081A0DB /* CustomTextField.swift */; };
/* End PBXBuildFile section */

/* Begin PBXFileReference section */
		056513081EF489B4009EA38F /* PhotoEditorViewController.swift */ = {isa = PBXFileReference; fileEncoding = 4; lastKnownFileType = sourcecode.swift; path = PhotoEditorViewController.swift; sourceTree = "<group>"; };
		0565130A1EF489B4009EA38F /* ColorCollectionViewCell.swift */ = {isa = PBXFileReference; fileEncoding = 4; lastKnownFileType = sourcecode.swift; path = ColorCollectionViewCell.swift; sourceTree = "<group>"; };
		0565130B1EF489B4009EA38F /* ColorsCollectionViewDelegate.swift */ = {isa = PBXFileReference; fileEncoding = 4; lastKnownFileType = sourcecode.swift; path = ColorsCollectionViewDelegate.swift; sourceTree = "<group>"; };
		0565130E1EF489B4009EA38F /* StickerCollectionViewCell.swift */ = {isa = PBXFileReference; fileEncoding = 4; lastKnownFileType = sourcecode.swift; path = StickerCollectionViewCell.swift; sourceTree = "<group>"; };
		0565130F1EF489B4009EA38F /* UIImage+Size.swift */ = {isa = PBXFileReference; fileEncoding = 4; lastKnownFileType = sourcecode.swift; path = "UIImage+Size.swift"; sourceTree = "<group>"; };
		056513101EF489B4009EA38F /* UIImageView+Alpha.swift */ = {isa = PBXFileReference; fileEncoding = 4; lastKnownFileType = sourcecode.swift; path = "UIImageView+Alpha.swift"; sourceTree = "<group>"; };
		056513111EF489B4009EA38F /* UIView+Image.swift */ = {isa = PBXFileReference; fileEncoding = 4; lastKnownFileType = sourcecode.swift; path = "UIView+Image.swift"; sourceTree = "<group>"; };
		056513121EF489B4009EA38F /* Protocols.swift */ = {isa = PBXFileReference; fileEncoding = 4; lastKnownFileType = sourcecode.swift; path = Protocols.swift; sourceTree = "<group>"; };
		056513131EF489B4009EA38F /* GradientView.swift */ = {isa = PBXFileReference; fileEncoding = 4; lastKnownFileType = sourcecode.swift; path = GradientView.swift; sourceTree = "<group>"; };
		056513141EF489B4009EA38F /* CropView.swift */ = {isa = PBXFileReference; fileEncoding = 4; lastKnownFileType = sourcecode.swift; path = CropView.swift; sourceTree = "<group>"; };
		056513151EF489B4009EA38F /* CropRectView.swift */ = {isa = PBXFileReference; fileEncoding = 4; lastKnownFileType = sourcecode.swift; path = CropRectView.swift; sourceTree = "<group>"; };
		056513161EF489B4009EA38F /* CropViewController.swift */ = {isa = PBXFileReference; fileEncoding = 4; lastKnownFileType = sourcecode.swift; path = CropViewController.swift; sourceTree = "<group>"; };
		056513171EF489B4009EA38F /* UIImage+Crop.swift */ = {isa = PBXFileReference; fileEncoding = 4; lastKnownFileType = sourcecode.swift; path = "UIImage+Crop.swift"; sourceTree = "<group>"; };
		056513181EF489B4009EA38F /* ResizeControl.swift */ = {isa = PBXFileReference; fileEncoding = 4; lastKnownFileType = sourcecode.swift; path = ResizeControl.swift; sourceTree = "<group>"; };
		0565132B1EF489C0009EA38F /* ColorCollectionViewCell.xib */ = {isa = PBXFileReference; fileEncoding = 4; lastKnownFileType = file.xib; path = ColorCollectionViewCell.xib; sourceTree = "<group>"; };
		0565132E1EF489C0009EA38F /* LaunchScreen.storyboard */ = {isa = PBXFileReference; fileEncoding = 4; lastKnownFileType = file.storyboard; path = LaunchScreen.storyboard; sourceTree = "<group>"; };
		0565132F1EF489C0009EA38F /* PhotoCropEditorBorder.png */ = {isa = PBXFileReference; lastKnownFileType = image.png; path = PhotoCropEditorBorder.png; sourceTree = "<group>"; };
		056513301EF489C0009EA38F /* PhotoCropEditorBorder@2x.png */ = {isa = PBXFileReference; lastKnownFileType = image.png; path = "PhotoCropEditorBorder@2x.png"; sourceTree = "<group>"; };
		056513311EF489C0009EA38F /* PhotoCropEditorBorder@3x.png */ = {isa = PBXFileReference; lastKnownFileType = image.png; path = "PhotoCropEditorBorder@3x.png"; sourceTree = "<group>"; };
		056513321EF489C0009EA38F /* StickerCollectionViewCell.xib */ = {isa = PBXFileReference; fileEncoding = 4; lastKnownFileType = file.xib; path = StickerCollectionViewCell.xib; sourceTree = "<group>"; };
		0565133E1EF489CD009EA38F /* PhotoEditor+Gestures.swift */ = {isa = PBXFileReference; fileEncoding = 4; lastKnownFileType = sourcecode.swift; path = "PhotoEditor+Gestures.swift"; sourceTree = "<group>"; };
		0565133F1EF489CD009EA38F /* PhotoEditor+Drawing.swift */ = {isa = PBXFileReference; fileEncoding = 4; lastKnownFileType = sourcecode.swift; path = "PhotoEditor+Drawing.swift"; sourceTree = "<group>"; };
		056513401EF489CD009EA38F /* PhotoEditor+Keyboard.swift */ = {isa = PBXFileReference; fileEncoding = 4; lastKnownFileType = sourcecode.swift; path = "PhotoEditor+Keyboard.swift"; sourceTree = "<group>"; };
		056513411EF489CD009EA38F /* PhotoEditor+StickersViewController.swift */ = {isa = PBXFileReference; fileEncoding = 4; lastKnownFileType = sourcecode.swift; path = "PhotoEditor+StickersViewController.swift"; sourceTree = "<group>"; };
		056513421EF489CD009EA38F /* PhotoEditor+UITextView.swift */ = {isa = PBXFileReference; fileEncoding = 4; lastKnownFileType = sourcecode.swift; path = "PhotoEditor+UITextView.swift"; sourceTree = "<group>"; };
		056513431EF489CD009EA38F /* PhotoEditor+Controls.swift */ = {isa = PBXFileReference; fileEncoding = 4; lastKnownFileType = sourcecode.swift; path = "PhotoEditor+Controls.swift"; sourceTree = "<group>"; };
		056513441EF489CD009EA38F /* PhotoEditor+Crop.swift */ = {isa = PBXFileReference; fileEncoding = 4; lastKnownFileType = sourcecode.swift; path = "PhotoEditor+Crop.swift"; sourceTree = "<group>"; };
		056513451EF489CD009EA38F /* PhotoEditor+Font.swift */ = {isa = PBXFileReference; fileEncoding = 4; lastKnownFileType = sourcecode.swift; path = "PhotoEditor+Font.swift"; sourceTree = "<group>"; };
		059EA7191EACB8790072C0FE /* Photo Editor.app */ = {isa = PBXFileReference; explicitFileType = wrapper.application; includeInIndex = 0; path = "Photo Editor.app"; sourceTree = BUILT_PRODUCTS_DIR; };
		059EA71C1EACB8790072C0FE /* AppDelegate.swift */ = {isa = PBXFileReference; lastKnownFileType = sourcecode.swift; path = AppDelegate.swift; sourceTree = "<group>"; };
		059EA7231EACB8790072C0FE /* Assets.xcassets */ = {isa = PBXFileReference; lastKnownFileType = folder.assetcatalog; path = Assets.xcassets; sourceTree = "<group>"; };
		059EA7261EACB8790072C0FE /* Base */ = {isa = PBXFileReference; lastKnownFileType = file.storyboard; name = Base; path = Base.lproj/LaunchScreen.storyboard; sourceTree = "<group>"; };
		059EA7281EACB8790072C0FE /* Info.plist */ = {isa = PBXFileReference; lastKnownFileType = text.plist.xml; path = Info.plist; sourceTree = "<group>"; };
		960ED6AE24DBCC7F002D3B85 /* default_bg.png */ = {isa = PBXFileReference; lastKnownFileType = image.png; path = default_bg.png; sourceTree = "<group>"; };
		960ED6AF24DBCC7F002D3B85 /* icon_thumb.png */ = {isa = PBXFileReference; lastKnownFileType = image.png; path = icon_thumb.png; sourceTree = "<group>"; };
		960ED6B024DBCC7F002D3B85 /* icon_thumb@2x.png */ = {isa = PBXFileReference; lastKnownFileType = image.png; path = "icon_thumb@2x.png"; sourceTree = "<group>"; };
		960ED6B324DBCC7F002D3B85 /* icon_thumb@3x.png */ = {isa = PBXFileReference; lastKnownFileType = image.png; path = "icon_thumb@3x.png"; sourceTree = "<group>"; };
		9611043224E2695B0021D4D7 /* ExpressionPreview.swift */ = {isa = PBXFileReference; fileEncoding = 4; lastKnownFileType = sourcecode.swift; path = ExpressionPreview.swift; sourceTree = "<group>"; };
		9611052824E2D0070021D4D7 /* BowlbyOneSC-Regular.ttf */ = {isa = PBXFileReference; lastKnownFileType = file; path = "BowlbyOneSC-Regular.ttf"; sourceTree = "<group>"; };
		9611052924E2D0070021D4D7 /* ZillaSlabHighlight-Bold.ttf */ = {isa = PBXFileReference; lastKnownFileType = file; path = "ZillaSlabHighlight-Bold.ttf"; sourceTree = "<group>"; };
		963AE9B124C6D1EC0043F791 /* GifCollectionViewCell.swift */ = {isa = PBXFileReference; fileEncoding = 4; lastKnownFileType = sourcecode.swift; path = GifCollectionViewCell.swift; sourceTree = "<group>"; };
		964F1C2424C5B3F900F96C62 /* PhotoEditorViewController.xib */ = {isa = PBXFileReference; fileEncoding = 4; lastKnownFileType = file.xib; path = PhotoEditorViewController.xib; sourceTree = "<group>"; };
		964F1C6C24C5E3AB00F96C62 /* BackgroundViewController.xib */ = {isa = PBXFileReference; fileEncoding = 4; lastKnownFileType = file.xib; path = BackgroundViewController.xib; sourceTree = "<group>"; };
		964F1C6D24C5E3AB00F96C62 /* PhotoEditor+BackgroundViewController.swift */ = {isa = PBXFileReference; fileEncoding = 4; lastKnownFileType = sourcecode.swift; path = "PhotoEditor+BackgroundViewController.swift"; sourceTree = "<group>"; };
		964F1C6E24C5E3AB00F96C62 /* BackgroundViewController.swift */ = {isa = PBXFileReference; fileEncoding = 4; lastKnownFileType = sourcecode.swift; path = BackgroundViewController.swift; sourceTree = "<group>"; };
		964F1C6F24C5E3AB00F96C62 /* ImageCollectionViewDelegate.swift */ = {isa = PBXFileReference; fileEncoding = 4; lastKnownFileType = sourcecode.swift; path = ImageCollectionViewDelegate.swift; sourceTree = "<group>"; };
		964F1C7024C5E3AB00F96C62 /* Extensions.swift */ = {isa = PBXFileReference; fileEncoding = 4; lastKnownFileType = sourcecode.swift; path = Extensions.swift; sourceTree = "<group>"; };
		964F1C7124C5E3AB00F96C62 /* ImageCollectionViewCell.swift */ = {isa = PBXFileReference; fileEncoding = 4; lastKnownFileType = sourcecode.swift; path = ImageCollectionViewCell.swift; sourceTree = "<group>"; };
		964F1C7224C5E3AB00F96C62 /* ImageCollectionViewCell.xib */ = {isa = PBXFileReference; fileEncoding = 4; lastKnownFileType = file.xib; path = ImageCollectionViewCell.xib; sourceTree = "<group>"; };
		965AC65E2512005F0053B06D /* ShadowsIntoLight.ttf */ = {isa = PBXFileReference; lastKnownFileType = file; path = ShadowsIntoLight.ttf; sourceTree = "<group>"; };
		96618BA424D99E8600128708 /* Nunito-ExtraBold.ttf */ = {isa = PBXFileReference; lastKnownFileType = file; path = "Nunito-ExtraBold.ttf"; sourceTree = "<group>"; };
		96618BBF24D9A31100128708 /* icon_sticker.png */ = {isa = PBXFileReference; lastKnownFileType = image.png; path = icon_sticker.png; sourceTree = "<group>"; };
		96618BC024D9A31100128708 /* icon_sticker@2x.png */ = {isa = PBXFileReference; lastKnownFileType = image.png; path = "icon_sticker@2x.png"; sourceTree = "<group>"; };
		96618BC124D9A31100128708 /* icon_text@3x.png */ = {isa = PBXFileReference; lastKnownFileType = image.png; path = "icon_text@3x.png"; sourceTree = "<group>"; };
		96618BC224D9A31100128708 /* icon_canvas@3x.png */ = {isa = PBXFileReference; lastKnownFileType = image.png; path = "icon_canvas@3x.png"; sourceTree = "<group>"; };
		96618BC324D9A31100128708 /* icon_sticker@3x.png */ = {isa = PBXFileReference; lastKnownFileType = image.png; path = "icon_sticker@3x.png"; sourceTree = "<group>"; };
		96618BC424D9A31100128708 /* icon_back@3x.png */ = {isa = PBXFileReference; lastKnownFileType = image.png; path = "icon_back@3x.png"; sourceTree = "<group>"; };
		96618BC524D9A31100128708 /* icon_canvas.png */ = {isa = PBXFileReference; lastKnownFileType = image.png; path = icon_canvas.png; sourceTree = "<group>"; };
		96618BC624D9A31100128708 /* icon_text@2x.png */ = {isa = PBXFileReference; lastKnownFileType = image.png; path = "icon_text@2x.png"; sourceTree = "<group>"; };
		96618BC724D9A31100128708 /* icon_back.png */ = {isa = PBXFileReference; lastKnownFileType = image.png; path = icon_back.png; sourceTree = "<group>"; };
		96618BC824D9A31100128708 /* icon_back@2x.png */ = {isa = PBXFileReference; lastKnownFileType = image.png; path = "icon_back@2x.png"; sourceTree = "<group>"; };
		96618BC924D9A31200128708 /* icon_canvas@2x.png */ = {isa = PBXFileReference; lastKnownFileType = image.png; path = "icon_canvas@2x.png"; sourceTree = "<group>"; };
		96618BCA24D9A31200128708 /* icon_text.png */ = {isa = PBXFileReference; lastKnownFileType = image.png; path = icon_text.png; sourceTree = "<group>"; };
		96618BD924D9B5FF00128708 /* icon_delete.png */ = {isa = PBXFileReference; lastKnownFileType = image.png; path = icon_delete.png; sourceTree = "<group>"; };
		96618BDB24DA831800128708 /* Nunito-SemiBold.ttf */ = {isa = PBXFileReference; lastKnownFileType = file; path = "Nunito-SemiBold.ttf"; sourceTree = "<group>"; };
		96618BDC24DAAB0D00128708 /* Nunito-Black.ttf */ = {isa = PBXFileReference; lastKnownFileType = file; path = "Nunito-Black.ttf"; sourceTree = "<group>"; };
		966D2D0C251CB22500911B4C /* bg_72.png */ = {isa = PBXFileReference; lastKnownFileType = image.png; path = bg_72.png; sourceTree = "<group>"; };
		966D2D0D251CB22500911B4C /* bg_5.png */ = {isa = PBXFileReference; lastKnownFileType = image.png; path = bg_5.png; sourceTree = "<group>"; };
		966D2D0E251CB22500911B4C /* bg_88.png */ = {isa = PBXFileReference; lastKnownFileType = image.png; path = bg_88.png; sourceTree = "<group>"; };
		966D2D0F251CB22500911B4C /* bg_101.png */ = {isa = PBXFileReference; lastKnownFileType = image.png; path = bg_101.png; sourceTree = "<group>"; };
		966D2D10251CB22500911B4C /* bg_54.png */ = {isa = PBXFileReference; lastKnownFileType = image.png; path = bg_54.png; sourceTree = "<group>"; };
		966D2D11251CB22500911B4C /* bg_15.png */ = {isa = PBXFileReference; lastKnownFileType = image.png; path = bg_15.png; sourceTree = "<group>"; };
		966D2D12251CB22500911B4C /* bg_14.png */ = {isa = PBXFileReference; lastKnownFileType = image.png; path = bg_14.png; sourceTree = "<group>"; };
		966D2D13251CB22500911B4C /* bg_108.png */ = {isa = PBXFileReference; lastKnownFileType = image.png; path = bg_108.png; sourceTree = "<group>"; };
		966D2D14251CB22600911B4C /* bg_10.png */ = {isa = PBXFileReference; lastKnownFileType = image.png; path = bg_10.png; sourceTree = "<group>"; };
		966D2D15251CB22600911B4C /* bg_110.png */ = {isa = PBXFileReference; lastKnownFileType = image.png; path = bg_110.png; sourceTree = "<group>"; };
		966D2D16251CB22600911B4C /* bg_32.png */ = {isa = PBXFileReference; lastKnownFileType = image.png; path = bg_32.png; sourceTree = "<group>"; };
		966D2D17251CB22600911B4C /* bg_12.png */ = {isa = PBXFileReference; lastKnownFileType = image.png; path = bg_12.png; sourceTree = "<group>"; };
		966D2D18251CB22600911B4C /* bg_104.png */ = {isa = PBXFileReference; lastKnownFileType = image.png; path = bg_104.png; sourceTree = "<group>"; };
		966D2D19251CB22600911B4C /* bg_1.png */ = {isa = PBXFileReference; lastKnownFileType = image.png; path = bg_1.png; sourceTree = "<group>"; };
		966D2D1A251CB22600911B4C /* bg_56.png */ = {isa = PBXFileReference; lastKnownFileType = image.png; path = bg_56.png; sourceTree = "<group>"; };
		966D2D1B251CB22600911B4C /* bg_24.png */ = {isa = PBXFileReference; lastKnownFileType = image.png; path = bg_24.png; sourceTree = "<group>"; };
		966D2D1C251CB22600911B4C /* bg_95.png */ = {isa = PBXFileReference; lastKnownFileType = image.png; path = bg_95.png; sourceTree = "<group>"; };
		966D2D1D251CB22700911B4C /* bg_60.png */ = {isa = PBXFileReference; lastKnownFileType = image.png; path = bg_60.png; sourceTree = "<group>"; };
		966D2D1E251CB22700911B4C /* bg_84.png */ = {isa = PBXFileReference; lastKnownFileType = image.png; path = bg_84.png; sourceTree = "<group>"; };
		966D2D1F251CB22700911B4C /* bg_29.png */ = {isa = PBXFileReference; lastKnownFileType = image.png; path = bg_29.png; sourceTree = "<group>"; };
		966D2D20251CB22700911B4C /* bg_103.png */ = {isa = PBXFileReference; lastKnownFileType = image.png; path = bg_103.png; sourceTree = "<group>"; };
		966D2D21251CB22700911B4C /* bg_61.png */ = {isa = PBXFileReference; lastKnownFileType = image.png; path = bg_61.png; sourceTree = "<group>"; };
		966D2D22251CB22700911B4C /* bg_18.png */ = {isa = PBXFileReference; lastKnownFileType = image.png; path = bg_18.png; sourceTree = "<group>"; };
		966D2D23251CB22700911B4C /* bg_4.png */ = {isa = PBXFileReference; lastKnownFileType = image.png; path = bg_4.png; sourceTree = "<group>"; };
		966D2D24251CB22700911B4C /* bg_23.png */ = {isa = PBXFileReference; lastKnownFileType = image.png; path = bg_23.png; sourceTree = "<group>"; };
		966D2D25251CB22700911B4C /* bg_76.png */ = {isa = PBXFileReference; lastKnownFileType = image.png; path = bg_76.png; sourceTree = "<group>"; };
		966D2D26251CB22800911B4C /* bg_9.png */ = {isa = PBXFileReference; lastKnownFileType = image.png; path = bg_9.png; sourceTree = "<group>"; };
		966D2D27251CB22800911B4C /* bg_50.png */ = {isa = PBXFileReference; lastKnownFileType = image.png; path = bg_50.png; sourceTree = "<group>"; };
		966D2D28251CB22800911B4C /* bg_111.png */ = {isa = PBXFileReference; lastKnownFileType = image.png; path = bg_111.png; sourceTree = "<group>"; };
		966D2D29251CB22800911B4C /* bg_38.png */ = {isa = PBXFileReference; lastKnownFileType = image.png; path = bg_38.png; sourceTree = "<group>"; };
		966D2D2A251CB22800911B4C /* bg_73.png */ = {isa = PBXFileReference; lastKnownFileType = image.png; path = bg_73.png; sourceTree = "<group>"; };
		966D2D2B251CB22800911B4C /* bg_91.png */ = {isa = PBXFileReference; lastKnownFileType = image.png; path = bg_91.png; sourceTree = "<group>"; };
		966D2D2C251CB22800911B4C /* bg_52.png */ = {isa = PBXFileReference; lastKnownFileType = image.png; path = bg_52.png; sourceTree = "<group>"; };
		966D2D2D251CB22800911B4C /* bg_98.png */ = {isa = PBXFileReference; lastKnownFileType = image.png; path = bg_98.png; sourceTree = "<group>"; };
		966D2D2E251CB22800911B4C /* bg_86.png */ = {isa = PBXFileReference; lastKnownFileType = image.png; path = bg_86.png; sourceTree = "<group>"; };
		966D2D2F251CB22900911B4C /* bg_3.png */ = {isa = PBXFileReference; lastKnownFileType = image.png; path = bg_3.png; sourceTree = "<group>"; };
		966D2D30251CB22900911B4C /* bg_80.png */ = {isa = PBXFileReference; lastKnownFileType = image.png; path = bg_80.png; sourceTree = "<group>"; };
		966D2D31251CB22900911B4C /* bg_30.png */ = {isa = PBXFileReference; lastKnownFileType = image.png; path = bg_30.png; sourceTree = "<group>"; };
		966D2D32251CB22900911B4C /* bg_66.png */ = {isa = PBXFileReference; lastKnownFileType = image.png; path = bg_66.png; sourceTree = "<group>"; };
		966D2D33251CB22900911B4C /* bg_106.png */ = {isa = PBXFileReference; lastKnownFileType = image.png; path = bg_106.png; sourceTree = "<group>"; };
		966D2D34251CB22900911B4C /* bg_49.png */ = {isa = PBXFileReference; lastKnownFileType = image.png; path = bg_49.png; sourceTree = "<group>"; };
		966D2D35251CB22900911B4C /* bg_78.png */ = {isa = PBXFileReference; lastKnownFileType = image.png; path = bg_78.png; sourceTree = "<group>"; };
		966D2D36251CB22900911B4C /* bg_8.png */ = {isa = PBXFileReference; lastKnownFileType = image.png; path = bg_8.png; sourceTree = "<group>"; };
		966D2D37251CB22900911B4C /* bg_70.png */ = {isa = PBXFileReference; lastKnownFileType = image.png; path = bg_70.png; sourceTree = "<group>"; };
		966D2D38251CB22900911B4C /* bg_87.png */ = {isa = PBXFileReference; lastKnownFileType = image.png; path = bg_87.png; sourceTree = "<group>"; };
		966D2D39251CB22900911B4C /* bg_97.png */ = {isa = PBXFileReference; lastKnownFileType = image.png; path = bg_97.png; sourceTree = "<group>"; };
		966D2D3A251CB22A00911B4C /* bg_53.png */ = {isa = PBXFileReference; lastKnownFileType = image.png; path = bg_53.png; sourceTree = "<group>"; };
		966D2D3B251CB22A00911B4C /* bg_67.png */ = {isa = PBXFileReference; lastKnownFileType = image.png; path = bg_67.png; sourceTree = "<group>"; };
		966D2D3C251CB22A00911B4C /* bg_36.png */ = {isa = PBXFileReference; lastKnownFileType = image.png; path = bg_36.png; sourceTree = "<group>"; };
		966D2D3D251CB22A00911B4C /* bg_22.png */ = {isa = PBXFileReference; lastKnownFileType = image.png; path = bg_22.png; sourceTree = "<group>"; };
		966D2D3E251CB22A00911B4C /* bg_99.png */ = {isa = PBXFileReference; lastKnownFileType = image.png; path = bg_99.png; sourceTree = "<group>"; };
		966D2D3F251CB22A00911B4C /* bg_83.png */ = {isa = PBXFileReference; lastKnownFileType = image.png; path = bg_83.png; sourceTree = "<group>"; };
		966D2D40251CB22A00911B4C /* bg_68.png */ = {isa = PBXFileReference; lastKnownFileType = image.png; path = bg_68.png; sourceTree = "<group>"; };
		966D2D41251CB22A00911B4C /* bg_79.png */ = {isa = PBXFileReference; lastKnownFileType = image.png; path = bg_79.png; sourceTree = "<group>"; };
		966D2D42251CB22A00911B4C /* bg_46.png */ = {isa = PBXFileReference; lastKnownFileType = image.png; path = bg_46.png; sourceTree = "<group>"; };
		966D2D43251CB22A00911B4C /* bg_71.png */ = {isa = PBXFileReference; lastKnownFileType = image.png; path = bg_71.png; sourceTree = "<group>"; };
		966D2D44251CB22A00911B4C /* bg_41.png */ = {isa = PBXFileReference; lastKnownFileType = image.png; path = bg_41.png; sourceTree = "<group>"; };
		966D2D45251CB22B00911B4C /* bg_11.png */ = {isa = PBXFileReference; lastKnownFileType = image.png; path = bg_11.png; sourceTree = "<group>"; };
		966D2D46251CB22B00911B4C /* bg_33.png */ = {isa = PBXFileReference; lastKnownFileType = image.png; path = bg_33.png; sourceTree = "<group>"; };
		966D2D47251CB22B00911B4C /* bg_16.png */ = {isa = PBXFileReference; lastKnownFileType = image.png; path = bg_16.png; sourceTree = "<group>"; };
		966D2D48251CB22B00911B4C /* bg_107.png */ = {isa = PBXFileReference; lastKnownFileType = image.png; path = bg_107.png; sourceTree = "<group>"; };
		966D2D49251CB22B00911B4C /* bg_100.png */ = {isa = PBXFileReference; lastKnownFileType = image.png; path = bg_100.png; sourceTree = "<group>"; };
		966D2D4A251CB22B00911B4C /* bg_65.png */ = {isa = PBXFileReference; lastKnownFileType = image.png; path = bg_65.png; sourceTree = "<group>"; };
		966D2D4B251CB22B00911B4C /* bg_37.png */ = {isa = PBXFileReference; lastKnownFileType = image.png; path = bg_37.png; sourceTree = "<group>"; };
		966D2D4C251CB22B00911B4C /* bg_25.png */ = {isa = PBXFileReference; lastKnownFileType = image.png; path = bg_25.png; sourceTree = "<group>"; };
		966D2D4D251CB22B00911B4C /* bg_64.png */ = {isa = PBXFileReference; lastKnownFileType = image.png; path = bg_64.png; sourceTree = "<group>"; };
		966D2D4E251CB22B00911B4C /* bg_89.png */ = {isa = PBXFileReference; lastKnownFileType = image.png; path = bg_89.png; sourceTree = "<group>"; };
		966D2D4F251CB22C00911B4C /* bg_47.png */ = {isa = PBXFileReference; lastKnownFileType = image.png; path = bg_47.png; sourceTree = "<group>"; };
		966D2D50251CB22C00911B4C /* bg_105.png */ = {isa = PBXFileReference; lastKnownFileType = image.png; path = bg_105.png; sourceTree = "<group>"; };
		966D2D51251CB22C00911B4C /* bg_51.png */ = {isa = PBXFileReference; lastKnownFileType = image.png; path = bg_51.png; sourceTree = "<group>"; };
		966D2D52251CB22C00911B4C /* bg_19.png */ = {isa = PBXFileReference; lastKnownFileType = image.png; path = bg_19.png; sourceTree = "<group>"; };
		966D2D53251CB22C00911B4C /* bg_74.png */ = {isa = PBXFileReference; lastKnownFileType = image.png; path = bg_74.png; sourceTree = "<group>"; };
		966D2D54251CB22C00911B4C /* bg_45.png */ = {isa = PBXFileReference; lastKnownFileType = image.png; path = bg_45.png; sourceTree = "<group>"; };
		966D2D55251CB22C00911B4C /* bg_69.png */ = {isa = PBXFileReference; lastKnownFileType = image.png; path = bg_69.png; sourceTree = "<group>"; };
		966D2D56251CB22C00911B4C /* bg_102.png */ = {isa = PBXFileReference; lastKnownFileType = image.png; path = bg_102.png; sourceTree = "<group>"; };
		966D2D57251CB22C00911B4C /* bg_28.png */ = {isa = PBXFileReference; lastKnownFileType = image.png; path = bg_28.png; sourceTree = "<group>"; };
		966D2D58251CB22C00911B4C /* bg_85.png */ = {isa = PBXFileReference; lastKnownFileType = image.png; path = bg_85.png; sourceTree = "<group>"; };
		966D2D59251CB22C00911B4C /* bg_75.png */ = {isa = PBXFileReference; lastKnownFileType = image.png; path = bg_75.png; sourceTree = "<group>"; };
		966D2D5A251CB22C00911B4C /* bg_17.png */ = {isa = PBXFileReference; lastKnownFileType = image.png; path = bg_17.png; sourceTree = "<group>"; };
		966D2D5B251CB22D00911B4C /* bg_48.png */ = {isa = PBXFileReference; lastKnownFileType = image.png; path = bg_48.png; sourceTree = "<group>"; };
		966D2D5C251CB22D00911B4C /* bg_63.png */ = {isa = PBXFileReference; lastKnownFileType = image.png; path = bg_63.png; sourceTree = "<group>"; };
		966D2D5D251CB22D00911B4C /* bg_40.png */ = {isa = PBXFileReference; lastKnownFileType = image.png; path = bg_40.png; sourceTree = "<group>"; };
		966D2D5E251CB22D00911B4C /* bg_62.png */ = {isa = PBXFileReference; lastKnownFileType = image.png; path = bg_62.png; sourceTree = "<group>"; };
		966D2D5F251CB22D00911B4C /* bg_13.png */ = {isa = PBXFileReference; lastKnownFileType = image.png; path = bg_13.png; sourceTree = "<group>"; };
		966D2D60251CB22D00911B4C /* bg_35.png */ = {isa = PBXFileReference; lastKnownFileType = image.png; path = bg_35.png; sourceTree = "<group>"; };
		966D2D61251CB22D00911B4C /* bg_39.png */ = {isa = PBXFileReference; lastKnownFileType = image.png; path = bg_39.png; sourceTree = "<group>"; };
		966D2D62251CB22D00911B4C /* bg_90.png */ = {isa = PBXFileReference; lastKnownFileType = image.png; path = bg_90.png; sourceTree = "<group>"; };
		966D2D63251CB22D00911B4C /* bg_94.png */ = {isa = PBXFileReference; lastKnownFileType = image.png; path = bg_94.png; sourceTree = "<group>"; };
		966D2D64251CB22D00911B4C /* bg_93.png */ = {isa = PBXFileReference; lastKnownFileType = image.png; path = bg_93.png; sourceTree = "<group>"; };
		966D2D65251CB22E00911B4C /* bg_26.png */ = {isa = PBXFileReference; lastKnownFileType = image.png; path = bg_26.png; sourceTree = "<group>"; };
		966D2D66251CB22E00911B4C /* bg_92.png */ = {isa = PBXFileReference; lastKnownFileType = image.png; path = bg_92.png; sourceTree = "<group>"; };
		966D2D67251CB22E00911B4C /* bg_77.png */ = {isa = PBXFileReference; lastKnownFileType = image.png; path = bg_77.png; sourceTree = "<group>"; };
		966D2D68251CB22E00911B4C /* bg_34.png */ = {isa = PBXFileReference; lastKnownFileType = image.png; path = bg_34.png; sourceTree = "<group>"; };
		966D2D69251CB22E00911B4C /* bg_20.png */ = {isa = PBXFileReference; lastKnownFileType = image.png; path = bg_20.png; sourceTree = "<group>"; };
		966D2D6A251CB22E00911B4C /* bg_55.png */ = {isa = PBXFileReference; lastKnownFileType = image.png; path = bg_55.png; sourceTree = "<group>"; };
		966D2D6B251CB22E00911B4C /* bg_42.png */ = {isa = PBXFileReference; lastKnownFileType = image.png; path = bg_42.png; sourceTree = "<group>"; };
		966D2D6C251CB22E00911B4C /* bg_81.png */ = {isa = PBXFileReference; lastKnownFileType = image.png; path = bg_81.png; sourceTree = "<group>"; };
		966D2D6D251CB22E00911B4C /* bg_43.png */ = {isa = PBXFileReference; lastKnownFileType = image.png; path = bg_43.png; sourceTree = "<group>"; };
		966D2D6E251CB22E00911B4C /* bg_6.png */ = {isa = PBXFileReference; lastKnownFileType = image.png; path = bg_6.png; sourceTree = "<group>"; };
		966D2D6F251CB22E00911B4C /* bg_21.png */ = {isa = PBXFileReference; lastKnownFileType = image.png; path = bg_21.png; sourceTree = "<group>"; };
		966D2D70251CB22E00911B4C /* bg_31.png */ = {isa = PBXFileReference; lastKnownFileType = image.png; path = bg_31.png; sourceTree = "<group>"; };
		966D2D71251CB22F00911B4C /* bg_59.png */ = {isa = PBXFileReference; lastKnownFileType = image.png; path = bg_59.png; sourceTree = "<group>"; };
		966D2D72251CB22F00911B4C /* bg_96.png */ = {isa = PBXFileReference; lastKnownFileType = image.png; path = bg_96.png; sourceTree = "<group>"; };
		966D2D73251CB22F00911B4C /* bg_27.png */ = {isa = PBXFileReference; lastKnownFileType = image.png; path = bg_27.png; sourceTree = "<group>"; };
		966D2D74251CB22F00911B4C /* bg_109.png */ = {isa = PBXFileReference; lastKnownFileType = image.png; path = bg_109.png; sourceTree = "<group>"; };
		966D2D75251CB22F00911B4C /* bg_58.png */ = {isa = PBXFileReference; lastKnownFileType = image.png; path = bg_58.png; sourceTree = "<group>"; };
		966D2D76251CB22F00911B4C /* bg_44.png */ = {isa = PBXFileReference; lastKnownFileType = image.png; path = bg_44.png; sourceTree = "<group>"; };
		966D2D77251CB22F00911B4C /* bg_2.png */ = {isa = PBXFileReference; lastKnownFileType = image.png; path = bg_2.png; sourceTree = "<group>"; };
		966D2D78251CB22F00911B4C /* bg_57.png */ = {isa = PBXFileReference; lastKnownFileType = image.png; path = bg_57.png; sourceTree = "<group>"; };
		966D2D79251CB22F00911B4C /* bg_7.png */ = {isa = PBXFileReference; lastKnownFileType = image.png; path = bg_7.png; sourceTree = "<group>"; };
		966D2D7A251CB22F00911B4C /* bg_82.png */ = {isa = PBXFileReference; lastKnownFileType = image.png; path = bg_82.png; sourceTree = "<group>"; };
		9698534324C6D52D0004167C /* GifCollectionViewCell.xib */ = {isa = PBXFileReference; fileEncoding = 4; lastKnownFileType = file.xib; path = GifCollectionViewCell.xib; sourceTree = "<group>"; };
		96C9D47824C6C36100BB803D /* GifsStickersViewController.swift */ = {isa = PBXFileReference; fileEncoding = 4; lastKnownFileType = sourcecode.swift; path = GifsStickersViewController.swift; sourceTree = "<group>"; };
		96C9D47A24C6C36700BB803D /* GifsStickersViewController.xib */ = {isa = PBXFileReference; fileEncoding = 4; lastKnownFileType = file.xib; path = GifsStickersViewController.xib; sourceTree = "<group>"; };
		96DC77D9253767FA00A589BE /* bg_114.png */ = {isa = PBXFileReference; lastKnownFileType = image.png; path = bg_114.png; sourceTree = "<group>"; };
		96DC77DA253767FB00A589BE /* bg_113.png */ = {isa = PBXFileReference; lastKnownFileType = image.png; path = bg_113.png; sourceTree = "<group>"; };
		96DC77DB253767FB00A589BE /* bg_115.png */ = {isa = PBXFileReference; lastKnownFileType = image.png; path = bg_115.png; sourceTree = "<group>"; };
		96DC77DC253767FB00A589BE /* bg_112.png */ = {isa = PBXFileReference; lastKnownFileType = image.png; path = bg_112.png; sourceTree = "<group>"; };
		96F9690324E177690081A0DB /* CustomTextField.swift */ = {isa = PBXFileReference; fileEncoding = 4; lastKnownFileType = sourcecode.swift; path = CustomTextField.swift; sourceTree = "<group>"; };
/* End PBXFileReference section */

/* Begin PBXFrameworksBuildPhase section */
		059EA7161EACB8790072C0FE /* Frameworks */ = {
			isa = PBXFrameworksBuildPhase;
			buildActionMask = 2147483647;
			files = (
			);
			runOnlyForDeploymentPostprocessing = 0;
		};
/* End PBXFrameworksBuildPhase section */

/* Begin PBXGroup section */
		059EA7101EACB8780072C0FE = {
			isa = PBXGroup;
			children = (
				059EA71B1EACB8790072C0FE /* Photo Editor */,
				059EA71A1EACB8790072C0FE /* Products */,
			);
			sourceTree = "<group>";
		};
		059EA71A1EACB8790072C0FE /* Products */ = {
			isa = PBXGroup;
			children = (
				059EA7191EACB8790072C0FE /* Photo Editor.app */,
			);
			name = Products;
			sourceTree = "<group>";
		};
		059EA71B1EACB8790072C0FE /* Photo Editor */ = {
			isa = PBXGroup;
			children = (
				056513081EF489B4009EA38F /* PhotoEditorViewController.swift */,
				0565130A1EF489B4009EA38F /* ColorCollectionViewCell.swift */,
				0565130B1EF489B4009EA38F /* ColorsCollectionViewDelegate.swift */,
				0565130E1EF489B4009EA38F /* StickerCollectionViewCell.swift */,
				964F1C6E24C5E3AB00F96C62 /* BackgroundViewController.swift */,
				964F1C6C24C5E3AB00F96C62 /* BackgroundViewController.xib */,
				963AE9B124C6D1EC0043F791 /* GifCollectionViewCell.swift */,
				964F1C7024C5E3AB00F96C62 /* Extensions.swift */,
				964F1C7124C5E3AB00F96C62 /* ImageCollectionViewCell.swift */,
				9698534324C6D52D0004167C /* GifCollectionViewCell.xib */,
				964F1C7224C5E3AB00F96C62 /* ImageCollectionViewCell.xib */,
				96F9690324E177690081A0DB /* CustomTextField.swift */,
				9611043224E2695B0021D4D7 /* ExpressionPreview.swift */,
				9611052824E2D0070021D4D7 /* BowlbyOneSC-Regular.ttf */,
				9611052924E2D0070021D4D7 /* ZillaSlabHighlight-Bold.ttf */,
				960ED6AE24DBCC7F002D3B85 /* default_bg.png */,
				960ED6AF24DBCC7F002D3B85 /* icon_thumb.png */,
				966D2D19251CB22600911B4C /* bg_1.png */,
				966D2D77251CB22F00911B4C /* bg_2.png */,
				966D2D2F251CB22900911B4C /* bg_3.png */,
				966D2D23251CB22700911B4C /* bg_4.png */,
				966D2D0D251CB22500911B4C /* bg_5.png */,
				966D2D6E251CB22E00911B4C /* bg_6.png */,
				966D2D79251CB22F00911B4C /* bg_7.png */,
				966D2D36251CB22900911B4C /* bg_8.png */,
				966D2D26251CB22800911B4C /* bg_9.png */,
				966D2D14251CB22600911B4C /* bg_10.png */,
				966D2D45251CB22B00911B4C /* bg_11.png */,
				966D2D17251CB22600911B4C /* bg_12.png */,
				966D2D5F251CB22D00911B4C /* bg_13.png */,
				966D2D12251CB22500911B4C /* bg_14.png */,
				966D2D11251CB22500911B4C /* bg_15.png */,
				966D2D47251CB22B00911B4C /* bg_16.png */,
				966D2D5A251CB22C00911B4C /* bg_17.png */,
				966D2D22251CB22700911B4C /* bg_18.png */,
				966D2D52251CB22C00911B4C /* bg_19.png */,
				966D2D69251CB22E00911B4C /* bg_20.png */,
				966D2D6F251CB22E00911B4C /* bg_21.png */,
				966D2D3D251CB22A00911B4C /* bg_22.png */,
				966D2D24251CB22700911B4C /* bg_23.png */,
				966D2D1B251CB22600911B4C /* bg_24.png */,
				966D2D4C251CB22B00911B4C /* bg_25.png */,
				966D2D65251CB22E00911B4C /* bg_26.png */,
				966D2D73251CB22F00911B4C /* bg_27.png */,
				966D2D57251CB22C00911B4C /* bg_28.png */,
				966D2D1F251CB22700911B4C /* bg_29.png */,
				966D2D31251CB22900911B4C /* bg_30.png */,
				966D2D70251CB22E00911B4C /* bg_31.png */,
				966D2D16251CB22600911B4C /* bg_32.png */,
				966D2D46251CB22B00911B4C /* bg_33.png */,
				966D2D68251CB22E00911B4C /* bg_34.png */,
				966D2D60251CB22D00911B4C /* bg_35.png */,
				966D2D3C251CB22A00911B4C /* bg_36.png */,
				966D2D4B251CB22B00911B4C /* bg_37.png */,
				966D2D29251CB22800911B4C /* bg_38.png */,
				966D2D61251CB22D00911B4C /* bg_39.png */,
				966D2D5D251CB22D00911B4C /* bg_40.png */,
				966D2D44251CB22A00911B4C /* bg_41.png */,
				966D2D6B251CB22E00911B4C /* bg_42.png */,
				966D2D6D251CB22E00911B4C /* bg_43.png */,
				966D2D76251CB22F00911B4C /* bg_44.png */,
				966D2D54251CB22C00911B4C /* bg_45.png */,
				966D2D42251CB22A00911B4C /* bg_46.png */,
				966D2D4F251CB22C00911B4C /* bg_47.png */,
				966D2D5B251CB22D00911B4C /* bg_48.png */,
				966D2D34251CB22900911B4C /* bg_49.png */,
				966D2D27251CB22800911B4C /* bg_50.png */,
				966D2D51251CB22C00911B4C /* bg_51.png */,
				966D2D2C251CB22800911B4C /* bg_52.png */,
				966D2D3A251CB22A00911B4C /* bg_53.png */,
				966D2D10251CB22500911B4C /* bg_54.png */,
				966D2D6A251CB22E00911B4C /* bg_55.png */,
				966D2D1A251CB22600911B4C /* bg_56.png */,
				966D2D78251CB22F00911B4C /* bg_57.png */,
				966D2D75251CB22F00911B4C /* bg_58.png */,
				966D2D71251CB22F00911B4C /* bg_59.png */,
				966D2D1D251CB22700911B4C /* bg_60.png */,
				966D2D21251CB22700911B4C /* bg_61.png */,
				966D2D5E251CB22D00911B4C /* bg_62.png */,
				966D2D5C251CB22D00911B4C /* bg_63.png */,
				966D2D4D251CB22B00911B4C /* bg_64.png */,
				966D2D4A251CB22B00911B4C /* bg_65.png */,
				966D2D32251CB22900911B4C /* bg_66.png */,
				966D2D3B251CB22A00911B4C /* bg_67.png */,
				966D2D40251CB22A00911B4C /* bg_68.png */,
				966D2D55251CB22C00911B4C /* bg_69.png */,
				966D2D37251CB22900911B4C /* bg_70.png */,
				966D2D43251CB22A00911B4C /* bg_71.png */,
				966D2D0C251CB22500911B4C /* bg_72.png */,
				966D2D2A251CB22800911B4C /* bg_73.png */,
				966D2D53251CB22C00911B4C /* bg_74.png */,
				966D2D59251CB22C00911B4C /* bg_75.png */,
				966D2D25251CB22700911B4C /* bg_76.png */,
				966D2D67251CB22E00911B4C /* bg_77.png */,
				966D2D35251CB22900911B4C /* bg_78.png */,
				966D2D41251CB22A00911B4C /* bg_79.png */,
				966D2D30251CB22900911B4C /* bg_80.png */,
				966D2D6C251CB22E00911B4C /* bg_81.png */,
				966D2D7A251CB22F00911B4C /* bg_82.png */,
				966D2D3F251CB22A00911B4C /* bg_83.png */,
				966D2D1E251CB22700911B4C /* bg_84.png */,
				966D2D58251CB22C00911B4C /* bg_85.png */,
				966D2D2E251CB22800911B4C /* bg_86.png */,
				966D2D38251CB22900911B4C /* bg_87.png */,
				966D2D0E251CB22500911B4C /* bg_88.png */,
				966D2D4E251CB22B00911B4C /* bg_89.png */,
				966D2D62251CB22D00911B4C /* bg_90.png */,
				966D2D2B251CB22800911B4C /* bg_91.png */,
				966D2D66251CB22E00911B4C /* bg_92.png */,
				966D2D64251CB22D00911B4C /* bg_93.png */,
				966D2D63251CB22D00911B4C /* bg_94.png */,
				966D2D1C251CB22600911B4C /* bg_95.png */,
				966D2D72251CB22F00911B4C /* bg_96.png */,
				966D2D39251CB22900911B4C /* bg_97.png */,
				966D2D2D251CB22800911B4C /* bg_98.png */,
				966D2D3E251CB22A00911B4C /* bg_99.png */,
				966D2D49251CB22B00911B4C /* bg_100.png */,
				966D2D0F251CB22500911B4C /* bg_101.png */,
				966D2D56251CB22C00911B4C /* bg_102.png */,
				966D2D20251CB22700911B4C /* bg_103.png */,
				966D2D18251CB22600911B4C /* bg_104.png */,
				966D2D50251CB22C00911B4C /* bg_105.png */,
				966D2D33251CB22900911B4C /* bg_106.png */,
				966D2D48251CB22B00911B4C /* bg_107.png */,
				966D2D13251CB22500911B4C /* bg_108.png */,
				966D2D74251CB22F00911B4C /* bg_109.png */,
				966D2D15251CB22600911B4C /* bg_110.png */,
				966D2D28251CB22800911B4C /* bg_111.png */,
				96DC77DC253767FB00A589BE /* bg_112.png */,
				96DC77DA253767FB00A589BE /* bg_113.png */,
				96DC77D9253767FA00A589BE /* bg_114.png */,
				96DC77DB253767FB00A589BE /* bg_115.png */,
				960ED6B024DBCC7F002D3B85 /* icon_thumb@2x.png */,
				965AC65E2512005F0053B06D /* ShadowsIntoLight.ttf */,
				960ED6B324DBCC7F002D3B85 /* icon_thumb@3x.png */,
				964F1C6F24C5E3AB00F96C62 /* ImageCollectionViewDelegate.swift */,
				964F1C6D24C5E3AB00F96C62 /* PhotoEditor+BackgroundViewController.swift */,
				0565130F1EF489B4009EA38F /* UIImage+Size.swift */,
				056513101EF489B4009EA38F /* UIImageView+Alpha.swift */,
				96C9D47824C6C36100BB803D /* GifsStickersViewController.swift */,
				056513111EF489B4009EA38F /* UIView+Image.swift */,
				056513121EF489B4009EA38F /* Protocols.swift */,
				96618BDC24DAAB0D00128708 /* Nunito-Black.ttf */,
				056513131EF489B4009EA38F /* GradientView.swift */,
				056513141EF489B4009EA38F /* CropView.swift */,
				96C9D47A24C6C36700BB803D /* GifsStickersViewController.xib */,
				056513151EF489B4009EA38F /* CropRectView.swift */,
				96618BA424D99E8600128708 /* Nunito-ExtraBold.ttf */,
				056513161EF489B4009EA38F /* CropViewController.swift */,
				056513171EF489B4009EA38F /* UIImage+Crop.swift */,
				056513181EF489B4009EA38F /* ResizeControl.swift */,
				059EA71C1EACB8790072C0FE /* AppDelegate.swift */,
				96618BD924D9B5FF00128708 /* icon_delete.png */,
				96618BC724D9A31100128708 /* icon_back.png */,
				96618BC824D9A31100128708 /* icon_back@2x.png */,
				96618BC424D9A31100128708 /* icon_back@3x.png */,
				96618BC524D9A31100128708 /* icon_canvas.png */,
				96618BC924D9A31200128708 /* icon_canvas@2x.png */,
				96618BC224D9A31100128708 /* icon_canvas@3x.png */,
				96618BBF24D9A31100128708 /* icon_sticker.png */,
				96618BDB24DA831800128708 /* Nunito-SemiBold.ttf */,
				96618BC024D9A31100128708 /* icon_sticker@2x.png */,
				96618BC324D9A31100128708 /* icon_sticker@3x.png */,
				96618BCA24D9A31200128708 /* icon_text.png */,
				96618BC624D9A31100128708 /* icon_text@2x.png */,
				96618BC124D9A31100128708 /* icon_text@3x.png */,
				0565133E1EF489CD009EA38F /* PhotoEditor+Gestures.swift */,
				0565133F1EF489CD009EA38F /* PhotoEditor+Drawing.swift */,
				056513401EF489CD009EA38F /* PhotoEditor+Keyboard.swift */,
				056513411EF489CD009EA38F /* PhotoEditor+StickersViewController.swift */,
				056513421EF489CD009EA38F /* PhotoEditor+UITextView.swift */,
				056513431EF489CD009EA38F /* PhotoEditor+Controls.swift */,
				056513441EF489CD009EA38F /* PhotoEditor+Crop.swift */,
				056513451EF489CD009EA38F /* PhotoEditor+Font.swift */,
				0565132B1EF489C0009EA38F /* ColorCollectionViewCell.xib */,
				964F1C2424C5B3F900F96C62 /* PhotoEditorViewController.xib */,
				0565132E1EF489C0009EA38F /* LaunchScreen.storyboard */,
				0565132F1EF489C0009EA38F /* PhotoCropEditorBorder.png */,
				056513301EF489C0009EA38F /* PhotoCropEditorBorder@2x.png */,
				056513311EF489C0009EA38F /* PhotoCropEditorBorder@3x.png */,
				056513321EF489C0009EA38F /* StickerCollectionViewCell.xib */,
				059EA7231EACB8790072C0FE /* Assets.xcassets */,
				059EA7251EACB8790072C0FE /* LaunchScreen.storyboard */,
				059EA7281EACB8790072C0FE /* Info.plist */,
			);
			path = "Photo Editor";
			sourceTree = "<group>";
		};
/* End PBXGroup section */

/* Begin PBXNativeTarget section */
		059EA7181EACB8790072C0FE /* Photo Editor */ = {
			isa = PBXNativeTarget;
			buildConfigurationList = 059EA72B1EACB8790072C0FE /* Build configuration list for PBXNativeTarget "Photo Editor" */;
			buildPhases = (
				059EA7151EACB8790072C0FE /* Sources */,
				059EA7161EACB8790072C0FE /* Frameworks */,
				059EA7171EACB8790072C0FE /* Resources */,
			);
			buildRules = (
			);
			dependencies = (
			);
			name = "Photo Editor";
			productName = "Photo Editor";
			productReference = 059EA7191EACB8790072C0FE /* Photo Editor.app */;
			productType = "com.apple.product-type.application";
		};
/* End PBXNativeTarget section */

/* Begin PBXProject section */
		059EA7111EACB8780072C0FE /* Project object */ = {
			isa = PBXProject;
			attributes = {
				LastSwiftUpdateCheck = 0830;
				LastUpgradeCheck = 0830;
				ORGANIZATIONNAME = "Mohamed Hamed";
				TargetAttributes = {
					059EA7181EACB8790072C0FE = {
						CreatedOnToolsVersion = 8.3;
						DevelopmentTeam = B8BKM8368H;
						ProvisioningStyle = Automatic;
					};
				};
			};
			buildConfigurationList = 059EA7141EACB8780072C0FE /* Build configuration list for PBXProject "Photo Editor" */;
			compatibilityVersion = "Xcode 3.2";
			developmentRegion = English;
			hasScannedForEncodings = 0;
			knownRegions = (
				English,
				en,
				Base,
			);
			mainGroup = 059EA7101EACB8780072C0FE;
			productRefGroup = 059EA71A1EACB8790072C0FE /* Products */;
			projectDirPath = "";
			projectRoot = "";
			targets = (
				059EA7181EACB8790072C0FE /* Photo Editor */,
			);
		};
/* End PBXProject section */

/* Begin PBXResourcesBuildPhase section */
		059EA7171EACB8790072C0FE /* Resources */ = {
			isa = PBXResourcesBuildPhase;
			buildActionMask = 2147483647;
			files = (
				966D2D9A251CB22F00911B4C /* bg_91.png in Resources */,
				966D2DB3251CB23000911B4C /* bg_41.png in Resources */,
				966D2D8D251CB22F00911B4C /* bg_84.png in Resources */,
				966D2D93251CB22F00911B4C /* bg_23.png in Resources */,
				96618BBE24D99FD200128708 /* Nunito-ExtraBold.ttf in Resources */,
				960ED6B924DBCC7F002D3B85 /* icon_thumb@3x.png in Resources */,
				966D2D7C251CB22F00911B4C /* bg_5.png in Resources */,
				964F1C2524C5B3F900F96C62 /* PhotoEditorViewController.xib in Resources */,
				966D2DCF251CB23000911B4C /* bg_35.png in Resources */,
				966D2DE2251CB23000911B4C /* bg_27.png in Resources */,
				966D2DA4251CB22F00911B4C /* bg_78.png in Resources */,
				96DC77E0253767FB00A589BE /* bg_112.png in Resources */,
				966D2DC7251CB23000911B4C /* bg_85.png in Resources */,
				960ED6B424DBCC7F002D3B85 /* default_bg.png in Resources */,
				966D2D92251CB22F00911B4C /* bg_4.png in Resources */,
				966D2DDB251CB23000911B4C /* bg_81.png in Resources */,
				966D2DE3251CB23000911B4C /* bg_109.png in Resources */,
				966D2DB1251CB22F00911B4C /* bg_46.png in Resources */,
				966D2DA3251CB22F00911B4C /* bg_49.png in Resources */,
				966D2DE9251CB23000911B4C /* bg_82.png in Resources */,
				966D2DC3251CB23000911B4C /* bg_45.png in Resources */,
				966D2DE4251CB23000911B4C /* bg_58.png in Resources */,
				966D2DA7251CB22F00911B4C /* bg_87.png in Resources */,
				966D2DC4251CB23000911B4C /* bg_69.png in Resources */,
				966D2DAA251CB22F00911B4C /* bg_67.png in Resources */,
				964F1C7924C5E3AB00F96C62 /* ImageCollectionViewCell.xib in Resources */,
				966D2D7D251CB22F00911B4C /* bg_88.png in Resources */,
				966D2DB0251CB22F00911B4C /* bg_79.png in Resources */,
				966D2D9B251CB22F00911B4C /* bg_52.png in Resources */,
				966D2DB6251CB23000911B4C /* bg_16.png in Resources */,
				059EA7271EACB8790072C0FE /* LaunchScreen.storyboard in Resources */,
				966D2DC9251CB23000911B4C /* bg_17.png in Resources */,
				966D2DE5251CB23000911B4C /* bg_44.png in Resources */,
				966D2DB8251CB23000911B4C /* bg_100.png in Resources */,
				966D2DE8251CB23000911B4C /* bg_7.png in Resources */,
				966D2D91251CB22F00911B4C /* bg_18.png in Resources */,
				966D2DAF251CB22F00911B4C /* bg_68.png in Resources */,
				966D2D97251CB22F00911B4C /* bg_111.png in Resources */,
				96618BD424D9A31200128708 /* icon_back@2x.png in Resources */,
				966D2DD7251CB23000911B4C /* bg_34.png in Resources */,
				966D2DCD251CB23000911B4C /* bg_62.png in Resources */,
				966D2DA6251CB22F00911B4C /* bg_70.png in Resources */,
				966D2D7F251CB22F00911B4C /* bg_54.png in Resources */,
				966D2DC5251CB23000911B4C /* bg_102.png in Resources */,
				96618BDA24D9B60000128708 /* icon_delete.png in Resources */,
				966D2D88251CB22F00911B4C /* bg_1.png in Resources */,
				966D2DD1251CB23000911B4C /* bg_90.png in Resources */,
				966D2D81251CB22F00911B4C /* bg_14.png in Resources */,
				96618BD024D9A31200128708 /* icon_back@3x.png in Resources */,
				966D2DD2251CB23000911B4C /* bg_94.png in Resources */,
				966D2D96251CB22F00911B4C /* bg_50.png in Resources */,
				966D2D9C251CB22F00911B4C /* bg_98.png in Resources */,
				966D2D83251CB22F00911B4C /* bg_10.png in Resources */,
				96618BD124D9A31200128708 /* icon_canvas.png in Resources */,
				966D2DC1251CB23000911B4C /* bg_19.png in Resources */,
				96618BD524D9A31200128708 /* icon_canvas@2x.png in Resources */,
				966D2DE0251CB23000911B4C /* bg_59.png in Resources */,
				966D2D98251CB22F00911B4C /* bg_38.png in Resources */,
				966D2DA8251CB22F00911B4C /* bg_97.png in Resources */,
				96DC77DE253767FB00A589BE /* bg_113.png in Resources */,
				96618BCE24D9A31200128708 /* icon_canvas@3x.png in Resources */,
				966D2D8B251CB22F00911B4C /* bg_95.png in Resources */,
				966D2DAE251CB22F00911B4C /* bg_83.png in Resources */,
				966D2DCA251CB23000911B4C /* bg_48.png in Resources */,
				966D2DD9251CB23000911B4C /* bg_55.png in Resources */,
				96618BCB24D9A31200128708 /* icon_sticker.png in Resources */,
				966D2DC2251CB23000911B4C /* bg_74.png in Resources */,
				966D2DCE251CB23000911B4C /* bg_13.png in Resources */,
				96DC77DD253767FB00A589BE /* bg_114.png in Resources */,
				966D2DB9251CB23000911B4C /* bg_65.png in Resources */,
				966D2DAC251CB22F00911B4C /* bg_22.png in Resources */,
				966D2D7B251CB22F00911B4C /* bg_72.png in Resources */,
				966D2D99251CB22F00911B4C /* bg_73.png in Resources */,
				966D2D8C251CB22F00911B4C /* bg_60.png in Resources */,
				966D2D84251CB22F00911B4C /* bg_110.png in Resources */,
				966D2DBA251CB23000911B4C /* bg_37.png in Resources */,
				966D2DC6251CB23000911B4C /* bg_28.png in Resources */,
				966D2DCC251CB23000911B4C /* bg_40.png in Resources */,
				96DC77DF253767FB00A589BE /* bg_115.png in Resources */,
				966D2D9E251CB22F00911B4C /* bg_3.png in Resources */,
				966D2DDE251CB23000911B4C /* bg_21.png in Resources */,
				966D2D8E251CB22F00911B4C /* bg_29.png in Resources */,
				966D2DD8251CB23000911B4C /* bg_20.png in Resources */,
				966D2DDD251CB23000911B4C /* bg_6.png in Resources */,
				966D2DCB251CB23000911B4C /* bg_63.png in Resources */,
				0565133B1EF489C0009EA38F /* PhotoCropEditorBorder@3x.png in Resources */,
				966D2D80251CB22F00911B4C /* bg_15.png in Resources */,
				966D2D94251CB22F00911B4C /* bg_76.png in Resources */,
				966D2D7E251CB22F00911B4C /* bg_101.png in Resources */,
				966D2DD3251CB23000911B4C /* bg_93.png in Resources */,
				960ED6B524DBCC7F002D3B85 /* icon_thumb.png in Resources */,
				96618BCC24D9A31200128708 /* icon_sticker@2x.png in Resources */,
				96618BCF24D9A31200128708 /* icon_sticker@3x.png in Resources */,
				966D2D89251CB22F00911B4C /* bg_56.png in Resources */,
				966D2DE6251CB23000911B4C /* bg_2.png in Resources */,
				96C9D47B24C6C36700BB803D /* GifsStickersViewController.xib in Resources */,
				966D2DE1251CB23000911B4C /* bg_96.png in Resources */,
				966D2DDF251CB23000911B4C /* bg_31.png in Resources */,
				059EA7241EACB8790072C0FE /* Assets.xcassets in Resources */,
				966D2DDA251CB23000911B4C /* bg_42.png in Resources */,
				966D2D90251CB22F00911B4C /* bg_61.png in Resources */,
				966D2D86251CB22F00911B4C /* bg_12.png in Resources */,
				96618BD324D9A31200128708 /* icon_back.png in Resources */,
				96618BD224D9A31200128708 /* icon_text@2x.png in Resources */,
				96618BD624D9A31200128708 /* icon_text.png in Resources */,
				966D2DD0251CB23000911B4C /* bg_39.png in Resources */,
				966D2DBF251CB23000911B4C /* bg_105.png in Resources */,
				96618BCD24D9A31200128708 /* icon_text@3x.png in Resources */,
				056513351EF489C0009EA38F /* ColorCollectionViewCell.xib in Resources */,
				966D2DA5251CB22F00911B4C /* bg_8.png in Resources */,
				966D2DE7251CB23000911B4C /* bg_57.png in Resources */,
				966D2D85251CB22F00911B4C /* bg_32.png in Resources */,
				966D2DAB251CB22F00911B4C /* bg_36.png in Resources */,
				966D2DBE251CB23000911B4C /* bg_47.png in Resources */,
				966D2D8F251CB22F00911B4C /* bg_103.png in Resources */,
				966D2DBD251CB23000911B4C /* bg_89.png in Resources */,
				0565133A1EF489C0009EA38F /* PhotoCropEditorBorder@2x.png in Resources */,
				9698534424C6D52D0004167C /* GifCollectionViewCell.xib in Resources */,
				966D2DD4251CB23000911B4C /* bg_26.png in Resources */,
				966D2DBB251CB23000911B4C /* bg_25.png in Resources */,
				0565133C1EF489C0009EA38F /* StickerCollectionViewCell.xib in Resources */,
				966D2DB5251CB23000911B4C /* bg_33.png in Resources */,
				966D2DDC251CB23000911B4C /* bg_43.png in Resources */,
				966D2DB4251CB23000911B4C /* bg_11.png in Resources */,
				056513381EF489C0009EA38F /* LaunchScreen.storyboard in Resources */,
				964F1C7324C5E3AB00F96C62 /* BackgroundViewController.xib in Resources */,
				966D2DA0251CB22F00911B4C /* bg_30.png in Resources */,
				960ED6B624DBCC7F002D3B85 /* icon_thumb@2x.png in Resources */,
				966D2DD6251CB23000911B4C /* bg_77.png in Resources */,
				966D2D9D251CB22F00911B4C /* bg_86.png in Resources */,
				966D2D82251CB22F00911B4C /* bg_108.png in Resources */,
				966D2D95251CB22F00911B4C /* bg_9.png in Resources */,
				966D2DAD251CB22F00911B4C /* bg_99.png in Resources */,
				966D2DC0251CB23000911B4C /* bg_51.png in Resources */,
				966D2DA2251CB22F00911B4C /* bg_106.png in Resources */,
				966D2DA9251CB22F00911B4C /* bg_53.png in Resources */,
				966D2DBC251CB23000911B4C /* bg_64.png in Resources */,
				966D2DD5251CB23000911B4C /* bg_92.png in Resources */,
				966D2DB7251CB23000911B4C /* bg_107.png in Resources */,
				966D2DB2251CB23000911B4C /* bg_71.png in Resources */,
				966D2D9F251CB22F00911B4C /* bg_80.png in Resources */,
				966D2DA1251CB22F00911B4C /* bg_66.png in Resources */,
				966D2D87251CB22F00911B4C /* bg_104.png in Resources */,
				966D2DC8251CB23000911B4C /* bg_75.png in Resources */,
				966D2D8A251CB22F00911B4C /* bg_24.png in Resources */,
				056513391EF489C0009EA38F /* PhotoCropEditorBorder.png in Resources */,
			);
			runOnlyForDeploymentPostprocessing = 0;
		};
/* End PBXResourcesBuildPhase section */

/* Begin PBXSourcesBuildPhase section */
		059EA7151EACB8790072C0FE /* Sources */ = {
			isa = PBXSourcesBuildPhase;
			buildActionMask = 2147483647;
			files = (
				056513281EF489B4009EA38F /* UIImage+Crop.swift in Sources */,
				964F1C7424C5E3AB00F96C62 /* PhotoEditor+BackgroundViewController.swift in Sources */,
				056513221EF489B4009EA38F /* UIView+Image.swift in Sources */,
				056513461EF489CD009EA38F /* PhotoEditor+Gestures.swift in Sources */,
				9611043324E2695B0021D4D7 /* ExpressionPreview.swift in Sources */,
				056513201EF489B4009EA38F /* UIImage+Size.swift in Sources */,
				056513471EF489CD009EA38F /* PhotoEditor+Drawing.swift in Sources */,
				056513191EF489B4009EA38F /* PhotoEditorViewController.swift in Sources */,
				056513261EF489B4009EA38F /* CropRectView.swift in Sources */,
				056513231EF489B4009EA38F /* Protocols.swift in Sources */,
				0565134C1EF489CD009EA38F /* PhotoEditor+Crop.swift in Sources */,
				056513491EF489CD009EA38F /* PhotoEditor+StickersViewController.swift in Sources */,
				964F1C7524C5E3AB00F96C62 /* BackgroundViewController.swift in Sources */,
				056513271EF489B4009EA38F /* CropViewController.swift in Sources */,
				0565134D1EF489CD009EA38F /* PhotoEditor+Font.swift in Sources */,
				0565131C1EF489B4009EA38F /* ColorsCollectionViewDelegate.swift in Sources */,
				056513481EF489CD009EA38F /* PhotoEditor+Keyboard.swift in Sources */,
				964F1C7624C5E3AB00F96C62 /* ImageCollectionViewDelegate.swift in Sources */,
				963AE9B324C6D1EC0043F791 /* GifCollectionViewCell.swift in Sources */,
				96F9690424E177690081A0DB /* CustomTextField.swift in Sources */,
				0565131B1EF489B4009EA38F /* ColorCollectionViewCell.swift in Sources */,
				0565131F1EF489B4009EA38F /* StickerCollectionViewCell.swift in Sources */,
				964F1C7824C5E3AB00F96C62 /* ImageCollectionViewCell.swift in Sources */,
				96C9D47924C6C36100BB803D /* GifsStickersViewController.swift in Sources */,
				056513251EF489B4009EA38F /* CropView.swift in Sources */,
				0565134A1EF489CD009EA38F /* PhotoEditor+UITextView.swift in Sources */,
				056513241EF489B4009EA38F /* GradientView.swift in Sources */,
				964F1C7724C5E3AB00F96C62 /* Extensions.swift in Sources */,
				059EA71D1EACB8790072C0FE /* AppDelegate.swift in Sources */,
				0565134B1EF489CD009EA38F /* PhotoEditor+Controls.swift in Sources */,
				056513211EF489B4009EA38F /* UIImageView+Alpha.swift in Sources */,
				056513291EF489B4009EA38F /* ResizeControl.swift in Sources */,
			);
			runOnlyForDeploymentPostprocessing = 0;
		};
/* End PBXSourcesBuildPhase section */

/* Begin PBXVariantGroup section */
		059EA7251EACB8790072C0FE /* LaunchScreen.storyboard */ = {
			isa = PBXVariantGroup;
			children = (
				059EA7261EACB8790072C0FE /* Base */,
			);
			name = LaunchScreen.storyboard;
			sourceTree = "<group>";
		};
/* End PBXVariantGroup section */

/* Begin XCBuildConfiguration section */
		059EA7291EACB8790072C0FE /* Debug */ = {
			isa = XCBuildConfiguration;
			buildSettings = {
				ALWAYS_SEARCH_USER_PATHS = NO;
				CLANG_ANALYZER_NONNULL = YES;
				CLANG_ANALYZER_NUMBER_OBJECT_CONVERSION = YES_AGGRESSIVE;
				CLANG_CXX_LANGUAGE_STANDARD = "gnu++0x";
				CLANG_CXX_LIBRARY = "libc++";
				CLANG_ENABLE_MODULES = YES;
				CLANG_ENABLE_OBJC_ARC = YES;
				CLANG_WARN_BOOL_CONVERSION = YES;
				CLANG_WARN_CONSTANT_CONVERSION = YES;
				CLANG_WARN_DIRECT_OBJC_ISA_USAGE = YES_ERROR;
				CLANG_WARN_DOCUMENTATION_COMMENTS = YES;
				CLANG_WARN_EMPTY_BODY = YES;
				CLANG_WARN_ENUM_CONVERSION = YES;
				CLANG_WARN_INFINITE_RECURSION = YES;
				CLANG_WARN_INT_CONVERSION = YES;
				CLANG_WARN_OBJC_ROOT_CLASS = YES_ERROR;
				CLANG_WARN_SUSPICIOUS_MOVE = YES;
				CLANG_WARN_UNREACHABLE_CODE = YES;
				CLANG_WARN__DUPLICATE_METHOD_MATCH = YES;
				"CODE_SIGN_IDENTITY[sdk=iphoneos*]" = "iPhone Developer";
				COPY_PHASE_STRIP = NO;
				DEBUG_INFORMATION_FORMAT = dwarf;
				ENABLE_STRICT_OBJC_MSGSEND = YES;
				ENABLE_TESTABILITY = YES;
				GCC_C_LANGUAGE_STANDARD = gnu99;
				GCC_DYNAMIC_NO_PIC = NO;
				GCC_NO_COMMON_BLOCKS = YES;
				GCC_OPTIMIZATION_LEVEL = 0;
				GCC_PREPROCESSOR_DEFINITIONS = (
					"DEBUG=1",
					"$(inherited)",
				);
				GCC_WARN_64_TO_32_BIT_CONVERSION = YES;
				GCC_WARN_ABOUT_RETURN_TYPE = YES_ERROR;
				GCC_WARN_UNDECLARED_SELECTOR = YES;
				GCC_WARN_UNINITIALIZED_AUTOS = YES_AGGRESSIVE;
				GCC_WARN_UNUSED_FUNCTION = YES;
				GCC_WARN_UNUSED_VARIABLE = YES;
				IPHONEOS_DEPLOYMENT_TARGET = 10.3;
				MTL_ENABLE_DEBUG_INFO = YES;
				ONLY_ACTIVE_ARCH = YES;
				SDKROOT = iphoneos;
				SWIFT_ACTIVE_COMPILATION_CONDITIONS = DEBUG;
				SWIFT_OPTIMIZATION_LEVEL = "-Onone";
			};
			name = Debug;
		};
		059EA72A1EACB8790072C0FE /* Release */ = {
			isa = XCBuildConfiguration;
			buildSettings = {
				ALWAYS_SEARCH_USER_PATHS = NO;
				CLANG_ANALYZER_NONNULL = YES;
				CLANG_ANALYZER_NUMBER_OBJECT_CONVERSION = YES_AGGRESSIVE;
				CLANG_CXX_LANGUAGE_STANDARD = "gnu++0x";
				CLANG_CXX_LIBRARY = "libc++";
				CLANG_ENABLE_MODULES = YES;
				CLANG_ENABLE_OBJC_ARC = YES;
				CLANG_WARN_BOOL_CONVERSION = YES;
				CLANG_WARN_CONSTANT_CONVERSION = YES;
				CLANG_WARN_DIRECT_OBJC_ISA_USAGE = YES_ERROR;
				CLANG_WARN_DOCUMENTATION_COMMENTS = YES;
				CLANG_WARN_EMPTY_BODY = YES;
				CLANG_WARN_ENUM_CONVERSION = YES;
				CLANG_WARN_INFINITE_RECURSION = YES;
				CLANG_WARN_INT_CONVERSION = YES;
				CLANG_WARN_OBJC_ROOT_CLASS = YES_ERROR;
				CLANG_WARN_SUSPICIOUS_MOVE = YES;
				CLANG_WARN_UNREACHABLE_CODE = YES;
				CLANG_WARN__DUPLICATE_METHOD_MATCH = YES;
				"CODE_SIGN_IDENTITY[sdk=iphoneos*]" = "iPhone Developer";
				COPY_PHASE_STRIP = NO;
				DEBUG_INFORMATION_FORMAT = "dwarf-with-dsym";
				ENABLE_NS_ASSERTIONS = NO;
				ENABLE_STRICT_OBJC_MSGSEND = YES;
				GCC_C_LANGUAGE_STANDARD = gnu99;
				GCC_NO_COMMON_BLOCKS = YES;
				GCC_WARN_64_TO_32_BIT_CONVERSION = YES;
				GCC_WARN_ABOUT_RETURN_TYPE = YES_ERROR;
				GCC_WARN_UNDECLARED_SELECTOR = YES;
				GCC_WARN_UNINITIALIZED_AUTOS = YES_AGGRESSIVE;
				GCC_WARN_UNUSED_FUNCTION = YES;
				GCC_WARN_UNUSED_VARIABLE = YES;
				IPHONEOS_DEPLOYMENT_TARGET = 10.3;
				MTL_ENABLE_DEBUG_INFO = NO;
				SDKROOT = iphoneos;
				SWIFT_OPTIMIZATION_LEVEL = "-Owholemodule";
				VALIDATE_PRODUCT = YES;
			};
			name = Release;
		};
		059EA72C1EACB8790072C0FE /* Debug */ = {
			isa = XCBuildConfiguration;
			buildSettings = {
				ASSETCATALOG_COMPILER_APPICON_NAME = AppIcon;
				DEVELOPMENT_TEAM = B8BKM8368H;
				INFOPLIST_FILE = "Photo Editor/Info.plist";
				IPHONEOS_DEPLOYMENT_TARGET = 10.3;
				LD_RUNPATH_SEARCH_PATHS = "$(inherited) @executable_path/Frameworks";
				PRODUCT_BUNDLE_IDENTIFIER = "com.hamed.Photo-Editor";
				PRODUCT_NAME = "$(TARGET_NAME)";
				SWIFT_VERSION = 5.0;
			};
			name = Debug;
		};
		059EA72D1EACB8790072C0FE /* Release */ = {
			isa = XCBuildConfiguration;
			buildSettings = {
				ASSETCATALOG_COMPILER_APPICON_NAME = AppIcon;
				DEVELOPMENT_TEAM = B8BKM8368H;
				INFOPLIST_FILE = "Photo Editor/Info.plist";
				IPHONEOS_DEPLOYMENT_TARGET = 10.3;
				LD_RUNPATH_SEARCH_PATHS = "$(inherited) @executable_path/Frameworks";
				PRODUCT_BUNDLE_IDENTIFIER = "com.hamed.Photo-Editor";
				PRODUCT_NAME = "$(TARGET_NAME)";
				SWIFT_VERSION = 5.0;
			};
			name = Release;
		};
/* End XCBuildConfiguration section */

/* Begin XCConfigurationList section */
		059EA7141EACB8780072C0FE /* Build configuration list for PBXProject "Photo Editor" */ = {
			isa = XCConfigurationList;
			buildConfigurations = (
				059EA7291EACB8790072C0FE /* Debug */,
				059EA72A1EACB8790072C0FE /* Release */,
			);
			defaultConfigurationIsVisible = 0;
			defaultConfigurationName = Release;
		};
		059EA72B1EACB8790072C0FE /* Build configuration list for PBXNativeTarget "Photo Editor" */ = {
			isa = XCConfigurationList;
			buildConfigurations = (
				059EA72C1EACB8790072C0FE /* Debug */,
				059EA72D1EACB8790072C0FE /* Release */,
			);
			defaultConfigurationIsVisible = 0;
			defaultConfigurationName = Release;
		};
/* End XCConfigurationList section */
	};
	rootObject = 059EA7111EACB8780072C0FE /* Project object */;
}
