// !$*UTF8*$!
{
	archiveVersion = 1;
	classes = {
	};
	objectVersion = 46;
	objects = {

/* Begin PBXBuildFile section */
		056513191EF489B4009EA38F /* PhotoEditorViewController.swift in Sources */ = {isa = PBXBuildFile; fileRef = 056513081EF489B4009EA38F /* PhotoEditorViewController.swift */; };
		0565131B1EF489B4009EA38F /* ColorCollectionViewCell.swift in Sources */ = {isa = PBXBuildFile; fileRef = 0565130A1EF489B4009EA38F /* ColorCollectionViewCell.swift */; };
		0565131C1EF489B4009EA38F /* ColorsCollectionViewDelegate.swift in Sources */ = {isa = PBXBuildFile; fileRef = 0565130B1EF489B4009EA38F /* ColorsCollectionViewDelegate.swift */; };
		0565131F1EF489B4009EA38F /* StickerCollectionViewCell.swift in Sources */ = {isa = PBXBuildFile; fileRef = 0565130E1EF489B4009EA38F /* StickerCollectionViewCell.swift */; };
		056513201EF489B4009EA38F /* UIImage+Size.swift in Sources */ = {isa = PBXBuildFile; fileRef = 0565130F1EF489B4009EA38F /* UIImage+Size.swift */; };
		056513211EF489B4009EA38F /* UIImageView+Alpha.swift in Sources */ = {isa = PBXBuildFile; fileRef = 056513101EF489B4009EA38F /* UIImageView+Alpha.swift */; };
		056513221EF489B4009EA38F /* UIView+Image.swift in Sources */ = {isa = PBXBuildFile; fileRef = 056513111EF489B4009EA38F /* UIView+Image.swift */; };
		056513231EF489B4009EA38F /* Protocols.swift in Sources */ = {isa = PBXBuildFile; fileRef = 056513121EF489B4009EA38F /* Protocols.swift */; };
		056513241EF489B4009EA38F /* GradientView.swift in Sources */ = {isa = PBXBuildFile; fileRef = 056513131EF489B4009EA38F /* GradientView.swift */; };
		056513251EF489B4009EA38F /* CropView.swift in Sources */ = {isa = PBXBuildFile; fileRef = 056513141EF489B4009EA38F /* CropView.swift */; };
		056513261EF489B4009EA38F /* CropRectView.swift in Sources */ = {isa = PBXBuildFile; fileRef = 056513151EF489B4009EA38F /* CropRectView.swift */; };
		056513271EF489B4009EA38F /* CropViewController.swift in Sources */ = {isa = PBXBuildFile; fileRef = 056513161EF489B4009EA38F /* CropViewController.swift */; };
		056513281EF489B4009EA38F /* UIImage+Crop.swift in Sources */ = {isa = PBXBuildFile; fileRef = 056513171EF489B4009EA38F /* UIImage+Crop.swift */; };
		056513291EF489B4009EA38F /* ResizeControl.swift in Sources */ = {isa = PBXBuildFile; fileRef = 056513181EF489B4009EA38F /* ResizeControl.swift */; };
		056513351EF489C0009EA38F /* ColorCollectionViewCell.xib in Resources */ = {isa = PBXBuildFile; fileRef = 0565132B1EF489C0009EA38F /* ColorCollectionViewCell.xib */; };
		056513381EF489C0009EA38F /* LaunchScreen.storyboard in Resources */ = {isa = PBXBuildFile; fileRef = 0565132E1EF489C0009EA38F /* LaunchScreen.storyboard */; };
		056513391EF489C0009EA38F /* PhotoCropEditorBorder.png in Resources */ = {isa = PBXBuildFile; fileRef = 0565132F1EF489C0009EA38F /* PhotoCropEditorBorder.png */; };
		0565133A1EF489C0009EA38F /* PhotoCropEditorBorder@2x.png in Resources */ = {isa = PBXBuildFile; fileRef = 056513301EF489C0009EA38F /* PhotoCropEditorBorder@2x.png */; };
		0565133B1EF489C0009EA38F /* PhotoCropEditorBorder@3x.png in Resources */ = {isa = PBXBuildFile; fileRef = 056513311EF489C0009EA38F /* PhotoCropEditorBorder@3x.png */; };
		0565133C1EF489C0009EA38F /* StickerCollectionViewCell.xib in Resources */ = {isa = PBXBuildFile; fileRef = 056513321EF489C0009EA38F /* StickerCollectionViewCell.xib */; };
		056513461EF489CD009EA38F /* PhotoEditor+Gestures.swift in Sources */ = {isa = PBXBuildFile; fileRef = 0565133E1EF489CD009EA38F /* PhotoEditor+Gestures.swift */; };
		056513471EF489CD009EA38F /* PhotoEditor+Drawing.swift in Sources */ = {isa = PBXBuildFile; fileRef = 0565133F1EF489CD009EA38F /* PhotoEditor+Drawing.swift */; };
		056513481EF489CD009EA38F /* PhotoEditor+Keyboard.swift in Sources */ = {isa = PBXBuildFile; fileRef = 056513401EF489CD009EA38F /* PhotoEditor+Keyboard.swift */; };
		056513491EF489CD009EA38F /* PhotoEditor+StickersViewController.swift in Sources */ = {isa = PBXBuildFile; fileRef = 056513411EF489CD009EA38F /* PhotoEditor+StickersViewController.swift */; };
		0565134A1EF489CD009EA38F /* PhotoEditor+UITextView.swift in Sources */ = {isa = PBXBuildFile; fileRef = 056513421EF489CD009EA38F /* PhotoEditor+UITextView.swift */; };
		0565134B1EF489CD009EA38F /* PhotoEditor+Controls.swift in Sources */ = {isa = PBXBuildFile; fileRef = 056513431EF489CD009EA38F /* PhotoEditor+Controls.swift */; };
		0565134C1EF489CD009EA38F /* PhotoEditor+Crop.swift in Sources */ = {isa = PBXBuildFile; fileRef = 056513441EF489CD009EA38F /* PhotoEditor+Crop.swift */; };
		0565134D1EF489CD009EA38F /* PhotoEditor+Font.swift in Sources */ = {isa = PBXBuildFile; fileRef = 056513451EF489CD009EA38F /* PhotoEditor+Font.swift */; };
		059EA71D1EACB8790072C0FE /* AppDelegate.swift in Sources */ = {isa = PBXBuildFile; fileRef = 059EA71C1EACB8790072C0FE /* AppDelegate.swift */; };
		059EA7241EACB8790072C0FE /* Assets.xcassets in Resources */ = {isa = PBXBuildFile; fileRef = 059EA7231EACB8790072C0FE /* Assets.xcassets */; };
		059EA7271EACB8790072C0FE /* LaunchScreen.storyboard in Resources */ = {isa = PBXBuildFile; fileRef = 059EA7251EACB8790072C0FE /* LaunchScreen.storyboard */; };
		960ED6B424DBCC7F002D3B85 /* default_bg.png in Resources */ = {isa = PBXBuildFile; fileRef = 960ED6AE24DBCC7F002D3B85 /* default_bg.png */; };
		960ED6B524DBCC7F002D3B85 /* icon_thumb.png in Resources */ = {isa = PBXBuildFile; fileRef = 960ED6AF24DBCC7F002D3B85 /* icon_thumb.png */; };
		960ED6B624DBCC7F002D3B85 /* icon_thumb@2x.png in Resources */ = {isa = PBXBuildFile; fileRef = 960ED6B024DBCC7F002D3B85 /* icon_thumb@2x.png */; };
		960ED6B924DBCC7F002D3B85 /* icon_thumb@3x.png in Resources */ = {isa = PBXBuildFile; fileRef = 960ED6B324DBCC7F002D3B85 /* icon_thumb@3x.png */; };
		9611043324E2695B0021D4D7 /* ExpressionPreview.swift in Sources */ = {isa = PBXBuildFile; fileRef = 9611043224E2695B0021D4D7 /* ExpressionPreview.swift */; };
		962E3732251B3A4B00F9E834 /* bg_67.png in Resources */ = {isa = PBXBuildFile; fileRef = 962E36E3251B3A4800F9E834 /* bg_67.png */; };
		962E3733251B3A4B00F9E834 /* bg_54.png in Resources */ = {isa = PBXBuildFile; fileRef = 962E36E4251B3A4800F9E834 /* bg_54.png */; };
		962E3734251B3A4B00F9E834 /* bg_55.png in Resources */ = {isa = PBXBuildFile; fileRef = 962E36E5251B3A4800F9E834 /* bg_55.png */; };
		962E3735251B3A4B00F9E834 /* bg_6.png in Resources */ = {isa = PBXBuildFile; fileRef = 962E36E6251B3A4800F9E834 /* bg_6.png */; };
		962E3736251B3A4B00F9E834 /* bg_17.png in Resources */ = {isa = PBXBuildFile; fileRef = 962E36E7251B3A4800F9E834 /* bg_17.png */; };
		962E3737251B3A4B00F9E834 /* bg_57.png in Resources */ = {isa = PBXBuildFile; fileRef = 962E36E8251B3A4900F9E834 /* bg_57.png */; };
		962E3738251B3A4B00F9E834 /* bg_65.png in Resources */ = {isa = PBXBuildFile; fileRef = 962E36E9251B3A4900F9E834 /* bg_65.png */; };
		962E3739251B3A4B00F9E834 /* bg_48.png in Resources */ = {isa = PBXBuildFile; fileRef = 962E36EA251B3A4900F9E834 /* bg_48.png */; };
		962E373A251B3A4B00F9E834 /* bg_63.png in Resources */ = {isa = PBXBuildFile; fileRef = 962E36EB251B3A4900F9E834 /* bg_63.png */; };
		962E373B251B3A4B00F9E834 /* bg_7.png in Resources */ = {isa = PBXBuildFile; fileRef = 962E36EC251B3A4900F9E834 /* bg_7.png */; };
		962E373C251B3A4B00F9E834 /* bg_43.png in Resources */ = {isa = PBXBuildFile; fileRef = 962E36ED251B3A4900F9E834 /* bg_43.png */; };
		962E373D251B3A4B00F9E834 /* bg_60.png in Resources */ = {isa = PBXBuildFile; fileRef = 962E36EE251B3A4900F9E834 /* bg_60.png */; };
		962E373E251B3A4B00F9E834 /* bg_79.png in Resources */ = {isa = PBXBuildFile; fileRef = 962E36EF251B3A4900F9E834 /* bg_79.png */; };
		962E373F251B3A4B00F9E834 /* bg_10.png in Resources */ = {isa = PBXBuildFile; fileRef = 962E36F0251B3A4900F9E834 /* bg_10.png */; };
		962E3740251B3A4B00F9E834 /* bg_34.png in Resources */ = {isa = PBXBuildFile; fileRef = 962E36F1251B3A4900F9E834 /* bg_34.png */; };
		962E3741251B3A4B00F9E834 /* bg_41.png in Resources */ = {isa = PBXBuildFile; fileRef = 962E36F2251B3A4900F9E834 /* bg_41.png */; };
		962E3742251B3A4B00F9E834 /* bg_33.png in Resources */ = {isa = PBXBuildFile; fileRef = 962E36F3251B3A4900F9E834 /* bg_33.png */; };
		962E3743251B3A4B00F9E834 /* bg_12.png in Resources */ = {isa = PBXBuildFile; fileRef = 962E36F4251B3A4900F9E834 /* bg_12.png */; };
		962E3744251B3A4B00F9E834 /* bg_68.png in Resources */ = {isa = PBXBuildFile; fileRef = 962E36F5251B3A4900F9E834 /* bg_68.png */; };
		962E3745251B3A4B00F9E834 /* bg_70.png in Resources */ = {isa = PBXBuildFile; fileRef = 962E36F6251B3A4900F9E834 /* bg_70.png */; };
		962E3746251B3A4B00F9E834 /* bg_47.png in Resources */ = {isa = PBXBuildFile; fileRef = 962E36F7251B3A4900F9E834 /* bg_47.png */; };
		962E3747251B3A4B00F9E834 /* bg_58.png in Resources */ = {isa = PBXBuildFile; fileRef = 962E36F8251B3A4900F9E834 /* bg_58.png */; };
		962E3748251B3A4B00F9E834 /* bg_77.png in Resources */ = {isa = PBXBuildFile; fileRef = 962E36F9251B3A4900F9E834 /* bg_77.png */; };
		962E3749251B3A4B00F9E834 /* bg_69.png in Resources */ = {isa = PBXBuildFile; fileRef = 962E36FA251B3A4900F9E834 /* bg_69.png */; };
		962E374A251B3A4B00F9E834 /* bg_61.png in Resources */ = {isa = PBXBuildFile; fileRef = 962E36FB251B3A4900F9E834 /* bg_61.png */; };
		962E374B251B3A4B00F9E834 /* bg_75.png in Resources */ = {isa = PBXBuildFile; fileRef = 962E36FC251B3A4900F9E834 /* bg_75.png */; };
		962E374C251B3A4B00F9E834 /* bg_19.png in Resources */ = {isa = PBXBuildFile; fileRef = 962E36FD251B3A4900F9E834 /* bg_19.png */; };
		962E374D251B3A4B00F9E834 /* bg_4.png in Resources */ = {isa = PBXBuildFile; fileRef = 962E36FE251B3A4900F9E834 /* bg_4.png */; };
		962E374E251B3A4B00F9E834 /* bg_22.png in Resources */ = {isa = PBXBuildFile; fileRef = 962E36FF251B3A4900F9E834 /* bg_22.png */; };
		962E374F251B3A4B00F9E834 /* bg_78.png in Resources */ = {isa = PBXBuildFile; fileRef = 962E3700251B3A4900F9E834 /* bg_78.png */; };
		962E3750251B3A4B00F9E834 /* bg_11.png in Resources */ = {isa = PBXBuildFile; fileRef = 962E3701251B3A4900F9E834 /* bg_11.png */; };
		962E3751251B3A4B00F9E834 /* bg_50.png in Resources */ = {isa = PBXBuildFile; fileRef = 962E3702251B3A4900F9E834 /* bg_50.png */; };
		962E3752251B3A4B00F9E834 /* bg_20.png in Resources */ = {isa = PBXBuildFile; fileRef = 962E3703251B3A4900F9E834 /* bg_20.png */; };
		962E3753251B3A4B00F9E834 /* bg_35.png in Resources */ = {isa = PBXBuildFile; fileRef = 962E3704251B3A4A00F9E834 /* bg_35.png */; };
		962E3754251B3A4B00F9E834 /* bg_9.png in Resources */ = {isa = PBXBuildFile; fileRef = 962E3705251B3A4A00F9E834 /* bg_9.png */; };
		962E3755251B3A4B00F9E834 /* bg_3.png in Resources */ = {isa = PBXBuildFile; fileRef = 962E3706251B3A4A00F9E834 /* bg_3.png */; };
		962E3756251B3A4B00F9E834 /* bg_52.png in Resources */ = {isa = PBXBuildFile; fileRef = 962E3707251B3A4A00F9E834 /* bg_52.png */; };
		962E3757251B3A4B00F9E834 /* bg_15.png in Resources */ = {isa = PBXBuildFile; fileRef = 962E3708251B3A4A00F9E834 /* bg_15.png */; };
		962E3758251B3A4B00F9E834 /* bg_13.png in Resources */ = {isa = PBXBuildFile; fileRef = 962E3709251B3A4A00F9E834 /* bg_13.png */; };
		962E3759251B3A4B00F9E834 /* bg_28.png in Resources */ = {isa = PBXBuildFile; fileRef = 962E370A251B3A4A00F9E834 /* bg_28.png */; };
		962E375A251B3A4B00F9E834 /* bg_62.png in Resources */ = {isa = PBXBuildFile; fileRef = 962E370B251B3A4A00F9E834 /* bg_62.png */; };
		962E375B251B3A4B00F9E834 /* bg_73.png in Resources */ = {isa = PBXBuildFile; fileRef = 962E370C251B3A4A00F9E834 /* bg_73.png */; };
		962E375C251B3A4B00F9E834 /* bg_71.png in Resources */ = {isa = PBXBuildFile; fileRef = 962E370D251B3A4A00F9E834 /* bg_71.png */; };
		962E375D251B3A4B00F9E834 /* bg_66.png in Resources */ = {isa = PBXBuildFile; fileRef = 962E370E251B3A4A00F9E834 /* bg_66.png */; };
		962E375E251B3A4B00F9E834 /* bg_44.png in Resources */ = {isa = PBXBuildFile; fileRef = 962E370F251B3A4A00F9E834 /* bg_44.png */; };
		962E375F251B3A4B00F9E834 /* bg_32.png in Resources */ = {isa = PBXBuildFile; fileRef = 962E3710251B3A4A00F9E834 /* bg_32.png */; };
		962E3760251B3A4B00F9E834 /* bg_59.png in Resources */ = {isa = PBXBuildFile; fileRef = 962E3711251B3A4A00F9E834 /* bg_59.png */; };
		962E3761251B3A4B00F9E834 /* bg_49.png in Resources */ = {isa = PBXBuildFile; fileRef = 962E3712251B3A4A00F9E834 /* bg_49.png */; };
		962E3762251B3A4B00F9E834 /* bg_42.png in Resources */ = {isa = PBXBuildFile; fileRef = 962E3713251B3A4A00F9E834 /* bg_42.png */; };
		962E3763251B3A4B00F9E834 /* bg_40.png in Resources */ = {isa = PBXBuildFile; fileRef = 962E3714251B3A4A00F9E834 /* bg_40.png */; };
		962E3764251B3A4B00F9E834 /* bg_45.png in Resources */ = {isa = PBXBuildFile; fileRef = 962E3715251B3A4A00F9E834 /* bg_45.png */; };
		962E3765251B3A4B00F9E834 /* bg_53.png in Resources */ = {isa = PBXBuildFile; fileRef = 962E3716251B3A4A00F9E834 /* bg_53.png */; };
		962E3766251B3A4B00F9E834 /* bg_14.png in Resources */ = {isa = PBXBuildFile; fileRef = 962E3717251B3A4A00F9E834 /* bg_14.png */; };
		962E3767251B3A4B00F9E834 /* bg_25.png in Resources */ = {isa = PBXBuildFile; fileRef = 962E3718251B3A4A00F9E834 /* bg_25.png */; };
		962E3768251B3A4B00F9E834 /* bg_30.png in Resources */ = {isa = PBXBuildFile; fileRef = 962E3719251B3A4A00F9E834 /* bg_30.png */; };
		962E3769251B3A4B00F9E834 /* bg_18.png in Resources */ = {isa = PBXBuildFile; fileRef = 962E371A251B3A4A00F9E834 /* bg_18.png */; };
		962E376A251B3A4B00F9E834 /* bg_64.png in Resources */ = {isa = PBXBuildFile; fileRef = 962E371B251B3A4A00F9E834 /* bg_64.png */; };
		962E376B251B3A4B00F9E834 /* bg_8.png in Resources */ = {isa = PBXBuildFile; fileRef = 962E371C251B3A4A00F9E834 /* bg_8.png */; };
		962E376C251B3A4B00F9E834 /* bg_16.png in Resources */ = {isa = PBXBuildFile; fileRef = 962E371D251B3A4A00F9E834 /* bg_16.png */; };
		962E376D251B3A4B00F9E834 /* bg_27.png in Resources */ = {isa = PBXBuildFile; fileRef = 962E371E251B3A4A00F9E834 /* bg_27.png */; };
		962E376E251B3A4B00F9E834 /* bg_26.png in Resources */ = {isa = PBXBuildFile; fileRef = 962E371F251B3A4A00F9E834 /* bg_26.png */; };
		962E376F251B3A4B00F9E834 /* bg_29.png in Resources */ = {isa = PBXBuildFile; fileRef = 962E3720251B3A4A00F9E834 /* bg_29.png */; };
		962E3770251B3A4B00F9E834 /* bg_24.png in Resources */ = {isa = PBXBuildFile; fileRef = 962E3721251B3A4A00F9E834 /* bg_24.png */; };
		962E3771251B3A4B00F9E834 /* bg_1.png in Resources */ = {isa = PBXBuildFile; fileRef = 962E3722251B3A4A00F9E834 /* bg_1.png */; };
		962E3772251B3A4B00F9E834 /* bg_39.png in Resources */ = {isa = PBXBuildFile; fileRef = 962E3723251B3A4B00F9E834 /* bg_39.png */; };
		962E3773251B3A4B00F9E834 /* bg_31.png in Resources */ = {isa = PBXBuildFile; fileRef = 962E3724251B3A4B00F9E834 /* bg_31.png */; };
		962E3774251B3A4B00F9E834 /* bg_21.png in Resources */ = {isa = PBXBuildFile; fileRef = 962E3725251B3A4B00F9E834 /* bg_21.png */; };
		962E3775251B3A4B00F9E834 /* bg_2.png in Resources */ = {isa = PBXBuildFile; fileRef = 962E3726251B3A4B00F9E834 /* bg_2.png */; };
		962E3776251B3A4B00F9E834 /* bg_5.png in Resources */ = {isa = PBXBuildFile; fileRef = 962E3727251B3A4B00F9E834 /* bg_5.png */; };
		962E3777251B3A4B00F9E834 /* bg_51.png in Resources */ = {isa = PBXBuildFile; fileRef = 962E3728251B3A4B00F9E834 /* bg_51.png */; };
		962E3778251B3A4B00F9E834 /* bg_76.png in Resources */ = {isa = PBXBuildFile; fileRef = 962E3729251B3A4B00F9E834 /* bg_76.png */; };
		962E3779251B3A4B00F9E834 /* bg_23.png in Resources */ = {isa = PBXBuildFile; fileRef = 962E372A251B3A4B00F9E834 /* bg_23.png */; };
		962E377A251B3A4B00F9E834 /* bg_38.png in Resources */ = {isa = PBXBuildFile; fileRef = 962E372B251B3A4B00F9E834 /* bg_38.png */; };
		962E377B251B3A4B00F9E834 /* bg_56.png in Resources */ = {isa = PBXBuildFile; fileRef = 962E372C251B3A4B00F9E834 /* bg_56.png */; };
		962E377C251B3A4B00F9E834 /* bg_37.png in Resources */ = {isa = PBXBuildFile; fileRef = 962E372D251B3A4B00F9E834 /* bg_37.png */; };
		962E377D251B3A4B00F9E834 /* bg_46.png in Resources */ = {isa = PBXBuildFile; fileRef = 962E372E251B3A4B00F9E834 /* bg_46.png */; };
		962E377E251B3A4B00F9E834 /* bg_72.png in Resources */ = {isa = PBXBuildFile; fileRef = 962E372F251B3A4B00F9E834 /* bg_72.png */; };
		962E377F251B3A4B00F9E834 /* bg_36.png in Resources */ = {isa = PBXBuildFile; fileRef = 962E3730251B3A4B00F9E834 /* bg_36.png */; };
		962E3780251B3A4B00F9E834 /* bg_74.png in Resources */ = {isa = PBXBuildFile; fileRef = 962E3731251B3A4B00F9E834 /* bg_74.png */; };
		963AE9B324C6D1EC0043F791 /* GifCollectionViewCell.swift in Sources */ = {isa = PBXBuildFile; fileRef = 963AE9B124C6D1EC0043F791 /* GifCollectionViewCell.swift */; };
		964F1C2524C5B3F900F96C62 /* PhotoEditorViewController.xib in Resources */ = {isa = PBXBuildFile; fileRef = 964F1C2424C5B3F900F96C62 /* PhotoEditorViewController.xib */; };
		964F1C7324C5E3AB00F96C62 /* BackgroundViewController.xib in Resources */ = {isa = PBXBuildFile; fileRef = 964F1C6C24C5E3AB00F96C62 /* BackgroundViewController.xib */; };
		964F1C7424C5E3AB00F96C62 /* PhotoEditor+BackgroundViewController.swift in Sources */ = {isa = PBXBuildFile; fileRef = 964F1C6D24C5E3AB00F96C62 /* PhotoEditor+BackgroundViewController.swift */; };
		964F1C7524C5E3AB00F96C62 /* BackgroundViewController.swift in Sources */ = {isa = PBXBuildFile; fileRef = 964F1C6E24C5E3AB00F96C62 /* BackgroundViewController.swift */; };
		964F1C7624C5E3AB00F96C62 /* ImageCollectionViewDelegate.swift in Sources */ = {isa = PBXBuildFile; fileRef = 964F1C6F24C5E3AB00F96C62 /* ImageCollectionViewDelegate.swift */; };
		964F1C7724C5E3AB00F96C62 /* Extensions.swift in Sources */ = {isa = PBXBuildFile; fileRef = 964F1C7024C5E3AB00F96C62 /* Extensions.swift */; };
		964F1C7824C5E3AB00F96C62 /* ImageCollectionViewCell.swift in Sources */ = {isa = PBXBuildFile; fileRef = 964F1C7124C5E3AB00F96C62 /* ImageCollectionViewCell.swift */; };
		964F1C7924C5E3AB00F96C62 /* ImageCollectionViewCell.xib in Resources */ = {isa = PBXBuildFile; fileRef = 964F1C7224C5E3AB00F96C62 /* ImageCollectionViewCell.xib */; };
		96618BBE24D99FD200128708 /* Nunito-ExtraBold.ttf in Resources */ = {isa = PBXBuildFile; fileRef = 96618BA424D99E8600128708 /* Nunito-ExtraBold.ttf */; };
		96618BCB24D9A31200128708 /* icon_sticker.png in Resources */ = {isa = PBXBuildFile; fileRef = 96618BBF24D9A31100128708 /* icon_sticker.png */; };
		96618BCC24D9A31200128708 /* icon_sticker@2x.png in Resources */ = {isa = PBXBuildFile; fileRef = 96618BC024D9A31100128708 /* icon_sticker@2x.png */; };
		96618BCD24D9A31200128708 /* icon_text@3x.png in Resources */ = {isa = PBXBuildFile; fileRef = 96618BC124D9A31100128708 /* icon_text@3x.png */; };
		96618BCE24D9A31200128708 /* icon_canvas@3x.png in Resources */ = {isa = PBXBuildFile; fileRef = 96618BC224D9A31100128708 /* icon_canvas@3x.png */; };
		96618BCF24D9A31200128708 /* icon_sticker@3x.png in Resources */ = {isa = PBXBuildFile; fileRef = 96618BC324D9A31100128708 /* icon_sticker@3x.png */; };
		96618BD024D9A31200128708 /* icon_back@3x.png in Resources */ = {isa = PBXBuildFile; fileRef = 96618BC424D9A31100128708 /* icon_back@3x.png */; };
		96618BD124D9A31200128708 /* icon_canvas.png in Resources */ = {isa = PBXBuildFile; fileRef = 96618BC524D9A31100128708 /* icon_canvas.png */; };
		96618BD224D9A31200128708 /* icon_text@2x.png in Resources */ = {isa = PBXBuildFile; fileRef = 96618BC624D9A31100128708 /* icon_text@2x.png */; };
		96618BD324D9A31200128708 /* icon_back.png in Resources */ = {isa = PBXBuildFile; fileRef = 96618BC724D9A31100128708 /* icon_back.png */; };
		96618BD424D9A31200128708 /* icon_back@2x.png in Resources */ = {isa = PBXBuildFile; fileRef = 96618BC824D9A31100128708 /* icon_back@2x.png */; };
		96618BD524D9A31200128708 /* icon_canvas@2x.png in Resources */ = {isa = PBXBuildFile; fileRef = 96618BC924D9A31200128708 /* icon_canvas@2x.png */; };
		96618BD624D9A31200128708 /* icon_text.png in Resources */ = {isa = PBXBuildFile; fileRef = 96618BCA24D9A31200128708 /* icon_text.png */; };
		96618BDA24D9B60000128708 /* icon_delete.png in Resources */ = {isa = PBXBuildFile; fileRef = 96618BD924D9B5FF00128708 /* icon_delete.png */; };
		9698534424C6D52D0004167C /* GifCollectionViewCell.xib in Resources */ = {isa = PBXBuildFile; fileRef = 9698534324C6D52D0004167C /* GifCollectionViewCell.xib */; };
		96C9D47924C6C36100BB803D /* GifsStickersViewController.swift in Sources */ = {isa = PBXBuildFile; fileRef = 96C9D47824C6C36100BB803D /* GifsStickersViewController.swift */; };
		96C9D47B24C6C36700BB803D /* GifsStickersViewController.xib in Resources */ = {isa = PBXBuildFile; fileRef = 96C9D47A24C6C36700BB803D /* GifsStickersViewController.xib */; };
		96F9690424E177690081A0DB /* CustomTextField.swift in Sources */ = {isa = PBXBuildFile; fileRef = 96F9690324E177690081A0DB /* CustomTextField.swift */; };
/* End PBXBuildFile section */

/* Begin PBXFileReference section */
		056513081EF489B4009EA38F /* PhotoEditorViewController.swift */ = {isa = PBXFileReference; fileEncoding = 4; lastKnownFileType = sourcecode.swift; path = PhotoEditorViewController.swift; sourceTree = "<group>"; };
		0565130A1EF489B4009EA38F /* ColorCollectionViewCell.swift */ = {isa = PBXFileReference; fileEncoding = 4; lastKnownFileType = sourcecode.swift; path = ColorCollectionViewCell.swift; sourceTree = "<group>"; };
		0565130B1EF489B4009EA38F /* ColorsCollectionViewDelegate.swift */ = {isa = PBXFileReference; fileEncoding = 4; lastKnownFileType = sourcecode.swift; path = ColorsCollectionViewDelegate.swift; sourceTree = "<group>"; };
		0565130E1EF489B4009EA38F /* StickerCollectionViewCell.swift */ = {isa = PBXFileReference; fileEncoding = 4; lastKnownFileType = sourcecode.swift; path = StickerCollectionViewCell.swift; sourceTree = "<group>"; };
		0565130F1EF489B4009EA38F /* UIImage+Size.swift */ = {isa = PBXFileReference; fileEncoding = 4; lastKnownFileType = sourcecode.swift; path = "UIImage+Size.swift"; sourceTree = "<group>"; };
		056513101EF489B4009EA38F /* UIImageView+Alpha.swift */ = {isa = PBXFileReference; fileEncoding = 4; lastKnownFileType = sourcecode.swift; path = "UIImageView+Alpha.swift"; sourceTree = "<group>"; };
		056513111EF489B4009EA38F /* UIView+Image.swift */ = {isa = PBXFileReference; fileEncoding = 4; lastKnownFileType = sourcecode.swift; path = "UIView+Image.swift"; sourceTree = "<group>"; };
		056513121EF489B4009EA38F /* Protocols.swift */ = {isa = PBXFileReference; fileEncoding = 4; lastKnownFileType = sourcecode.swift; path = Protocols.swift; sourceTree = "<group>"; };
		056513131EF489B4009EA38F /* GradientView.swift */ = {isa = PBXFileReference; fileEncoding = 4; lastKnownFileType = sourcecode.swift; path = GradientView.swift; sourceTree = "<group>"; };
		056513141EF489B4009EA38F /* CropView.swift */ = {isa = PBXFileReference; fileEncoding = 4; lastKnownFileType = sourcecode.swift; path = CropView.swift; sourceTree = "<group>"; };
		056513151EF489B4009EA38F /* CropRectView.swift */ = {isa = PBXFileReference; fileEncoding = 4; lastKnownFileType = sourcecode.swift; path = CropRectView.swift; sourceTree = "<group>"; };
		056513161EF489B4009EA38F /* CropViewController.swift */ = {isa = PBXFileReference; fileEncoding = 4; lastKnownFileType = sourcecode.swift; path = CropViewController.swift; sourceTree = "<group>"; };
		056513171EF489B4009EA38F /* UIImage+Crop.swift */ = {isa = PBXFileReference; fileEncoding = 4; lastKnownFileType = sourcecode.swift; path = "UIImage+Crop.swift"; sourceTree = "<group>"; };
		056513181EF489B4009EA38F /* ResizeControl.swift */ = {isa = PBXFileReference; fileEncoding = 4; lastKnownFileType = sourcecode.swift; path = ResizeControl.swift; sourceTree = "<group>"; };
		0565132B1EF489C0009EA38F /* ColorCollectionViewCell.xib */ = {isa = PBXFileReference; fileEncoding = 4; lastKnownFileType = file.xib; path = ColorCollectionViewCell.xib; sourceTree = "<group>"; };
		0565132E1EF489C0009EA38F /* LaunchScreen.storyboard */ = {isa = PBXFileReference; fileEncoding = 4; lastKnownFileType = file.storyboard; path = LaunchScreen.storyboard; sourceTree = "<group>"; };
		0565132F1EF489C0009EA38F /* PhotoCropEditorBorder.png */ = {isa = PBXFileReference; lastKnownFileType = image.png; path = PhotoCropEditorBorder.png; sourceTree = "<group>"; };
		056513301EF489C0009EA38F /* PhotoCropEditorBorder@2x.png */ = {isa = PBXFileReference; lastKnownFileType = image.png; path = "PhotoCropEditorBorder@2x.png"; sourceTree = "<group>"; };
		056513311EF489C0009EA38F /* PhotoCropEditorBorder@3x.png */ = {isa = PBXFileReference; lastKnownFileType = image.png; path = "PhotoCropEditorBorder@3x.png"; sourceTree = "<group>"; };
		056513321EF489C0009EA38F /* StickerCollectionViewCell.xib */ = {isa = PBXFileReference; fileEncoding = 4; lastKnownFileType = file.xib; path = StickerCollectionViewCell.xib; sourceTree = "<group>"; };
		0565133E1EF489CD009EA38F /* PhotoEditor+Gestures.swift */ = {isa = PBXFileReference; fileEncoding = 4; lastKnownFileType = sourcecode.swift; path = "PhotoEditor+Gestures.swift"; sourceTree = "<group>"; };
		0565133F1EF489CD009EA38F /* PhotoEditor+Drawing.swift */ = {isa = PBXFileReference; fileEncoding = 4; lastKnownFileType = sourcecode.swift; path = "PhotoEditor+Drawing.swift"; sourceTree = "<group>"; };
		056513401EF489CD009EA38F /* PhotoEditor+Keyboard.swift */ = {isa = PBXFileReference; fileEncoding = 4; lastKnownFileType = sourcecode.swift; path = "PhotoEditor+Keyboard.swift"; sourceTree = "<group>"; };
		056513411EF489CD009EA38F /* PhotoEditor+StickersViewController.swift */ = {isa = PBXFileReference; fileEncoding = 4; lastKnownFileType = sourcecode.swift; path = "PhotoEditor+StickersViewController.swift"; sourceTree = "<group>"; };
		056513421EF489CD009EA38F /* PhotoEditor+UITextView.swift */ = {isa = PBXFileReference; fileEncoding = 4; lastKnownFileType = sourcecode.swift; path = "PhotoEditor+UITextView.swift"; sourceTree = "<group>"; };
		056513431EF489CD009EA38F /* PhotoEditor+Controls.swift */ = {isa = PBXFileReference; fileEncoding = 4; lastKnownFileType = sourcecode.swift; path = "PhotoEditor+Controls.swift"; sourceTree = "<group>"; };
		056513441EF489CD009EA38F /* PhotoEditor+Crop.swift */ = {isa = PBXFileReference; fileEncoding = 4; lastKnownFileType = sourcecode.swift; path = "PhotoEditor+Crop.swift"; sourceTree = "<group>"; };
		056513451EF489CD009EA38F /* PhotoEditor+Font.swift */ = {isa = PBXFileReference; fileEncoding = 4; lastKnownFileType = sourcecode.swift; path = "PhotoEditor+Font.swift"; sourceTree = "<group>"; };
		059EA7191EACB8790072C0FE /* Photo Editor.app */ = {isa = PBXFileReference; explicitFileType = wrapper.application; includeInIndex = 0; path = "Photo Editor.app"; sourceTree = BUILT_PRODUCTS_DIR; };
		059EA71C1EACB8790072C0FE /* AppDelegate.swift */ = {isa = PBXFileReference; lastKnownFileType = sourcecode.swift; path = AppDelegate.swift; sourceTree = "<group>"; };
		059EA7231EACB8790072C0FE /* Assets.xcassets */ = {isa = PBXFileReference; lastKnownFileType = folder.assetcatalog; path = Assets.xcassets; sourceTree = "<group>"; };
		059EA7261EACB8790072C0FE /* Base */ = {isa = PBXFileReference; lastKnownFileType = file.storyboard; name = Base; path = Base.lproj/LaunchScreen.storyboard; sourceTree = "<group>"; };
		059EA7281EACB8790072C0FE /* Info.plist */ = {isa = PBXFileReference; lastKnownFileType = text.plist.xml; path = Info.plist; sourceTree = "<group>"; };
		960ED6AE24DBCC7F002D3B85 /* default_bg.png */ = {isa = PBXFileReference; lastKnownFileType = image.png; path = default_bg.png; sourceTree = "<group>"; };
		960ED6AF24DBCC7F002D3B85 /* icon_thumb.png */ = {isa = PBXFileReference; lastKnownFileType = image.png; path = icon_thumb.png; sourceTree = "<group>"; };
		960ED6B024DBCC7F002D3B85 /* icon_thumb@2x.png */ = {isa = PBXFileReference; lastKnownFileType = image.png; path = "icon_thumb@2x.png"; sourceTree = "<group>"; };
		960ED6B324DBCC7F002D3B85 /* icon_thumb@3x.png */ = {isa = PBXFileReference; lastKnownFileType = image.png; path = "icon_thumb@3x.png"; sourceTree = "<group>"; };
		9611043224E2695B0021D4D7 /* ExpressionPreview.swift */ = {isa = PBXFileReference; fileEncoding = 4; lastKnownFileType = sourcecode.swift; path = ExpressionPreview.swift; sourceTree = "<group>"; };
		9611052824E2D0070021D4D7 /* BowlbyOneSC-Regular.ttf */ = {isa = PBXFileReference; lastKnownFileType = file; path = "BowlbyOneSC-Regular.ttf"; sourceTree = "<group>"; };
		9611052924E2D0070021D4D7 /* ZillaSlabHighlight-Bold.ttf */ = {isa = PBXFileReference; lastKnownFileType = file; path = "ZillaSlabHighlight-Bold.ttf"; sourceTree = "<group>"; };
		962E36E3251B3A4800F9E834 /* bg_67.png */ = {isa = PBXFileReference; lastKnownFileType = image.png; path = bg_67.png; sourceTree = "<group>"; };
		962E36E4251B3A4800F9E834 /* bg_54.png */ = {isa = PBXFileReference; lastKnownFileType = image.png; path = bg_54.png; sourceTree = "<group>"; };
		962E36E5251B3A4800F9E834 /* bg_55.png */ = {isa = PBXFileReference; lastKnownFileType = image.png; path = bg_55.png; sourceTree = "<group>"; };
		962E36E6251B3A4800F9E834 /* bg_6.png */ = {isa = PBXFileReference; lastKnownFileType = image.png; path = bg_6.png; sourceTree = "<group>"; };
		962E36E7251B3A4800F9E834 /* bg_17.png */ = {isa = PBXFileReference; lastKnownFileType = image.png; path = bg_17.png; sourceTree = "<group>"; };
		962E36E8251B3A4900F9E834 /* bg_57.png */ = {isa = PBXFileReference; lastKnownFileType = image.png; path = bg_57.png; sourceTree = "<group>"; };
		962E36E9251B3A4900F9E834 /* bg_65.png */ = {isa = PBXFileReference; lastKnownFileType = image.png; path = bg_65.png; sourceTree = "<group>"; };
		962E36EA251B3A4900F9E834 /* bg_48.png */ = {isa = PBXFileReference; lastKnownFileType = image.png; path = bg_48.png; sourceTree = "<group>"; };
		962E36EB251B3A4900F9E834 /* bg_63.png */ = {isa = PBXFileReference; lastKnownFileType = image.png; path = bg_63.png; sourceTree = "<group>"; };
		962E36EC251B3A4900F9E834 /* bg_7.png */ = {isa = PBXFileReference; lastKnownFileType = image.png; path = bg_7.png; sourceTree = "<group>"; };
		962E36ED251B3A4900F9E834 /* bg_43.png */ = {isa = PBXFileReference; lastKnownFileType = image.png; path = bg_43.png; sourceTree = "<group>"; };
		962E36EE251B3A4900F9E834 /* bg_60.png */ = {isa = PBXFileReference; lastKnownFileType = image.png; path = bg_60.png; sourceTree = "<group>"; };
		962E36EF251B3A4900F9E834 /* bg_79.png */ = {isa = PBXFileReference; lastKnownFileType = image.png; path = bg_79.png; sourceTree = "<group>"; };
		962E36F0251B3A4900F9E834 /* bg_10.png */ = {isa = PBXFileReference; lastKnownFileType = image.png; path = bg_10.png; sourceTree = "<group>"; };
		962E36F1251B3A4900F9E834 /* bg_34.png */ = {isa = PBXFileReference; lastKnownFileType = image.png; path = bg_34.png; sourceTree = "<group>"; };
		962E36F2251B3A4900F9E834 /* bg_41.png */ = {isa = PBXFileReference; lastKnownFileType = image.png; path = bg_41.png; sourceTree = "<group>"; };
		962E36F3251B3A4900F9E834 /* bg_33.png */ = {isa = PBXFileReference; lastKnownFileType = image.png; path = bg_33.png; sourceTree = "<group>"; };
		962E36F4251B3A4900F9E834 /* bg_12.png */ = {isa = PBXFileReference; lastKnownFileType = image.png; path = bg_12.png; sourceTree = "<group>"; };
		962E36F5251B3A4900F9E834 /* bg_68.png */ = {isa = PBXFileReference; lastKnownFileType = image.png; path = bg_68.png; sourceTree = "<group>"; };
		962E36F6251B3A4900F9E834 /* bg_70.png */ = {isa = PBXFileReference; lastKnownFileType = image.png; path = bg_70.png; sourceTree = "<group>"; };
		962E36F7251B3A4900F9E834 /* bg_47.png */ = {isa = PBXFileReference; lastKnownFileType = image.png; path = bg_47.png; sourceTree = "<group>"; };
		962E36F8251B3A4900F9E834 /* bg_58.png */ = {isa = PBXFileReference; lastKnownFileType = image.png; path = bg_58.png; sourceTree = "<group>"; };
		962E36F9251B3A4900F9E834 /* bg_77.png */ = {isa = PBXFileReference; lastKnownFileType = image.png; path = bg_77.png; sourceTree = "<group>"; };
		962E36FA251B3A4900F9E834 /* bg_69.png */ = {isa = PBXFileReference; lastKnownFileType = image.png; path = bg_69.png; sourceTree = "<group>"; };
		962E36FB251B3A4900F9E834 /* bg_61.png */ = {isa = PBXFileReference; lastKnownFileType = image.png; path = bg_61.png; sourceTree = "<group>"; };
		962E36FC251B3A4900F9E834 /* bg_75.png */ = {isa = PBXFileReference; lastKnownFileType = image.png; path = bg_75.png; sourceTree = "<group>"; };
		962E36FD251B3A4900F9E834 /* bg_19.png */ = {isa = PBXFileReference; lastKnownFileType = image.png; path = bg_19.png; sourceTree = "<group>"; };
		962E36FE251B3A4900F9E834 /* bg_4.png */ = {isa = PBXFileReference; lastKnownFileType = image.png; path = bg_4.png; sourceTree = "<group>"; };
		962E36FF251B3A4900F9E834 /* bg_22.png */ = {isa = PBXFileReference; lastKnownFileType = image.png; path = bg_22.png; sourceTree = "<group>"; };
		962E3700251B3A4900F9E834 /* bg_78.png */ = {isa = PBXFileReference; lastKnownFileType = image.png; path = bg_78.png; sourceTree = "<group>"; };
		962E3701251B3A4900F9E834 /* bg_11.png */ = {isa = PBXFileReference; lastKnownFileType = image.png; path = bg_11.png; sourceTree = "<group>"; };
		962E3702251B3A4900F9E834 /* bg_50.png */ = {isa = PBXFileReference; lastKnownFileType = image.png; path = bg_50.png; sourceTree = "<group>"; };
		962E3703251B3A4900F9E834 /* bg_20.png */ = {isa = PBXFileReference; lastKnownFileType = image.png; path = bg_20.png; sourceTree = "<group>"; };
		962E3704251B3A4A00F9E834 /* bg_35.png */ = {isa = PBXFileReference; lastKnownFileType = image.png; path = bg_35.png; sourceTree = "<group>"; };
		962E3705251B3A4A00F9E834 /* bg_9.png */ = {isa = PBXFileReference; lastKnownFileType = image.png; path = bg_9.png; sourceTree = "<group>"; };
		962E3706251B3A4A00F9E834 /* bg_3.png */ = {isa = PBXFileReference; lastKnownFileType = image.png; path = bg_3.png; sourceTree = "<group>"; };
		962E3707251B3A4A00F9E834 /* bg_52.png */ = {isa = PBXFileReference; lastKnownFileType = image.png; path = bg_52.png; sourceTree = "<group>"; };
		962E3708251B3A4A00F9E834 /* bg_15.png */ = {isa = PBXFileReference; lastKnownFileType = image.png; path = bg_15.png; sourceTree = "<group>"; };
		962E3709251B3A4A00F9E834 /* bg_13.png */ = {isa = PBXFileReference; lastKnownFileType = image.png; path = bg_13.png; sourceTree = "<group>"; };
		962E370A251B3A4A00F9E834 /* bg_28.png */ = {isa = PBXFileReference; lastKnownFileType = image.png; path = bg_28.png; sourceTree = "<group>"; };
		962E370B251B3A4A00F9E834 /* bg_62.png */ = {isa = PBXFileReference; lastKnownFileType = image.png; path = bg_62.png; sourceTree = "<group>"; };
		962E370C251B3A4A00F9E834 /* bg_73.png */ = {isa = PBXFileReference; lastKnownFileType = image.png; path = bg_73.png; sourceTree = "<group>"; };
		962E370D251B3A4A00F9E834 /* bg_71.png */ = {isa = PBXFileReference; lastKnownFileType = image.png; path = bg_71.png; sourceTree = "<group>"; };
		962E370E251B3A4A00F9E834 /* bg_66.png */ = {isa = PBXFileReference; lastKnownFileType = image.png; path = bg_66.png; sourceTree = "<group>"; };
		962E370F251B3A4A00F9E834 /* bg_44.png */ = {isa = PBXFileReference; lastKnownFileType = image.png; path = bg_44.png; sourceTree = "<group>"; };
		962E3710251B3A4A00F9E834 /* bg_32.png */ = {isa = PBXFileReference; lastKnownFileType = image.png; path = bg_32.png; sourceTree = "<group>"; };
		962E3711251B3A4A00F9E834 /* bg_59.png */ = {isa = PBXFileReference; lastKnownFileType = image.png; path = bg_59.png; sourceTree = "<group>"; };
		962E3712251B3A4A00F9E834 /* bg_49.png */ = {isa = PBXFileReference; lastKnownFileType = image.png; path = bg_49.png; sourceTree = "<group>"; };
		962E3713251B3A4A00F9E834 /* bg_42.png */ = {isa = PBXFileReference; lastKnownFileType = image.png; path = bg_42.png; sourceTree = "<group>"; };
		962E3714251B3A4A00F9E834 /* bg_40.png */ = {isa = PBXFileReference; lastKnownFileType = image.png; path = bg_40.png; sourceTree = "<group>"; };
		962E3715251B3A4A00F9E834 /* bg_45.png */ = {isa = PBXFileReference; lastKnownFileType = image.png; path = bg_45.png; sourceTree = "<group>"; };
		962E3716251B3A4A00F9E834 /* bg_53.png */ = {isa = PBXFileReference; lastKnownFileType = image.png; path = bg_53.png; sourceTree = "<group>"; };
		962E3717251B3A4A00F9E834 /* bg_14.png */ = {isa = PBXFileReference; lastKnownFileType = image.png; path = bg_14.png; sourceTree = "<group>"; };
		962E3718251B3A4A00F9E834 /* bg_25.png */ = {isa = PBXFileReference; lastKnownFileType = image.png; path = bg_25.png; sourceTree = "<group>"; };
		962E3719251B3A4A00F9E834 /* bg_30.png */ = {isa = PBXFileReference; lastKnownFileType = image.png; path = bg_30.png; sourceTree = "<group>"; };
		962E371A251B3A4A00F9E834 /* bg_18.png */ = {isa = PBXFileReference; lastKnownFileType = image.png; path = bg_18.png; sourceTree = "<group>"; };
		962E371B251B3A4A00F9E834 /* bg_64.png */ = {isa = PBXFileReference; lastKnownFileType = image.png; path = bg_64.png; sourceTree = "<group>"; };
		962E371C251B3A4A00F9E834 /* bg_8.png */ = {isa = PBXFileReference; lastKnownFileType = image.png; path = bg_8.png; sourceTree = "<group>"; };
		962E371D251B3A4A00F9E834 /* bg_16.png */ = {isa = PBXFileReference; lastKnownFileType = image.png; path = bg_16.png; sourceTree = "<group>"; };
		962E371E251B3A4A00F9E834 /* bg_27.png */ = {isa = PBXFileReference; lastKnownFileType = image.png; path = bg_27.png; sourceTree = "<group>"; };
		962E371F251B3A4A00F9E834 /* bg_26.png */ = {isa = PBXFileReference; lastKnownFileType = image.png; path = bg_26.png; sourceTree = "<group>"; };
		962E3720251B3A4A00F9E834 /* bg_29.png */ = {isa = PBXFileReference; lastKnownFileType = image.png; path = bg_29.png; sourceTree = "<group>"; };
		962E3721251B3A4A00F9E834 /* bg_24.png */ = {isa = PBXFileReference; lastKnownFileType = image.png; path = bg_24.png; sourceTree = "<group>"; };
		962E3722251B3A4A00F9E834 /* bg_1.png */ = {isa = PBXFileReference; lastKnownFileType = image.png; path = bg_1.png; sourceTree = "<group>"; };
		962E3723251B3A4B00F9E834 /* bg_39.png */ = {isa = PBXFileReference; lastKnownFileType = image.png; path = bg_39.png; sourceTree = "<group>"; };
		962E3724251B3A4B00F9E834 /* bg_31.png */ = {isa = PBXFileReference; lastKnownFileType = image.png; path = bg_31.png; sourceTree = "<group>"; };
		962E3725251B3A4B00F9E834 /* bg_21.png */ = {isa = PBXFileReference; lastKnownFileType = image.png; path = bg_21.png; sourceTree = "<group>"; };
		962E3726251B3A4B00F9E834 /* bg_2.png */ = {isa = PBXFileReference; lastKnownFileType = image.png; path = bg_2.png; sourceTree = "<group>"; };
		962E3727251B3A4B00F9E834 /* bg_5.png */ = {isa = PBXFileReference; lastKnownFileType = image.png; path = bg_5.png; sourceTree = "<group>"; };
		962E3728251B3A4B00F9E834 /* bg_51.png */ = {isa = PBXFileReference; lastKnownFileType = image.png; path = bg_51.png; sourceTree = "<group>"; };
		962E3729251B3A4B00F9E834 /* bg_76.png */ = {isa = PBXFileReference; lastKnownFileType = image.png; path = bg_76.png; sourceTree = "<group>"; };
		962E372A251B3A4B00F9E834 /* bg_23.png */ = {isa = PBXFileReference; lastKnownFileType = image.png; path = bg_23.png; sourceTree = "<group>"; };
		962E372B251B3A4B00F9E834 /* bg_38.png */ = {isa = PBXFileReference; lastKnownFileType = image.png; path = bg_38.png; sourceTree = "<group>"; };
		962E372C251B3A4B00F9E834 /* bg_56.png */ = {isa = PBXFileReference; lastKnownFileType = image.png; path = bg_56.png; sourceTree = "<group>"; };
		962E372D251B3A4B00F9E834 /* bg_37.png */ = {isa = PBXFileReference; lastKnownFileType = image.png; path = bg_37.png; sourceTree = "<group>"; };
		962E372E251B3A4B00F9E834 /* bg_46.png */ = {isa = PBXFileReference; lastKnownFileType = image.png; path = bg_46.png; sourceTree = "<group>"; };
		962E372F251B3A4B00F9E834 /* bg_72.png */ = {isa = PBXFileReference; lastKnownFileType = image.png; path = bg_72.png; sourceTree = "<group>"; };
		962E3730251B3A4B00F9E834 /* bg_36.png */ = {isa = PBXFileReference; lastKnownFileType = image.png; path = bg_36.png; sourceTree = "<group>"; };
		962E3731251B3A4B00F9E834 /* bg_74.png */ = {isa = PBXFileReference; lastKnownFileType = image.png; path = bg_74.png; sourceTree = "<group>"; };
		963AE9B124C6D1EC0043F791 /* GifCollectionViewCell.swift */ = {isa = PBXFileReference; fileEncoding = 4; lastKnownFileType = sourcecode.swift; path = GifCollectionViewCell.swift; sourceTree = "<group>"; };
		964F1C2424C5B3F900F96C62 /* PhotoEditorViewController.xib */ = {isa = PBXFileReference; fileEncoding = 4; lastKnownFileType = file.xib; path = PhotoEditorViewController.xib; sourceTree = "<group>"; };
		964F1C6C24C5E3AB00F96C62 /* BackgroundViewController.xib */ = {isa = PBXFileReference; fileEncoding = 4; lastKnownFileType = file.xib; path = BackgroundViewController.xib; sourceTree = "<group>"; };
		964F1C6D24C5E3AB00F96C62 /* PhotoEditor+BackgroundViewController.swift */ = {isa = PBXFileReference; fileEncoding = 4; lastKnownFileType = sourcecode.swift; path = "PhotoEditor+BackgroundViewController.swift"; sourceTree = "<group>"; };
		964F1C6E24C5E3AB00F96C62 /* BackgroundViewController.swift */ = {isa = PBXFileReference; fileEncoding = 4; lastKnownFileType = sourcecode.swift; path = BackgroundViewController.swift; sourceTree = "<group>"; };
		964F1C6F24C5E3AB00F96C62 /* ImageCollectionViewDelegate.swift */ = {isa = PBXFileReference; fileEncoding = 4; lastKnownFileType = sourcecode.swift; path = ImageCollectionViewDelegate.swift; sourceTree = "<group>"; };
		964F1C7024C5E3AB00F96C62 /* Extensions.swift */ = {isa = PBXFileReference; fileEncoding = 4; lastKnownFileType = sourcecode.swift; path = Extensions.swift; sourceTree = "<group>"; };
		964F1C7124C5E3AB00F96C62 /* ImageCollectionViewCell.swift */ = {isa = PBXFileReference; fileEncoding = 4; lastKnownFileType = sourcecode.swift; path = ImageCollectionViewCell.swift; sourceTree = "<group>"; };
		964F1C7224C5E3AB00F96C62 /* ImageCollectionViewCell.xib */ = {isa = PBXFileReference; fileEncoding = 4; lastKnownFileType = file.xib; path = ImageCollectionViewCell.xib; sourceTree = "<group>"; };
		965AC65E2512005F0053B06D /* ShadowsIntoLight.ttf */ = {isa = PBXFileReference; lastKnownFileType = file; path = ShadowsIntoLight.ttf; sourceTree = "<group>"; };
		96618BA424D99E8600128708 /* Nunito-ExtraBold.ttf */ = {isa = PBXFileReference; lastKnownFileType = file; path = "Nunito-ExtraBold.ttf"; sourceTree = "<group>"; };
		96618BBF24D9A31100128708 /* icon_sticker.png */ = {isa = PBXFileReference; lastKnownFileType = image.png; path = icon_sticker.png; sourceTree = "<group>"; };
		96618BC024D9A31100128708 /* icon_sticker@2x.png */ = {isa = PBXFileReference; lastKnownFileType = image.png; path = "icon_sticker@2x.png"; sourceTree = "<group>"; };
		96618BC124D9A31100128708 /* icon_text@3x.png */ = {isa = PBXFileReference; lastKnownFileType = image.png; path = "icon_text@3x.png"; sourceTree = "<group>"; };
		96618BC224D9A31100128708 /* icon_canvas@3x.png */ = {isa = PBXFileReference; lastKnownFileType = image.png; path = "icon_canvas@3x.png"; sourceTree = "<group>"; };
		96618BC324D9A31100128708 /* icon_sticker@3x.png */ = {isa = PBXFileReference; lastKnownFileType = image.png; path = "icon_sticker@3x.png"; sourceTree = "<group>"; };
		96618BC424D9A31100128708 /* icon_back@3x.png */ = {isa = PBXFileReference; lastKnownFileType = image.png; path = "icon_back@3x.png"; sourceTree = "<group>"; };
		96618BC524D9A31100128708 /* icon_canvas.png */ = {isa = PBXFileReference; lastKnownFileType = image.png; path = icon_canvas.png; sourceTree = "<group>"; };
		96618BC624D9A31100128708 /* icon_text@2x.png */ = {isa = PBXFileReference; lastKnownFileType = image.png; path = "icon_text@2x.png"; sourceTree = "<group>"; };
		96618BC724D9A31100128708 /* icon_back.png */ = {isa = PBXFileReference; lastKnownFileType = image.png; path = icon_back.png; sourceTree = "<group>"; };
		96618BC824D9A31100128708 /* icon_back@2x.png */ = {isa = PBXFileReference; lastKnownFileType = image.png; path = "icon_back@2x.png"; sourceTree = "<group>"; };
		96618BC924D9A31200128708 /* icon_canvas@2x.png */ = {isa = PBXFileReference; lastKnownFileType = image.png; path = "icon_canvas@2x.png"; sourceTree = "<group>"; };
		96618BCA24D9A31200128708 /* icon_text.png */ = {isa = PBXFileReference; lastKnownFileType = image.png; path = icon_text.png; sourceTree = "<group>"; };
		96618BD924D9B5FF00128708 /* icon_delete.png */ = {isa = PBXFileReference; lastKnownFileType = image.png; path = icon_delete.png; sourceTree = "<group>"; };
		96618BDB24DA831800128708 /* Nunito-SemiBold.ttf */ = {isa = PBXFileReference; lastKnownFileType = file; path = "Nunito-SemiBold.ttf"; sourceTree = "<group>"; };
		96618BDC24DAAB0D00128708 /* Nunito-Black.ttf */ = {isa = PBXFileReference; lastKnownFileType = file; path = "Nunito-Black.ttf"; sourceTree = "<group>"; };
		9698534324C6D52D0004167C /* GifCollectionViewCell.xib */ = {isa = PBXFileReference; fileEncoding = 4; lastKnownFileType = file.xib; path = GifCollectionViewCell.xib; sourceTree = "<group>"; };
		96C9D47824C6C36100BB803D /* GifsStickersViewController.swift */ = {isa = PBXFileReference; fileEncoding = 4; lastKnownFileType = sourcecode.swift; path = GifsStickersViewController.swift; sourceTree = "<group>"; };
		96C9D47A24C6C36700BB803D /* GifsStickersViewController.xib */ = {isa = PBXFileReference; fileEncoding = 4; lastKnownFileType = file.xib; path = GifsStickersViewController.xib; sourceTree = "<group>"; };
		96F9690324E177690081A0DB /* CustomTextField.swift */ = {isa = PBXFileReference; fileEncoding = 4; lastKnownFileType = sourcecode.swift; path = CustomTextField.swift; sourceTree = "<group>"; };
/* End PBXFileReference section */

/* Begin PBXFrameworksBuildPhase section */
		059EA7161EACB8790072C0FE /* Frameworks */ = {
			isa = PBXFrameworksBuildPhase;
			buildActionMask = 2147483647;
			files = (
			);
			runOnlyForDeploymentPostprocessing = 0;
		};
/* End PBXFrameworksBuildPhase section */

/* Begin PBXGroup section */
		059EA7101EACB8780072C0FE = {
			isa = PBXGroup;
			children = (
				059EA71B1EACB8790072C0FE /* Photo Editor */,
				059EA71A1EACB8790072C0FE /* Products */,
			);
			sourceTree = "<group>";
		};
		059EA71A1EACB8790072C0FE /* Products */ = {
			isa = PBXGroup;
			children = (
				059EA7191EACB8790072C0FE /* Photo Editor.app */,
			);
			name = Products;
			sourceTree = "<group>";
		};
		059EA71B1EACB8790072C0FE /* Photo Editor */ = {
			isa = PBXGroup;
			children = (
				056513081EF489B4009EA38F /* PhotoEditorViewController.swift */,
				0565130A1EF489B4009EA38F /* ColorCollectionViewCell.swift */,
				0565130B1EF489B4009EA38F /* ColorsCollectionViewDelegate.swift */,
				0565130E1EF489B4009EA38F /* StickerCollectionViewCell.swift */,
				964F1C6E24C5E3AB00F96C62 /* BackgroundViewController.swift */,
				964F1C6C24C5E3AB00F96C62 /* BackgroundViewController.xib */,
				963AE9B124C6D1EC0043F791 /* GifCollectionViewCell.swift */,
				964F1C7024C5E3AB00F96C62 /* Extensions.swift */,
				964F1C7124C5E3AB00F96C62 /* ImageCollectionViewCell.swift */,
				9698534324C6D52D0004167C /* GifCollectionViewCell.xib */,
				964F1C7224C5E3AB00F96C62 /* ImageCollectionViewCell.xib */,
				96F9690324E177690081A0DB /* CustomTextField.swift */,
				9611043224E2695B0021D4D7 /* ExpressionPreview.swift */,
				9611052824E2D0070021D4D7 /* BowlbyOneSC-Regular.ttf */,
				9611052924E2D0070021D4D7 /* ZillaSlabHighlight-Bold.ttf */,
				960ED6AE24DBCC7F002D3B85 /* default_bg.png */,
				960ED6AF24DBCC7F002D3B85 /* icon_thumb.png */,
				960ED6B024DBCC7F002D3B85 /* icon_thumb@2x.png */,
				965AC65E2512005F0053B06D /* ShadowsIntoLight.ttf */,
				960ED6B324DBCC7F002D3B85 /* icon_thumb@3x.png */,
				964F1C6F24C5E3AB00F96C62 /* ImageCollectionViewDelegate.swift */,
				964F1C6D24C5E3AB00F96C62 /* PhotoEditor+BackgroundViewController.swift */,
				0565130F1EF489B4009EA38F /* UIImage+Size.swift */,
				056513101EF489B4009EA38F /* UIImageView+Alpha.swift */,
				96C9D47824C6C36100BB803D /* GifsStickersViewController.swift */,
				962E3722251B3A4A00F9E834 /* bg_1.png */,
				962E3726251B3A4B00F9E834 /* bg_2.png */,
				962E3706251B3A4A00F9E834 /* bg_3.png */,
				962E36FE251B3A4900F9E834 /* bg_4.png */,
				962E3727251B3A4B00F9E834 /* bg_5.png */,
				962E36E6251B3A4800F9E834 /* bg_6.png */,
				962E36EC251B3A4900F9E834 /* bg_7.png */,
				962E371C251B3A4A00F9E834 /* bg_8.png */,
				962E3705251B3A4A00F9E834 /* bg_9.png */,
				962E36F0251B3A4900F9E834 /* bg_10.png */,
				962E3701251B3A4900F9E834 /* bg_11.png */,
				962E36F4251B3A4900F9E834 /* bg_12.png */,
				962E3709251B3A4A00F9E834 /* bg_13.png */,
				962E3717251B3A4A00F9E834 /* bg_14.png */,
				962E3708251B3A4A00F9E834 /* bg_15.png */,
				962E371D251B3A4A00F9E834 /* bg_16.png */,
				962E36E7251B3A4800F9E834 /* bg_17.png */,
				962E371A251B3A4A00F9E834 /* bg_18.png */,
				962E36FD251B3A4900F9E834 /* bg_19.png */,
				962E3703251B3A4900F9E834 /* bg_20.png */,
				962E3725251B3A4B00F9E834 /* bg_21.png */,
				962E36FF251B3A4900F9E834 /* bg_22.png */,
				962E372A251B3A4B00F9E834 /* bg_23.png */,
				962E3721251B3A4A00F9E834 /* bg_24.png */,
				962E3718251B3A4A00F9E834 /* bg_25.png */,
				962E371F251B3A4A00F9E834 /* bg_26.png */,
				962E371E251B3A4A00F9E834 /* bg_27.png */,
				962E370A251B3A4A00F9E834 /* bg_28.png */,
				962E3720251B3A4A00F9E834 /* bg_29.png */,
				962E3719251B3A4A00F9E834 /* bg_30.png */,
				962E3724251B3A4B00F9E834 /* bg_31.png */,
				962E3710251B3A4A00F9E834 /* bg_32.png */,
				962E36F3251B3A4900F9E834 /* bg_33.png */,
				962E36F1251B3A4900F9E834 /* bg_34.png */,
				962E3704251B3A4A00F9E834 /* bg_35.png */,
				962E3730251B3A4B00F9E834 /* bg_36.png */,
				962E372D251B3A4B00F9E834 /* bg_37.png */,
				962E372B251B3A4B00F9E834 /* bg_38.png */,
				962E3723251B3A4B00F9E834 /* bg_39.png */,
				962E3714251B3A4A00F9E834 /* bg_40.png */,
				962E36F2251B3A4900F9E834 /* bg_41.png */,
				962E3713251B3A4A00F9E834 /* bg_42.png */,
				962E36ED251B3A4900F9E834 /* bg_43.png */,
				962E370F251B3A4A00F9E834 /* bg_44.png */,
				962E3715251B3A4A00F9E834 /* bg_45.png */,
				962E372E251B3A4B00F9E834 /* bg_46.png */,
				962E36F7251B3A4900F9E834 /* bg_47.png */,
				962E36EA251B3A4900F9E834 /* bg_48.png */,
				962E3712251B3A4A00F9E834 /* bg_49.png */,
				962E3702251B3A4900F9E834 /* bg_50.png */,
				962E3728251B3A4B00F9E834 /* bg_51.png */,
				962E3707251B3A4A00F9E834 /* bg_52.png */,
				962E3716251B3A4A00F9E834 /* bg_53.png */,
				962E36E4251B3A4800F9E834 /* bg_54.png */,
				962E36E5251B3A4800F9E834 /* bg_55.png */,
				962E372C251B3A4B00F9E834 /* bg_56.png */,
				962E36E8251B3A4900F9E834 /* bg_57.png */,
				962E36F8251B3A4900F9E834 /* bg_58.png */,
				962E3711251B3A4A00F9E834 /* bg_59.png */,
				962E36EE251B3A4900F9E834 /* bg_60.png */,
				962E36FB251B3A4900F9E834 /* bg_61.png */,
				962E370B251B3A4A00F9E834 /* bg_62.png */,
				962E36EB251B3A4900F9E834 /* bg_63.png */,
				962E371B251B3A4A00F9E834 /* bg_64.png */,
				962E36E9251B3A4900F9E834 /* bg_65.png */,
				962E370E251B3A4A00F9E834 /* bg_66.png */,
				962E36E3251B3A4800F9E834 /* bg_67.png */,
				962E36F5251B3A4900F9E834 /* bg_68.png */,
				962E36FA251B3A4900F9E834 /* bg_69.png */,
				962E36F6251B3A4900F9E834 /* bg_70.png */,
				962E370D251B3A4A00F9E834 /* bg_71.png */,
				962E372F251B3A4B00F9E834 /* bg_72.png */,
				962E370C251B3A4A00F9E834 /* bg_73.png */,
				962E3731251B3A4B00F9E834 /* bg_74.png */,
				962E36FC251B3A4900F9E834 /* bg_75.png */,
				962E3729251B3A4B00F9E834 /* bg_76.png */,
				962E36F9251B3A4900F9E834 /* bg_77.png */,
				962E3700251B3A4900F9E834 /* bg_78.png */,
				962E36EF251B3A4900F9E834 /* bg_79.png */,
				056513111EF489B4009EA38F /* UIView+Image.swift */,
				056513121EF489B4009EA38F /* Protocols.swift */,
				96618BDC24DAAB0D00128708 /* Nunito-Black.ttf */,
				056513131EF489B4009EA38F /* GradientView.swift */,
				056513141EF489B4009EA38F /* CropView.swift */,
				96C9D47A24C6C36700BB803D /* GifsStickersViewController.xib */,
				056513151EF489B4009EA38F /* CropRectView.swift */,
				96618BA424D99E8600128708 /* Nunito-ExtraBold.ttf */,
				056513161EF489B4009EA38F /* CropViewController.swift */,
				056513171EF489B4009EA38F /* UIImage+Crop.swift */,
				056513181EF489B4009EA38F /* ResizeControl.swift */,
				059EA71C1EACB8790072C0FE /* AppDelegate.swift */,
				96618BD924D9B5FF00128708 /* icon_delete.png */,
				96618BC724D9A31100128708 /* icon_back.png */,
				96618BC824D9A31100128708 /* icon_back@2x.png */,
				96618BC424D9A31100128708 /* icon_back@3x.png */,
				96618BC524D9A31100128708 /* icon_canvas.png */,
				96618BC924D9A31200128708 /* icon_canvas@2x.png */,
				96618BC224D9A31100128708 /* icon_canvas@3x.png */,
				96618BBF24D9A31100128708 /* icon_sticker.png */,
				96618BDB24DA831800128708 /* Nunito-SemiBold.ttf */,
				96618BC024D9A31100128708 /* icon_sticker@2x.png */,
				96618BC324D9A31100128708 /* icon_sticker@3x.png */,
				96618BCA24D9A31200128708 /* icon_text.png */,
				96618BC624D9A31100128708 /* icon_text@2x.png */,
				96618BC124D9A31100128708 /* icon_text@3x.png */,
				0565133E1EF489CD009EA38F /* PhotoEditor+Gestures.swift */,
				0565133F1EF489CD009EA38F /* PhotoEditor+Drawing.swift */,
				056513401EF489CD009EA38F /* PhotoEditor+Keyboard.swift */,
				056513411EF489CD009EA38F /* PhotoEditor+StickersViewController.swift */,
				056513421EF489CD009EA38F /* PhotoEditor+UITextView.swift */,
				056513431EF489CD009EA38F /* PhotoEditor+Controls.swift */,
				056513441EF489CD009EA38F /* PhotoEditor+Crop.swift */,
				056513451EF489CD009EA38F /* PhotoEditor+Font.swift */,
				0565132B1EF489C0009EA38F /* ColorCollectionViewCell.xib */,
				964F1C2424C5B3F900F96C62 /* PhotoEditorViewController.xib */,
				0565132E1EF489C0009EA38F /* LaunchScreen.storyboard */,
				0565132F1EF489C0009EA38F /* PhotoCropEditorBorder.png */,
				056513301EF489C0009EA38F /* PhotoCropEditorBorder@2x.png */,
				056513311EF489C0009EA38F /* PhotoCropEditorBorder@3x.png */,
				056513321EF489C0009EA38F /* StickerCollectionViewCell.xib */,
				059EA7231EACB8790072C0FE /* Assets.xcassets */,
				059EA7251EACB8790072C0FE /* LaunchScreen.storyboard */,
				059EA7281EACB8790072C0FE /* Info.plist */,
			);
			path = "Photo Editor";
			sourceTree = "<group>";
		};
/* End PBXGroup section */

/* Begin PBXNativeTarget section */
		059EA7181EACB8790072C0FE /* Photo Editor */ = {
			isa = PBXNativeTarget;
			buildConfigurationList = 059EA72B1EACB8790072C0FE /* Build configuration list for PBXNativeTarget "Photo Editor" */;
			buildPhases = (
				059EA7151EACB8790072C0FE /* Sources */,
				059EA7161EACB8790072C0FE /* Frameworks */,
				059EA7171EACB8790072C0FE /* Resources */,
			);
			buildRules = (
			);
			dependencies = (
			);
			name = "Photo Editor";
			productName = "Photo Editor";
			productReference = 059EA7191EACB8790072C0FE /* Photo Editor.app */;
			productType = "com.apple.product-type.application";
		};
/* End PBXNativeTarget section */

/* Begin PBXProject section */
		059EA7111EACB8780072C0FE /* Project object */ = {
			isa = PBXProject;
			attributes = {
				LastSwiftUpdateCheck = 0830;
				LastUpgradeCheck = 0830;
				ORGANIZATIONNAME = "Mohamed Hamed";
				TargetAttributes = {
					059EA7181EACB8790072C0FE = {
						CreatedOnToolsVersion = 8.3;
						DevelopmentTeam = B8BKM8368H;
						ProvisioningStyle = Automatic;
					};
				};
			};
			buildConfigurationList = 059EA7141EACB8780072C0FE /* Build configuration list for PBXProject "Photo Editor" */;
			compatibilityVersion = "Xcode 3.2";
			developmentRegion = English;
			hasScannedForEncodings = 0;
			knownRegions = (
				English,
				en,
				Base,
			);
			mainGroup = 059EA7101EACB8780072C0FE;
			productRefGroup = 059EA71A1EACB8790072C0FE /* Products */;
			projectDirPath = "";
			projectRoot = "";
			targets = (
				059EA7181EACB8790072C0FE /* Photo Editor */,
			);
		};
/* End PBXProject section */

/* Begin PBXResourcesBuildPhase section */
		059EA7171EACB8790072C0FE /* Resources */ = {
			isa = PBXResourcesBuildPhase;
			buildActionMask = 2147483647;
			files = (
				962E3736251B3A4B00F9E834 /* bg_17.png in Resources */,
				962E3734251B3A4B00F9E834 /* bg_55.png in Resources */,
				962E375B251B3A4B00F9E834 /* bg_73.png in Resources */,
				96618BBE24D99FD200128708 /* Nunito-ExtraBold.ttf in Resources */,
				962E373C251B3A4B00F9E834 /* bg_43.png in Resources */,
				960ED6B924DBCC7F002D3B85 /* icon_thumb@3x.png in Resources */,
				964F1C2524C5B3F900F96C62 /* PhotoEditorViewController.xib in Resources */,
				962E3752251B3A4B00F9E834 /* bg_20.png in Resources */,
				962E3733251B3A4B00F9E834 /* bg_54.png in Resources */,
				962E377E251B3A4B00F9E834 /* bg_72.png in Resources */,
				962E3754251B3A4B00F9E834 /* bg_9.png in Resources */,
				960ED6B424DBCC7F002D3B85 /* default_bg.png in Resources */,
				962E373E251B3A4B00F9E834 /* bg_79.png in Resources */,
				964F1C7924C5E3AB00F96C62 /* ImageCollectionViewCell.xib in Resources */,
				059EA7271EACB8790072C0FE /* LaunchScreen.storyboard in Resources */,
				962E374A251B3A4B00F9E834 /* bg_61.png in Resources */,
				96618BD424D9A31200128708 /* icon_back@2x.png in Resources */,
				96618BDA24D9B60000128708 /* icon_delete.png in Resources */,
				962E3747251B3A4B00F9E834 /* bg_58.png in Resources */,
				962E3738251B3A4B00F9E834 /* bg_65.png in Resources */,
				96618BD024D9A31200128708 /* icon_back@3x.png in Resources */,
				962E374D251B3A4B00F9E834 /* bg_4.png in Resources */,
				962E3741251B3A4B00F9E834 /* bg_41.png in Resources */,
				962E374C251B3A4B00F9E834 /* bg_19.png in Resources */,
				962E3735251B3A4B00F9E834 /* bg_6.png in Resources */,
				962E376E251B3A4B00F9E834 /* bg_26.png in Resources */,
				962E3760251B3A4B00F9E834 /* bg_59.png in Resources */,
				96618BD124D9A31200128708 /* icon_canvas.png in Resources */,
				962E376F251B3A4B00F9E834 /* bg_29.png in Resources */,
				962E3739251B3A4B00F9E834 /* bg_48.png in Resources */,
				962E373F251B3A4B00F9E834 /* bg_10.png in Resources */,
				962E374E251B3A4B00F9E834 /* bg_22.png in Resources */,
				962E3771251B3A4B00F9E834 /* bg_1.png in Resources */,
				96618BD524D9A31200128708 /* icon_canvas@2x.png in Resources */,
				962E376A251B3A4B00F9E834 /* bg_64.png in Resources */,
				962E3780251B3A4B00F9E834 /* bg_74.png in Resources */,
				962E3773251B3A4B00F9E834 /* bg_31.png in Resources */,
				96618BCE24D9A31200128708 /* icon_canvas@3x.png in Resources */,
				962E3751251B3A4B00F9E834 /* bg_50.png in Resources */,
				96618BCB24D9A31200128708 /* icon_sticker.png in Resources */,
				962E3746251B3A4B00F9E834 /* bg_47.png in Resources */,
				962E3749251B3A4B00F9E834 /* bg_69.png in Resources */,
				962E377D251B3A4B00F9E834 /* bg_46.png in Resources */,
				0565133B1EF489C0009EA38F /* PhotoCropEditorBorder@3x.png in Resources */,
				962E3755251B3A4B00F9E834 /* bg_3.png in Resources */,
				960ED6B524DBCC7F002D3B85 /* icon_thumb.png in Resources */,
				962E375A251B3A4B00F9E834 /* bg_62.png in Resources */,
				96618BCC24D9A31200128708 /* icon_sticker@2x.png in Resources */,
				962E3761251B3A4B00F9E834 /* bg_49.png in Resources */,
				962E374B251B3A4B00F9E834 /* bg_75.png in Resources */,
				962E3775251B3A4B00F9E834 /* bg_2.png in Resources */,
				96618BCF24D9A31200128708 /* icon_sticker@3x.png in Resources */,
				962E373D251B3A4B00F9E834 /* bg_60.png in Resources */,
				962E3772251B3A4B00F9E834 /* bg_39.png in Resources */,
				962E377B251B3A4B00F9E834 /* bg_56.png in Resources */,
				962E3750251B3A4B00F9E834 /* bg_11.png in Resources */,
				962E373B251B3A4B00F9E834 /* bg_7.png in Resources */,
				962E3758251B3A4B00F9E834 /* bg_13.png in Resources */,
				962E3732251B3A4B00F9E834 /* bg_67.png in Resources */,
				962E3756251B3A4B00F9E834 /* bg_52.png in Resources */,
				962E3776251B3A4B00F9E834 /* bg_5.png in Resources */,
				962E3740251B3A4B00F9E834 /* bg_34.png in Resources */,
				96C9D47B24C6C36700BB803D /* GifsStickersViewController.xib in Resources */,
				962E3765251B3A4B00F9E834 /* bg_53.png in Resources */,
				962E3764251B3A4B00F9E834 /* bg_45.png in Resources */,
				962E3767251B3A4B00F9E834 /* bg_25.png in Resources */,
				059EA7241EACB8790072C0FE /* Assets.xcassets in Resources */,
				962E377A251B3A4B00F9E834 /* bg_38.png in Resources */,
				962E374F251B3A4B00F9E834 /* bg_78.png in Resources */,
				962E3757251B3A4B00F9E834 /* bg_15.png in Resources */,
				96618BD324D9A31200128708 /* icon_back.png in Resources */,
				962E3748251B3A4B00F9E834 /* bg_77.png in Resources */,
				96618BD224D9A31200128708 /* icon_text@2x.png in Resources */,
				962E3769251B3A4B00F9E834 /* bg_18.png in Resources */,
				962E3753251B3A4B00F9E834 /* bg_35.png in Resources */,
				96618BD624D9A31200128708 /* icon_text.png in Resources */,
				96618BCD24D9A31200128708 /* icon_text@3x.png in Resources */,
				056513351EF489C0009EA38F /* ColorCollectionViewCell.xib in Resources */,
				962E3743251B3A4B00F9E834 /* bg_12.png in Resources */,
				962E376B251B3A4B00F9E834 /* bg_8.png in Resources */,
				962E377F251B3A4B00F9E834 /* bg_36.png in Resources */,
				962E3778251B3A4B00F9E834 /* bg_76.png in Resources */,
				0565133A1EF489C0009EA38F /* PhotoCropEditorBorder@2x.png in Resources */,
				962E3763251B3A4B00F9E834 /* bg_40.png in Resources */,
				962E375F251B3A4B00F9E834 /* bg_32.png in Resources */,
				9698534424C6D52D0004167C /* GifCollectionViewCell.xib in Resources */,
				962E3774251B3A4B00F9E834 /* bg_21.png in Resources */,
				962E3759251B3A4B00F9E834 /* bg_28.png in Resources */,
				962E3779251B3A4B00F9E834 /* bg_23.png in Resources */,
				0565133C1EF489C0009EA38F /* StickerCollectionViewCell.xib in Resources */,
				962E377C251B3A4B00F9E834 /* bg_37.png in Resources */,
				962E375C251B3A4B00F9E834 /* bg_71.png in Resources */,
				962E3745251B3A4B00F9E834 /* bg_70.png in Resources */,
				962E3768251B3A4B00F9E834 /* bg_30.png in Resources */,
				962E375D251B3A4B00F9E834 /* bg_66.png in Resources */,
				962E3744251B3A4B00F9E834 /* bg_68.png in Resources */,
				962E375E251B3A4B00F9E834 /* bg_44.png in Resources */,
				962E376D251B3A4B00F9E834 /* bg_27.png in Resources */,
				056513381EF489C0009EA38F /* LaunchScreen.storyboard in Resources */,
				962E3777251B3A4B00F9E834 /* bg_51.png in Resources */,
				962E376C251B3A4B00F9E834 /* bg_16.png in Resources */,
				962E3742251B3A4B00F9E834 /* bg_33.png in Resources */,
				962E3762251B3A4B00F9E834 /* bg_42.png in Resources */,
				962E3737251B3A4B00F9E834 /* bg_57.png in Resources */,
				964F1C7324C5E3AB00F96C62 /* BackgroundViewController.xib in Resources */,
				962E373A251B3A4B00F9E834 /* bg_63.png in Resources */,
				962E3766251B3A4B00F9E834 /* bg_14.png in Resources */,
				960ED6B624DBCC7F002D3B85 /* icon_thumb@2x.png in Resources */,
				962E3770251B3A4B00F9E834 /* bg_24.png in Resources */,
				056513391EF489C0009EA38F /* PhotoCropEditorBorder.png in Resources */,
			);
			runOnlyForDeploymentPostprocessing = 0;
		};
/* End PBXResourcesBuildPhase section */

/* Begin PBXSourcesBuildPhase section */
		059EA7151EACB8790072C0FE /* Sources */ = {
			isa = PBXSourcesBuildPhase;
			buildActionMask = 2147483647;
			files = (
				056513281EF489B4009EA38F /* UIImage+Crop.swift in Sources */,
				964F1C7424C5E3AB00F96C62 /* PhotoEditor+BackgroundViewController.swift in Sources */,
				056513221EF489B4009EA38F /* UIView+Image.swift in Sources */,
				056513461EF489CD009EA38F /* PhotoEditor+Gestures.swift in Sources */,
				9611043324E2695B0021D4D7 /* ExpressionPreview.swift in Sources */,
				056513201EF489B4009EA38F /* UIImage+Size.swift in Sources */,
				056513471EF489CD009EA38F /* PhotoEditor+Drawing.swift in Sources */,
				056513191EF489B4009EA38F /* PhotoEditorViewController.swift in Sources */,
				056513261EF489B4009EA38F /* CropRectView.swift in Sources */,
				056513231EF489B4009EA38F /* Protocols.swift in Sources */,
				0565134C1EF489CD009EA38F /* PhotoEditor+Crop.swift in Sources */,
				056513491EF489CD009EA38F /* PhotoEditor+StickersViewController.swift in Sources */,
				964F1C7524C5E3AB00F96C62 /* BackgroundViewController.swift in Sources */,
				056513271EF489B4009EA38F /* CropViewController.swift in Sources */,
				0565134D1EF489CD009EA38F /* PhotoEditor+Font.swift in Sources */,
				0565131C1EF489B4009EA38F /* ColorsCollectionViewDelegate.swift in Sources */,
				056513481EF489CD009EA38F /* PhotoEditor+Keyboard.swift in Sources */,
				964F1C7624C5E3AB00F96C62 /* ImageCollectionViewDelegate.swift in Sources */,
				963AE9B324C6D1EC0043F791 /* GifCollectionViewCell.swift in Sources */,
				96F9690424E177690081A0DB /* CustomTextField.swift in Sources */,
				0565131B1EF489B4009EA38F /* ColorCollectionViewCell.swift in Sources */,
				0565131F1EF489B4009EA38F /* StickerCollectionViewCell.swift in Sources */,
				964F1C7824C5E3AB00F96C62 /* ImageCollectionViewCell.swift in Sources */,
				96C9D47924C6C36100BB803D /* GifsStickersViewController.swift in Sources */,
				056513251EF489B4009EA38F /* CropView.swift in Sources */,
				0565134A1EF489CD009EA38F /* PhotoEditor+UITextView.swift in Sources */,
				056513241EF489B4009EA38F /* GradientView.swift in Sources */,
				964F1C7724C5E3AB00F96C62 /* Extensions.swift in Sources */,
				059EA71D1EACB8790072C0FE /* AppDelegate.swift in Sources */,
				0565134B1EF489CD009EA38F /* PhotoEditor+Controls.swift in Sources */,
				056513211EF489B4009EA38F /* UIImageView+Alpha.swift in Sources */,
				056513291EF489B4009EA38F /* ResizeControl.swift in Sources */,
			);
			runOnlyForDeploymentPostprocessing = 0;
		};
/* End PBXSourcesBuildPhase section */

/* Begin PBXVariantGroup section */
		059EA7251EACB8790072C0FE /* LaunchScreen.storyboard */ = {
			isa = PBXVariantGroup;
			children = (
				059EA7261EACB8790072C0FE /* Base */,
			);
			name = LaunchScreen.storyboard;
			sourceTree = "<group>";
		};
/* End PBXVariantGroup section */

/* Begin XCBuildConfiguration section */
		059EA7291EACB8790072C0FE /* Debug */ = {
			isa = XCBuildConfiguration;
			buildSettings = {
				ALWAYS_SEARCH_USER_PATHS = NO;
				CLANG_ANALYZER_NONNULL = YES;
				CLANG_ANALYZER_NUMBER_OBJECT_CONVERSION = YES_AGGRESSIVE;
				CLANG_CXX_LANGUAGE_STANDARD = "gnu++0x";
				CLANG_CXX_LIBRARY = "libc++";
				CLANG_ENABLE_MODULES = YES;
				CLANG_ENABLE_OBJC_ARC = YES;
				CLANG_WARN_BOOL_CONVERSION = YES;
				CLANG_WARN_CONSTANT_CONVERSION = YES;
				CLANG_WARN_DIRECT_OBJC_ISA_USAGE = YES_ERROR;
				CLANG_WARN_DOCUMENTATION_COMMENTS = YES;
				CLANG_WARN_EMPTY_BODY = YES;
				CLANG_WARN_ENUM_CONVERSION = YES;
				CLANG_WARN_INFINITE_RECURSION = YES;
				CLANG_WARN_INT_CONVERSION = YES;
				CLANG_WARN_OBJC_ROOT_CLASS = YES_ERROR;
				CLANG_WARN_SUSPICIOUS_MOVE = YES;
				CLANG_WARN_UNREACHABLE_CODE = YES;
				CLANG_WARN__DUPLICATE_METHOD_MATCH = YES;
				"CODE_SIGN_IDENTITY[sdk=iphoneos*]" = "iPhone Developer";
				COPY_PHASE_STRIP = NO;
				DEBUG_INFORMATION_FORMAT = dwarf;
				ENABLE_STRICT_OBJC_MSGSEND = YES;
				ENABLE_TESTABILITY = YES;
				GCC_C_LANGUAGE_STANDARD = gnu99;
				GCC_DYNAMIC_NO_PIC = NO;
				GCC_NO_COMMON_BLOCKS = YES;
				GCC_OPTIMIZATION_LEVEL = 0;
				GCC_PREPROCESSOR_DEFINITIONS = (
					"DEBUG=1",
					"$(inherited)",
				);
				GCC_WARN_64_TO_32_BIT_CONVERSION = YES;
				GCC_WARN_ABOUT_RETURN_TYPE = YES_ERROR;
				GCC_WARN_UNDECLARED_SELECTOR = YES;
				GCC_WARN_UNINITIALIZED_AUTOS = YES_AGGRESSIVE;
				GCC_WARN_UNUSED_FUNCTION = YES;
				GCC_WARN_UNUSED_VARIABLE = YES;
				IPHONEOS_DEPLOYMENT_TARGET = 10.3;
				MTL_ENABLE_DEBUG_INFO = YES;
				ONLY_ACTIVE_ARCH = YES;
				SDKROOT = iphoneos;
				SWIFT_ACTIVE_COMPILATION_CONDITIONS = DEBUG;
				SWIFT_OPTIMIZATION_LEVEL = "-Onone";
			};
			name = Debug;
		};
		059EA72A1EACB8790072C0FE /* Release */ = {
			isa = XCBuildConfiguration;
			buildSettings = {
				ALWAYS_SEARCH_USER_PATHS = NO;
				CLANG_ANALYZER_NONNULL = YES;
				CLANG_ANALYZER_NUMBER_OBJECT_CONVERSION = YES_AGGRESSIVE;
				CLANG_CXX_LANGUAGE_STANDARD = "gnu++0x";
				CLANG_CXX_LIBRARY = "libc++";
				CLANG_ENABLE_MODULES = YES;
				CLANG_ENABLE_OBJC_ARC = YES;
				CLANG_WARN_BOOL_CONVERSION = YES;
				CLANG_WARN_CONSTANT_CONVERSION = YES;
				CLANG_WARN_DIRECT_OBJC_ISA_USAGE = YES_ERROR;
				CLANG_WARN_DOCUMENTATION_COMMENTS = YES;
				CLANG_WARN_EMPTY_BODY = YES;
				CLANG_WARN_ENUM_CONVERSION = YES;
				CLANG_WARN_INFINITE_RECURSION = YES;
				CLANG_WARN_INT_CONVERSION = YES;
				CLANG_WARN_OBJC_ROOT_CLASS = YES_ERROR;
				CLANG_WARN_SUSPICIOUS_MOVE = YES;
				CLANG_WARN_UNREACHABLE_CODE = YES;
				CLANG_WARN__DUPLICATE_METHOD_MATCH = YES;
				"CODE_SIGN_IDENTITY[sdk=iphoneos*]" = "iPhone Developer";
				COPY_PHASE_STRIP = NO;
				DEBUG_INFORMATION_FORMAT = "dwarf-with-dsym";
				ENABLE_NS_ASSERTIONS = NO;
				ENABLE_STRICT_OBJC_MSGSEND = YES;
				GCC_C_LANGUAGE_STANDARD = gnu99;
				GCC_NO_COMMON_BLOCKS = YES;
				GCC_WARN_64_TO_32_BIT_CONVERSION = YES;
				GCC_WARN_ABOUT_RETURN_TYPE = YES_ERROR;
				GCC_WARN_UNDECLARED_SELECTOR = YES;
				GCC_WARN_UNINITIALIZED_AUTOS = YES_AGGRESSIVE;
				GCC_WARN_UNUSED_FUNCTION = YES;
				GCC_WARN_UNUSED_VARIABLE = YES;
				IPHONEOS_DEPLOYMENT_TARGET = 10.3;
				MTL_ENABLE_DEBUG_INFO = NO;
				SDKROOT = iphoneos;
				SWIFT_OPTIMIZATION_LEVEL = "-Owholemodule";
				VALIDATE_PRODUCT = YES;
			};
			name = Release;
		};
		059EA72C1EACB8790072C0FE /* Debug */ = {
			isa = XCBuildConfiguration;
			buildSettings = {
				ASSETCATALOG_COMPILER_APPICON_NAME = AppIcon;
				DEVELOPMENT_TEAM = B8BKM8368H;
				INFOPLIST_FILE = "Photo Editor/Info.plist";
				IPHONEOS_DEPLOYMENT_TARGET = 10.3;
				LD_RUNPATH_SEARCH_PATHS = "$(inherited) @executable_path/Frameworks";
				PRODUCT_BUNDLE_IDENTIFIER = "com.hamed.Photo-Editor";
				PRODUCT_NAME = "$(TARGET_NAME)";
				SWIFT_VERSION = 5.0;
			};
			name = Debug;
		};
		059EA72D1EACB8790072C0FE /* Release */ = {
			isa = XCBuildConfiguration;
			buildSettings = {
				ASSETCATALOG_COMPILER_APPICON_NAME = AppIcon;
				DEVELOPMENT_TEAM = B8BKM8368H;
				INFOPLIST_FILE = "Photo Editor/Info.plist";
				IPHONEOS_DEPLOYMENT_TARGET = 10.3;
				LD_RUNPATH_SEARCH_PATHS = "$(inherited) @executable_path/Frameworks";
				PRODUCT_BUNDLE_IDENTIFIER = "com.hamed.Photo-Editor";
				PRODUCT_NAME = "$(TARGET_NAME)";
				SWIFT_VERSION = 5.0;
			};
			name = Release;
		};
/* End XCBuildConfiguration section */

/* Begin XCConfigurationList section */
		059EA7141EACB8780072C0FE /* Build configuration list for PBXProject "Photo Editor" */ = {
			isa = XCConfigurationList;
			buildConfigurations = (
				059EA7291EACB8790072C0FE /* Debug */,
				059EA72A1EACB8790072C0FE /* Release */,
			);
			defaultConfigurationIsVisible = 0;
			defaultConfigurationName = Release;
		};
		059EA72B1EACB8790072C0FE /* Build configuration list for PBXNativeTarget "Photo Editor" */ = {
			isa = XCConfigurationList;
			buildConfigurations = (
				059EA72C1EACB8790072C0FE /* Debug */,
				059EA72D1EACB8790072C0FE /* Release */,
			);
			defaultConfigurationIsVisible = 0;
			defaultConfigurationName = Release;
		};
/* End XCConfigurationList section */
	};
	rootObject = 059EA7111EACB8780072C0FE /* Project object */;
}
