// !$*UTF8*$!
{
	archiveVersion = 1;
	classes = {
	};
	objectVersion = 46;
	objects = {

/* Begin PBXBuildFile section */
		056513191EF489B4009EA38F /* PhotoEditorViewController.swift in Sources */ = {isa = PBXBuildFile; fileRef = 056513081EF489B4009EA38F /* PhotoEditorViewController.swift */; };
		0565131B1EF489B4009EA38F /* ColorCollectionViewCell.swift in Sources */ = {isa = PBXBuildFile; fileRef = 0565130A1EF489B4009EA38F /* ColorCollectionViewCell.swift */; };
		0565131C1EF489B4009EA38F /* ColorsCollectionViewDelegate.swift in Sources */ = {isa = PBXBuildFile; fileRef = 0565130B1EF489B4009EA38F /* ColorsCollectionViewDelegate.swift */; };
		0565131F1EF489B4009EA38F /* StickerCollectionViewCell.swift in Sources */ = {isa = PBXBuildFile; fileRef = 0565130E1EF489B4009EA38F /* StickerCollectionViewCell.swift */; };
		056513201EF489B4009EA38F /* UIImage+Size.swift in Sources */ = {isa = PBXBuildFile; fileRef = 0565130F1EF489B4009EA38F /* UIImage+Size.swift */; };
		056513211EF489B4009EA38F /* UIImageView+Alpha.swift in Sources */ = {isa = PBXBuildFile; fileRef = 056513101EF489B4009EA38F /* UIImageView+Alpha.swift */; };
		056513221EF489B4009EA38F /* UIView+Image.swift in Sources */ = {isa = PBXBuildFile; fileRef = 056513111EF489B4009EA38F /* UIView+Image.swift */; };
		056513231EF489B4009EA38F /* Protocols.swift in Sources */ = {isa = PBXBuildFile; fileRef = 056513121EF489B4009EA38F /* Protocols.swift */; };
		056513241EF489B4009EA38F /* GradientView.swift in Sources */ = {isa = PBXBuildFile; fileRef = 056513131EF489B4009EA38F /* GradientView.swift */; };
		056513251EF489B4009EA38F /* CropView.swift in Sources */ = {isa = PBXBuildFile; fileRef = 056513141EF489B4009EA38F /* CropView.swift */; };
		056513261EF489B4009EA38F /* CropRectView.swift in Sources */ = {isa = PBXBuildFile; fileRef = 056513151EF489B4009EA38F /* CropRectView.swift */; };
		056513271EF489B4009EA38F /* CropViewController.swift in Sources */ = {isa = PBXBuildFile; fileRef = 056513161EF489B4009EA38F /* CropViewController.swift */; };
		056513281EF489B4009EA38F /* UIImage+Crop.swift in Sources */ = {isa = PBXBuildFile; fileRef = 056513171EF489B4009EA38F /* UIImage+Crop.swift */; };
		056513291EF489B4009EA38F /* ResizeControl.swift in Sources */ = {isa = PBXBuildFile; fileRef = 056513181EF489B4009EA38F /* ResizeControl.swift */; };
		056513351EF489C0009EA38F /* ColorCollectionViewCell.xib in Resources */ = {isa = PBXBuildFile; fileRef = 0565132B1EF489C0009EA38F /* ColorCollectionViewCell.xib */; };
		056513381EF489C0009EA38F /* LaunchScreen.storyboard in Resources */ = {isa = PBXBuildFile; fileRef = 0565132E1EF489C0009EA38F /* LaunchScreen.storyboard */; };
		056513391EF489C0009EA38F /* PhotoCropEditorBorder.png in Resources */ = {isa = PBXBuildFile; fileRef = 0565132F1EF489C0009EA38F /* PhotoCropEditorBorder.png */; };
		0565133A1EF489C0009EA38F /* PhotoCropEditorBorder@2x.png in Resources */ = {isa = PBXBuildFile; fileRef = 056513301EF489C0009EA38F /* PhotoCropEditorBorder@2x.png */; };
		0565133B1EF489C0009EA38F /* PhotoCropEditorBorder@3x.png in Resources */ = {isa = PBXBuildFile; fileRef = 056513311EF489C0009EA38F /* PhotoCropEditorBorder@3x.png */; };
		0565133C1EF489C0009EA38F /* StickerCollectionViewCell.xib in Resources */ = {isa = PBXBuildFile; fileRef = 056513321EF489C0009EA38F /* StickerCollectionViewCell.xib */; };
		056513461EF489CD009EA38F /* PhotoEditor+Gestures.swift in Sources */ = {isa = PBXBuildFile; fileRef = 0565133E1EF489CD009EA38F /* PhotoEditor+Gestures.swift */; };
		056513471EF489CD009EA38F /* PhotoEditor+Drawing.swift in Sources */ = {isa = PBXBuildFile; fileRef = 0565133F1EF489CD009EA38F /* PhotoEditor+Drawing.swift */; };
		056513481EF489CD009EA38F /* PhotoEditor+Keyboard.swift in Sources */ = {isa = PBXBuildFile; fileRef = 056513401EF489CD009EA38F /* PhotoEditor+Keyboard.swift */; };
		056513491EF489CD009EA38F /* PhotoEditor+StickersViewController.swift in Sources */ = {isa = PBXBuildFile; fileRef = 056513411EF489CD009EA38F /* PhotoEditor+StickersViewController.swift */; };
		0565134A1EF489CD009EA38F /* PhotoEditor+UITextView.swift in Sources */ = {isa = PBXBuildFile; fileRef = 056513421EF489CD009EA38F /* PhotoEditor+UITextView.swift */; };
		0565134B1EF489CD009EA38F /* PhotoEditor+Controls.swift in Sources */ = {isa = PBXBuildFile; fileRef = 056513431EF489CD009EA38F /* PhotoEditor+Controls.swift */; };
		0565134C1EF489CD009EA38F /* PhotoEditor+Crop.swift in Sources */ = {isa = PBXBuildFile; fileRef = 056513441EF489CD009EA38F /* PhotoEditor+Crop.swift */; };
		0565134D1EF489CD009EA38F /* PhotoEditor+Font.swift in Sources */ = {isa = PBXBuildFile; fileRef = 056513451EF489CD009EA38F /* PhotoEditor+Font.swift */; };
		059EA71D1EACB8790072C0FE /* AppDelegate.swift in Sources */ = {isa = PBXBuildFile; fileRef = 059EA71C1EACB8790072C0FE /* AppDelegate.swift */; };
		059EA7241EACB8790072C0FE /* Assets.xcassets in Resources */ = {isa = PBXBuildFile; fileRef = 059EA7231EACB8790072C0FE /* Assets.xcassets */; };
		059EA7271EACB8790072C0FE /* LaunchScreen.storyboard in Resources */ = {isa = PBXBuildFile; fileRef = 059EA7251EACB8790072C0FE /* LaunchScreen.storyboard */; };
		960B0EA92541968800C5DA4B /* icon_align_right.png in Resources */ = {isa = PBXBuildFile; fileRef = 960B0EA02541968700C5DA4B /* icon_align_right.png */; };
		960B0EAA2541968800C5DA4B /* icon_align_center.png in Resources */ = {isa = PBXBuildFile; fileRef = 960B0EA12541968700C5DA4B /* icon_align_center.png */; };
		960B0EAB2541968800C5DA4B /* icon_align_right@3x.png in Resources */ = {isa = PBXBuildFile; fileRef = 960B0EA22541968700C5DA4B /* icon_align_right@3x.png */; };
		960B0EAC2541968800C5DA4B /* icon_align_right@2x.png in Resources */ = {isa = PBXBuildFile; fileRef = 960B0EA32541968700C5DA4B /* icon_align_right@2x.png */; };
		960B0EAD2541968800C5DA4B /* icon_align_left@3x.png in Resources */ = {isa = PBXBuildFile; fileRef = 960B0EA42541968800C5DA4B /* icon_align_left@3x.png */; };
		960B0EAE2541968800C5DA4B /* icon_align_center@3x.png in Resources */ = {isa = PBXBuildFile; fileRef = 960B0EA52541968800C5DA4B /* icon_align_center@3x.png */; };
		960B0EAF2541968800C5DA4B /* icon_align_center@2x.png in Resources */ = {isa = PBXBuildFile; fileRef = 960B0EA62541968800C5DA4B /* icon_align_center@2x.png */; };
		960B0EB02541968800C5DA4B /* icon_align_left.png in Resources */ = {isa = PBXBuildFile; fileRef = 960B0EA72541968800C5DA4B /* icon_align_left.png */; };
		960B0EB12541968800C5DA4B /* icon_align_left@2x.png in Resources */ = {isa = PBXBuildFile; fileRef = 960B0EA82541968800C5DA4B /* icon_align_left@2x.png */; };
		960ED6B424DBCC7F002D3B85 /* default_bg.png in Resources */ = {isa = PBXBuildFile; fileRef = 960ED6AE24DBCC7F002D3B85 /* default_bg.png */; };
		960ED6B524DBCC7F002D3B85 /* icon_thumb.png in Resources */ = {isa = PBXBuildFile; fileRef = 960ED6AF24DBCC7F002D3B85 /* icon_thumb.png */; };
		960ED6B624DBCC7F002D3B85 /* icon_thumb@2x.png in Resources */ = {isa = PBXBuildFile; fileRef = 960ED6B024DBCC7F002D3B85 /* icon_thumb@2x.png */; };
		960ED6B924DBCC7F002D3B85 /* icon_thumb@3x.png in Resources */ = {isa = PBXBuildFile; fileRef = 960ED6B324DBCC7F002D3B85 /* icon_thumb@3x.png */; };
		9611043324E2695B0021D4D7 /* ExpressionPreview.swift in Sources */ = {isa = PBXBuildFile; fileRef = 9611043224E2695B0021D4D7 /* ExpressionPreview.swift */; };
		963AE9B324C6D1EC0043F791 /* GifCollectionViewCell.swift in Sources */ = {isa = PBXBuildFile; fileRef = 963AE9B124C6D1EC0043F791 /* GifCollectionViewCell.swift */; };
		964F1C2524C5B3F900F96C62 /* PhotoEditorViewController.xib in Resources */ = {isa = PBXBuildFile; fileRef = 964F1C2424C5B3F900F96C62 /* PhotoEditorViewController.xib */; };
		964F1C7324C5E3AB00F96C62 /* BackgroundViewController.xib in Resources */ = {isa = PBXBuildFile; fileRef = 964F1C6C24C5E3AB00F96C62 /* BackgroundViewController.xib */; };
		964F1C7424C5E3AB00F96C62 /* PhotoEditor+BackgroundViewController.swift in Sources */ = {isa = PBXBuildFile; fileRef = 964F1C6D24C5E3AB00F96C62 /* PhotoEditor+BackgroundViewController.swift */; };
		964F1C7524C5E3AB00F96C62 /* BackgroundViewController.swift in Sources */ = {isa = PBXBuildFile; fileRef = 964F1C6E24C5E3AB00F96C62 /* BackgroundViewController.swift */; };
		964F1C7624C5E3AB00F96C62 /* ImageCollectionViewDelegate.swift in Sources */ = {isa = PBXBuildFile; fileRef = 964F1C6F24C5E3AB00F96C62 /* ImageCollectionViewDelegate.swift */; };
		964F1C7724C5E3AB00F96C62 /* Extensions.swift in Sources */ = {isa = PBXBuildFile; fileRef = 964F1C7024C5E3AB00F96C62 /* Extensions.swift */; };
		964F1C7824C5E3AB00F96C62 /* ImageCollectionViewCell.swift in Sources */ = {isa = PBXBuildFile; fileRef = 964F1C7124C5E3AB00F96C62 /* ImageCollectionViewCell.swift */; };
		964F1C7924C5E3AB00F96C62 /* ImageCollectionViewCell.xib in Resources */ = {isa = PBXBuildFile; fileRef = 964F1C7224C5E3AB00F96C62 /* ImageCollectionViewCell.xib */; };
		96618BBE24D99FD200128708 /* Nunito-ExtraBold.ttf in Resources */ = {isa = PBXBuildFile; fileRef = 96618BA424D99E8600128708 /* Nunito-ExtraBold.ttf */; };
		96618BCB24D9A31200128708 /* icon_sticker.png in Resources */ = {isa = PBXBuildFile; fileRef = 96618BBF24D9A31100128708 /* icon_sticker.png */; };
		96618BCC24D9A31200128708 /* icon_sticker@2x.png in Resources */ = {isa = PBXBuildFile; fileRef = 96618BC024D9A31100128708 /* icon_sticker@2x.png */; };
		96618BCD24D9A31200128708 /* icon_text@3x.png in Resources */ = {isa = PBXBuildFile; fileRef = 96618BC124D9A31100128708 /* icon_text@3x.png */; };
		96618BCE24D9A31200128708 /* icon_canvas@3x.png in Resources */ = {isa = PBXBuildFile; fileRef = 96618BC224D9A31100128708 /* icon_canvas@3x.png */; };
		96618BCF24D9A31200128708 /* icon_sticker@3x.png in Resources */ = {isa = PBXBuildFile; fileRef = 96618BC324D9A31100128708 /* icon_sticker@3x.png */; };
		96618BD024D9A31200128708 /* icon_back@3x.png in Resources */ = {isa = PBXBuildFile; fileRef = 96618BC424D9A31100128708 /* icon_back@3x.png */; };
		96618BD124D9A31200128708 /* icon_canvas.png in Resources */ = {isa = PBXBuildFile; fileRef = 96618BC524D9A31100128708 /* icon_canvas.png */; };
		96618BD224D9A31200128708 /* icon_text@2x.png in Resources */ = {isa = PBXBuildFile; fileRef = 96618BC624D9A31100128708 /* icon_text@2x.png */; };
		96618BD324D9A31200128708 /* icon_back.png in Resources */ = {isa = PBXBuildFile; fileRef = 96618BC724D9A31100128708 /* icon_back.png */; };
		96618BD424D9A31200128708 /* icon_back@2x.png in Resources */ = {isa = PBXBuildFile; fileRef = 96618BC824D9A31100128708 /* icon_back@2x.png */; };
		96618BD524D9A31200128708 /* icon_canvas@2x.png in Resources */ = {isa = PBXBuildFile; fileRef = 96618BC924D9A31200128708 /* icon_canvas@2x.png */; };
		96618BD624D9A31200128708 /* icon_text.png in Resources */ = {isa = PBXBuildFile; fileRef = 96618BCA24D9A31200128708 /* icon_text.png */; };
		96618BDA24D9B60000128708 /* icon_delete.png in Resources */ = {isa = PBXBuildFile; fileRef = 96618BD924D9B5FF00128708 /* icon_delete.png */; };
		9698534424C6D52D0004167C /* GifCollectionViewCell.xib in Resources */ = {isa = PBXBuildFile; fileRef = 9698534324C6D52D0004167C /* GifCollectionViewCell.xib */; };
		969D23322541A50800695C90 /* FastInMyCar.ttf in Resources */ = {isa = PBXBuildFile; fileRef = 969D232F2541A50800695C90 /* FastInMyCar.ttf */; };
		969D235D2541AA1C00695C90 /* Cheria.ttf in Resources */ = {isa = PBXBuildFile; fileRef = 969D235C2541AA1C00695C90 /* Cheria.ttf */; };
		969D237C2541AB3D00695C90 /* SundayMorningRegular.ttf in Resources */ = {isa = PBXBuildFile; fileRef = 969D237B2541AB3C00695C90 /* SundayMorningRegular.ttf */; };
		96C9D47924C6C36100BB803D /* GifsStickersViewController.swift in Sources */ = {isa = PBXBuildFile; fileRef = 96C9D47824C6C36100BB803D /* GifsStickersViewController.swift */; };
		96C9D47B24C6C36700BB803D /* GifsStickersViewController.xib in Resources */ = {isa = PBXBuildFile; fileRef = 96C9D47A24C6C36700BB803D /* GifsStickersViewController.xib */; };
		96EF93B4254050D600915EFD /* color_off@2x.png in Resources */ = {isa = PBXBuildFile; fileRef = 96EF93AE254050D500915EFD /* color_off@2x.png */; };
		96EF93B5254050D600915EFD /* color_on.png in Resources */ = {isa = PBXBuildFile; fileRef = 96EF93AF254050D500915EFD /* color_on.png */; };
		96EF93B6254050D600915EFD /* color_off@3x.png in Resources */ = {isa = PBXBuildFile; fileRef = 96EF93B0254050D500915EFD /* color_off@3x.png */; };
		96EF93B7254050D600915EFD /* color_on@2x.png in Resources */ = {isa = PBXBuildFile; fileRef = 96EF93B1254050D600915EFD /* color_on@2x.png */; };
		96EF93B8254050D600915EFD /* color_off.png in Resources */ = {isa = PBXBuildFile; fileRef = 96EF93B2254050D600915EFD /* color_off.png */; };
		96EF93B9254050D600915EFD /* color_on@3x.png in Resources */ = {isa = PBXBuildFile; fileRef = 96EF93B3254050D600915EFD /* color_on@3x.png */; };
		96EF93C1254050E800915EFD /* text_on@2x.png in Resources */ = {isa = PBXBuildFile; fileRef = 96EF93BB254050E800915EFD /* text_on@2x.png */; };
		96EF93C2254050E800915EFD /* text_on@3x.png in Resources */ = {isa = PBXBuildFile; fileRef = 96EF93BC254050E800915EFD /* text_on@3x.png */; };
		96EF93C3254050E800915EFD /* text_off@3x.png in Resources */ = {isa = PBXBuildFile; fileRef = 96EF93BD254050E800915EFD /* text_off@3x.png */; };
		96EF93C4254050E800915EFD /* text_off@2x.png in Resources */ = {isa = PBXBuildFile; fileRef = 96EF93BE254050E800915EFD /* text_off@2x.png */; };
		96EF93C5254050E800915EFD /* text_on.png in Resources */ = {isa = PBXBuildFile; fileRef = 96EF93BF254050E800915EFD /* text_on.png */; };
		96EF93C6254050E800915EFD /* text_off.png in Resources */ = {isa = PBXBuildFile; fileRef = 96EF93C0254050E800915EFD /* text_off.png */; };
		96EF93CE254050EF00915EFD /* size_on@2x.png in Resources */ = {isa = PBXBuildFile; fileRef = 96EF93C8254050EE00915EFD /* size_on@2x.png */; };
		96EF93CF254050EF00915EFD /* size_on@3x.png in Resources */ = {isa = PBXBuildFile; fileRef = 96EF93C9254050EE00915EFD /* size_on@3x.png */; };
		96EF93D0254050EF00915EFD /* size_on.png in Resources */ = {isa = PBXBuildFile; fileRef = 96EF93CA254050EE00915EFD /* size_on.png */; };
		96EF93D1254050EF00915EFD /* size_off@3x.png in Resources */ = {isa = PBXBuildFile; fileRef = 96EF93CB254050EF00915EFD /* size_off@3x.png */; };
		96EF93D2254050EF00915EFD /* size_off.png in Resources */ = {isa = PBXBuildFile; fileRef = 96EF93CC254050EF00915EFD /* size_off.png */; };
		96EF93D3254050EF00915EFD /* size_off@2x.png in Resources */ = {isa = PBXBuildFile; fileRef = 96EF93CD254050EF00915EFD /* size_off@2x.png */; };
		96F9690424E177690081A0DB /* CustomTextField.swift in Sources */ = {isa = PBXBuildFile; fileRef = 96F9690324E177690081A0DB /* CustomTextField.swift */; };
/* End PBXBuildFile section */

/* Begin PBXFileReference section */
		056513081EF489B4009EA38F /* PhotoEditorViewController.swift */ = {isa = PBXFileReference; fileEncoding = 4; lastKnownFileType = sourcecode.swift; path = PhotoEditorViewController.swift; sourceTree = "<group>"; };
		0565130A1EF489B4009EA38F /* ColorCollectionViewCell.swift */ = {isa = PBXFileReference; fileEncoding = 4; lastKnownFileType = sourcecode.swift; path = ColorCollectionViewCell.swift; sourceTree = "<group>"; };
		0565130B1EF489B4009EA38F /* ColorsCollectionViewDelegate.swift */ = {isa = PBXFileReference; fileEncoding = 4; lastKnownFileType = sourcecode.swift; path = ColorsCollectionViewDelegate.swift; sourceTree = "<group>"; };
		0565130E1EF489B4009EA38F /* StickerCollectionViewCell.swift */ = {isa = PBXFileReference; fileEncoding = 4; lastKnownFileType = sourcecode.swift; path = StickerCollectionViewCell.swift; sourceTree = "<group>"; };
		0565130F1EF489B4009EA38F /* UIImage+Size.swift */ = {isa = PBXFileReference; fileEncoding = 4; lastKnownFileType = sourcecode.swift; path = "UIImage+Size.swift"; sourceTree = "<group>"; };
		056513101EF489B4009EA38F /* UIImageView+Alpha.swift */ = {isa = PBXFileReference; fileEncoding = 4; lastKnownFileType = sourcecode.swift; path = "UIImageView+Alpha.swift"; sourceTree = "<group>"; };
		056513111EF489B4009EA38F /* UIView+Image.swift */ = {isa = PBXFileReference; fileEncoding = 4; lastKnownFileType = sourcecode.swift; path = "UIView+Image.swift"; sourceTree = "<group>"; };
		056513121EF489B4009EA38F /* Protocols.swift */ = {isa = PBXFileReference; fileEncoding = 4; lastKnownFileType = sourcecode.swift; path = Protocols.swift; sourceTree = "<group>"; };
		056513131EF489B4009EA38F /* GradientView.swift */ = {isa = PBXFileReference; fileEncoding = 4; lastKnownFileType = sourcecode.swift; path = GradientView.swift; sourceTree = "<group>"; };
		056513141EF489B4009EA38F /* CropView.swift */ = {isa = PBXFileReference; fileEncoding = 4; lastKnownFileType = sourcecode.swift; path = CropView.swift; sourceTree = "<group>"; };
		056513151EF489B4009EA38F /* CropRectView.swift */ = {isa = PBXFileReference; fileEncoding = 4; lastKnownFileType = sourcecode.swift; path = CropRectView.swift; sourceTree = "<group>"; };
		056513161EF489B4009EA38F /* CropViewController.swift */ = {isa = PBXFileReference; fileEncoding = 4; lastKnownFileType = sourcecode.swift; path = CropViewController.swift; sourceTree = "<group>"; };
		056513171EF489B4009EA38F /* UIImage+Crop.swift */ = {isa = PBXFileReference; fileEncoding = 4; lastKnownFileType = sourcecode.swift; path = "UIImage+Crop.swift"; sourceTree = "<group>"; };
		056513181EF489B4009EA38F /* ResizeControl.swift */ = {isa = PBXFileReference; fileEncoding = 4; lastKnownFileType = sourcecode.swift; path = ResizeControl.swift; sourceTree = "<group>"; };
		0565132B1EF489C0009EA38F /* ColorCollectionViewCell.xib */ = {isa = PBXFileReference; fileEncoding = 4; lastKnownFileType = file.xib; path = ColorCollectionViewCell.xib; sourceTree = "<group>"; };
		0565132E1EF489C0009EA38F /* LaunchScreen.storyboard */ = {isa = PBXFileReference; fileEncoding = 4; lastKnownFileType = file.storyboard; path = LaunchScreen.storyboard; sourceTree = "<group>"; };
		0565132F1EF489C0009EA38F /* PhotoCropEditorBorder.png */ = {isa = PBXFileReference; lastKnownFileType = image.png; path = PhotoCropEditorBorder.png; sourceTree = "<group>"; };
		056513301EF489C0009EA38F /* PhotoCropEditorBorder@2x.png */ = {isa = PBXFileReference; lastKnownFileType = image.png; path = "PhotoCropEditorBorder@2x.png"; sourceTree = "<group>"; };
		056513311EF489C0009EA38F /* PhotoCropEditorBorder@3x.png */ = {isa = PBXFileReference; lastKnownFileType = image.png; path = "PhotoCropEditorBorder@3x.png"; sourceTree = "<group>"; };
		056513321EF489C0009EA38F /* StickerCollectionViewCell.xib */ = {isa = PBXFileReference; fileEncoding = 4; lastKnownFileType = file.xib; path = StickerCollectionViewCell.xib; sourceTree = "<group>"; };
		0565133E1EF489CD009EA38F /* PhotoEditor+Gestures.swift */ = {isa = PBXFileReference; fileEncoding = 4; lastKnownFileType = sourcecode.swift; path = "PhotoEditor+Gestures.swift"; sourceTree = "<group>"; };
		0565133F1EF489CD009EA38F /* PhotoEditor+Drawing.swift */ = {isa = PBXFileReference; fileEncoding = 4; lastKnownFileType = sourcecode.swift; path = "PhotoEditor+Drawing.swift"; sourceTree = "<group>"; };
		056513401EF489CD009EA38F /* PhotoEditor+Keyboard.swift */ = {isa = PBXFileReference; fileEncoding = 4; lastKnownFileType = sourcecode.swift; path = "PhotoEditor+Keyboard.swift"; sourceTree = "<group>"; };
		056513411EF489CD009EA38F /* PhotoEditor+StickersViewController.swift */ = {isa = PBXFileReference; fileEncoding = 4; lastKnownFileType = sourcecode.swift; path = "PhotoEditor+StickersViewController.swift"; sourceTree = "<group>"; };
		056513421EF489CD009EA38F /* PhotoEditor+UITextView.swift */ = {isa = PBXFileReference; fileEncoding = 4; lastKnownFileType = sourcecode.swift; path = "PhotoEditor+UITextView.swift"; sourceTree = "<group>"; };
		056513431EF489CD009EA38F /* PhotoEditor+Controls.swift */ = {isa = PBXFileReference; fileEncoding = 4; lastKnownFileType = sourcecode.swift; path = "PhotoEditor+Controls.swift"; sourceTree = "<group>"; };
		056513441EF489CD009EA38F /* PhotoEditor+Crop.swift */ = {isa = PBXFileReference; fileEncoding = 4; lastKnownFileType = sourcecode.swift; path = "PhotoEditor+Crop.swift"; sourceTree = "<group>"; };
		056513451EF489CD009EA38F /* PhotoEditor+Font.swift */ = {isa = PBXFileReference; fileEncoding = 4; lastKnownFileType = sourcecode.swift; path = "PhotoEditor+Font.swift"; sourceTree = "<group>"; };
		059EA7191EACB8790072C0FE /* Photo Editor.app */ = {isa = PBXFileReference; explicitFileType = wrapper.application; includeInIndex = 0; path = "Photo Editor.app"; sourceTree = BUILT_PRODUCTS_DIR; };
		059EA71C1EACB8790072C0FE /* AppDelegate.swift */ = {isa = PBXFileReference; lastKnownFileType = sourcecode.swift; path = AppDelegate.swift; sourceTree = "<group>"; };
		059EA7231EACB8790072C0FE /* Assets.xcassets */ = {isa = PBXFileReference; lastKnownFileType = folder.assetcatalog; path = Assets.xcassets; sourceTree = "<group>"; };
		059EA7261EACB8790072C0FE /* Base */ = {isa = PBXFileReference; lastKnownFileType = file.storyboard; name = Base; path = Base.lproj/LaunchScreen.storyboard; sourceTree = "<group>"; };
		059EA7281EACB8790072C0FE /* Info.plist */ = {isa = PBXFileReference; lastKnownFileType = text.plist.xml; path = Info.plist; sourceTree = "<group>"; };
		960B0EA02541968700C5DA4B /* icon_align_right.png */ = {isa = PBXFileReference; lastKnownFileType = image.png; path = icon_align_right.png; sourceTree = "<group>"; };
		960B0EA12541968700C5DA4B /* icon_align_center.png */ = {isa = PBXFileReference; lastKnownFileType = image.png; path = icon_align_center.png; sourceTree = "<group>"; };
		960B0EA22541968700C5DA4B /* icon_align_right@3x.png */ = {isa = PBXFileReference; lastKnownFileType = image.png; path = "icon_align_right@3x.png"; sourceTree = "<group>"; };
		960B0EA32541968700C5DA4B /* icon_align_right@2x.png */ = {isa = PBXFileReference; lastKnownFileType = image.png; path = "icon_align_right@2x.png"; sourceTree = "<group>"; };
		960B0EA42541968800C5DA4B /* icon_align_left@3x.png */ = {isa = PBXFileReference; lastKnownFileType = image.png; path = "icon_align_left@3x.png"; sourceTree = "<group>"; };
		960B0EA52541968800C5DA4B /* icon_align_center@3x.png */ = {isa = PBXFileReference; lastKnownFileType = image.png; path = "icon_align_center@3x.png"; sourceTree = "<group>"; };
		960B0EA62541968800C5DA4B /* icon_align_center@2x.png */ = {isa = PBXFileReference; lastKnownFileType = image.png; path = "icon_align_center@2x.png"; sourceTree = "<group>"; };
		960B0EA72541968800C5DA4B /* icon_align_left.png */ = {isa = PBXFileReference; lastKnownFileType = image.png; path = icon_align_left.png; sourceTree = "<group>"; };
		960B0EA82541968800C5DA4B /* icon_align_left@2x.png */ = {isa = PBXFileReference; lastKnownFileType = image.png; path = "icon_align_left@2x.png"; sourceTree = "<group>"; };
		960ED6AE24DBCC7F002D3B85 /* default_bg.png */ = {isa = PBXFileReference; lastKnownFileType = image.png; path = default_bg.png; sourceTree = "<group>"; };
		960ED6AF24DBCC7F002D3B85 /* icon_thumb.png */ = {isa = PBXFileReference; lastKnownFileType = image.png; path = icon_thumb.png; sourceTree = "<group>"; };
		960ED6B024DBCC7F002D3B85 /* icon_thumb@2x.png */ = {isa = PBXFileReference; lastKnownFileType = image.png; path = "icon_thumb@2x.png"; sourceTree = "<group>"; };
		960ED6B324DBCC7F002D3B85 /* icon_thumb@3x.png */ = {isa = PBXFileReference; lastKnownFileType = image.png; path = "icon_thumb@3x.png"; sourceTree = "<group>"; };
		9611043224E2695B0021D4D7 /* ExpressionPreview.swift */ = {isa = PBXFileReference; fileEncoding = 4; lastKnownFileType = sourcecode.swift; path = ExpressionPreview.swift; sourceTree = "<group>"; };
		9611052824E2D0070021D4D7 /* BowlbyOneSC-Regular.ttf */ = {isa = PBXFileReference; lastKnownFileType = file; path = "BowlbyOneSC-Regular.ttf"; sourceTree = "<group>"; };
		9611052924E2D0070021D4D7 /* ZillaSlabHighlight-Bold.ttf */ = {isa = PBXFileReference; lastKnownFileType = file; path = "ZillaSlabHighlight-Bold.ttf"; sourceTree = "<group>"; };
		963AE9B124C6D1EC0043F791 /* GifCollectionViewCell.swift */ = {isa = PBXFileReference; fileEncoding = 4; lastKnownFileType = sourcecode.swift; path = GifCollectionViewCell.swift; sourceTree = "<group>"; };
		964F1C2424C5B3F900F96C62 /* PhotoEditorViewController.xib */ = {isa = PBXFileReference; fileEncoding = 4; lastKnownFileType = file.xib; path = PhotoEditorViewController.xib; sourceTree = "<group>"; };
		964F1C6C24C5E3AB00F96C62 /* BackgroundViewController.xib */ = {isa = PBXFileReference; fileEncoding = 4; lastKnownFileType = file.xib; path = BackgroundViewController.xib; sourceTree = "<group>"; };
		964F1C6D24C5E3AB00F96C62 /* PhotoEditor+BackgroundViewController.swift */ = {isa = PBXFileReference; fileEncoding = 4; lastKnownFileType = sourcecode.swift; path = "PhotoEditor+BackgroundViewController.swift"; sourceTree = "<group>"; };
		964F1C6E24C5E3AB00F96C62 /* BackgroundViewController.swift */ = {isa = PBXFileReference; fileEncoding = 4; lastKnownFileType = sourcecode.swift; path = BackgroundViewController.swift; sourceTree = "<group>"; };
		964F1C6F24C5E3AB00F96C62 /* ImageCollectionViewDelegate.swift */ = {isa = PBXFileReference; fileEncoding = 4; lastKnownFileType = sourcecode.swift; path = ImageCollectionViewDelegate.swift; sourceTree = "<group>"; };
		964F1C7024C5E3AB00F96C62 /* Extensions.swift */ = {isa = PBXFileReference; fileEncoding = 4; lastKnownFileType = sourcecode.swift; path = Extensions.swift; sourceTree = "<group>"; };
		964F1C7124C5E3AB00F96C62 /* ImageCollectionViewCell.swift */ = {isa = PBXFileReference; fileEncoding = 4; lastKnownFileType = sourcecode.swift; path = ImageCollectionViewCell.swift; sourceTree = "<group>"; };
		964F1C7224C5E3AB00F96C62 /* ImageCollectionViewCell.xib */ = {isa = PBXFileReference; fileEncoding = 4; lastKnownFileType = file.xib; path = ImageCollectionViewCell.xib; sourceTree = "<group>"; };
		96618BA424D99E8600128708 /* Nunito-ExtraBold.ttf */ = {isa = PBXFileReference; lastKnownFileType = file; path = "Nunito-ExtraBold.ttf"; sourceTree = "<group>"; };
		96618BBF24D9A31100128708 /* icon_sticker.png */ = {isa = PBXFileReference; lastKnownFileType = image.png; path = icon_sticker.png; sourceTree = "<group>"; };
		96618BC024D9A31100128708 /* icon_sticker@2x.png */ = {isa = PBXFileReference; lastKnownFileType = image.png; path = "icon_sticker@2x.png"; sourceTree = "<group>"; };
		96618BC124D9A31100128708 /* icon_text@3x.png */ = {isa = PBXFileReference; lastKnownFileType = image.png; path = "icon_text@3x.png"; sourceTree = "<group>"; };
		96618BC224D9A31100128708 /* icon_canvas@3x.png */ = {isa = PBXFileReference; lastKnownFileType = image.png; path = "icon_canvas@3x.png"; sourceTree = "<group>"; };
		96618BC324D9A31100128708 /* icon_sticker@3x.png */ = {isa = PBXFileReference; lastKnownFileType = image.png; path = "icon_sticker@3x.png"; sourceTree = "<group>"; };
		96618BC424D9A31100128708 /* icon_back@3x.png */ = {isa = PBXFileReference; lastKnownFileType = image.png; path = "icon_back@3x.png"; sourceTree = "<group>"; };
		96618BC524D9A31100128708 /* icon_canvas.png */ = {isa = PBXFileReference; lastKnownFileType = image.png; path = icon_canvas.png; sourceTree = "<group>"; };
		96618BC624D9A31100128708 /* icon_text@2x.png */ = {isa = PBXFileReference; lastKnownFileType = image.png; path = "icon_text@2x.png"; sourceTree = "<group>"; };
		96618BC724D9A31100128708 /* icon_back.png */ = {isa = PBXFileReference; lastKnownFileType = image.png; path = icon_back.png; sourceTree = "<group>"; };
		96618BC824D9A31100128708 /* icon_back@2x.png */ = {isa = PBXFileReference; lastKnownFileType = image.png; path = "icon_back@2x.png"; sourceTree = "<group>"; };
		96618BC924D9A31200128708 /* icon_canvas@2x.png */ = {isa = PBXFileReference; lastKnownFileType = image.png; path = "icon_canvas@2x.png"; sourceTree = "<group>"; };
		96618BCA24D9A31200128708 /* icon_text.png */ = {isa = PBXFileReference; lastKnownFileType = image.png; path = icon_text.png; sourceTree = "<group>"; };
		96618BD924D9B5FF00128708 /* icon_delete.png */ = {isa = PBXFileReference; lastKnownFileType = image.png; path = icon_delete.png; sourceTree = "<group>"; };
		96618BDB24DA831800128708 /* Nunito-SemiBold.ttf */ = {isa = PBXFileReference; lastKnownFileType = file; path = "Nunito-SemiBold.ttf"; sourceTree = "<group>"; };
		96618BDC24DAAB0D00128708 /* Nunito-Black.ttf */ = {isa = PBXFileReference; lastKnownFileType = file; path = "Nunito-Black.ttf"; sourceTree = "<group>"; };
		9698534324C6D52D0004167C /* GifCollectionViewCell.xib */ = {isa = PBXFileReference; fileEncoding = 4; lastKnownFileType = file.xib; path = GifCollectionViewCell.xib; sourceTree = "<group>"; };
		969D232F2541A50800695C90 /* FastInMyCar.ttf */ = {isa = PBXFileReference; lastKnownFileType = file; path = FastInMyCar.ttf; sourceTree = "<group>"; };
		969D235C2541AA1C00695C90 /* Cheria.ttf */ = {isa = PBXFileReference; lastKnownFileType = file; path = Cheria.ttf; sourceTree = "<group>"; };
		969D237B2541AB3C00695C90 /* SundayMorningRegular.ttf */ = {isa = PBXFileReference; lastKnownFileType = file; path = SundayMorningRegular.ttf; sourceTree = "<group>"; };
		96C9D47824C6C36100BB803D /* GifsStickersViewController.swift */ = {isa = PBXFileReference; fileEncoding = 4; lastKnownFileType = sourcecode.swift; path = GifsStickersViewController.swift; sourceTree = "<group>"; };
		96C9D47A24C6C36700BB803D /* GifsStickersViewController.xib */ = {isa = PBXFileReference; fileEncoding = 4; lastKnownFileType = file.xib; path = GifsStickersViewController.xib; sourceTree = "<group>"; };
		96EF93AE254050D500915EFD /* color_off@2x.png */ = {isa = PBXFileReference; lastKnownFileType = image.png; path = "color_off@2x.png"; sourceTree = "<group>"; };
		96EF93AF254050D500915EFD /* color_on.png */ = {isa = PBXFileReference; lastKnownFileType = image.png; path = color_on.png; sourceTree = "<group>"; };
		96EF93B0254050D500915EFD /* color_off@3x.png */ = {isa = PBXFileReference; lastKnownFileType = image.png; path = "color_off@3x.png"; sourceTree = "<group>"; };
		96EF93B1254050D600915EFD /* color_on@2x.png */ = {isa = PBXFileReference; lastKnownFileType = image.png; path = "color_on@2x.png"; sourceTree = "<group>"; };
		96EF93B2254050D600915EFD /* color_off.png */ = {isa = PBXFileReference; lastKnownFileType = image.png; path = color_off.png; sourceTree = "<group>"; };
		96EF93B3254050D600915EFD /* color_on@3x.png */ = {isa = PBXFileReference; lastKnownFileType = image.png; path = "color_on@3x.png"; sourceTree = "<group>"; };
		96EF93BB254050E800915EFD /* text_on@2x.png */ = {isa = PBXFileReference; lastKnownFileType = image.png; path = "text_on@2x.png"; sourceTree = "<group>"; };
		96EF93BC254050E800915EFD /* text_on@3x.png */ = {isa = PBXFileReference; lastKnownFileType = image.png; path = "text_on@3x.png"; sourceTree = "<group>"; };
		96EF93BD254050E800915EFD /* text_off@3x.png */ = {isa = PBXFileReference; lastKnownFileType = image.png; path = "text_off@3x.png"; sourceTree = "<group>"; };
		96EF93BE254050E800915EFD /* text_off@2x.png */ = {isa = PBXFileReference; lastKnownFileType = image.png; path = "text_off@2x.png"; sourceTree = "<group>"; };
		96EF93BF254050E800915EFD /* text_on.png */ = {isa = PBXFileReference; lastKnownFileType = image.png; path = text_on.png; sourceTree = "<group>"; };
		96EF93C0254050E800915EFD /* text_off.png */ = {isa = PBXFileReference; lastKnownFileType = image.png; path = text_off.png; sourceTree = "<group>"; };
		96EF93C8254050EE00915EFD /* size_on@2x.png */ = {isa = PBXFileReference; lastKnownFileType = image.png; path = "size_on@2x.png"; sourceTree = "<group>"; };
		96EF93C9254050EE00915EFD /* size_on@3x.png */ = {isa = PBXFileReference; lastKnownFileType = image.png; path = "size_on@3x.png"; sourceTree = "<group>"; };
		96EF93CA254050EE00915EFD /* size_on.png */ = {isa = PBXFileReference; lastKnownFileType = image.png; path = size_on.png; sourceTree = "<group>"; };
		96EF93CB254050EF00915EFD /* size_off@3x.png */ = {isa = PBXFileReference; lastKnownFileType = image.png; path = "size_off@3x.png"; sourceTree = "<group>"; };
		96EF93CC254050EF00915EFD /* size_off.png */ = {isa = PBXFileReference; lastKnownFileType = image.png; path = size_off.png; sourceTree = "<group>"; };
		96EF93CD254050EF00915EFD /* size_off@2x.png */ = {isa = PBXFileReference; lastKnownFileType = image.png; path = "size_off@2x.png"; sourceTree = "<group>"; };
		96F9690324E177690081A0DB /* CustomTextField.swift */ = {isa = PBXFileReference; fileEncoding = 4; lastKnownFileType = sourcecode.swift; path = CustomTextField.swift; sourceTree = "<group>"; };
/* End PBXFileReference section */

/* Begin PBXFrameworksBuildPhase section */
		059EA7161EACB8790072C0FE /* Frameworks */ = {
			isa = PBXFrameworksBuildPhase;
			buildActionMask = 2147483647;
			files = (
			);
			runOnlyForDeploymentPostprocessing = 0;
		};
/* End PBXFrameworksBuildPhase section */

/* Begin PBXGroup section */
		059EA7101EACB8780072C0FE = {
			isa = PBXGroup;
			children = (
				059EA71B1EACB8790072C0FE /* Photo Editor */,
				059EA71A1EACB8790072C0FE /* Products */,
			);
			sourceTree = "<group>";
		};
		059EA71A1EACB8790072C0FE /* Products */ = {
			isa = PBXGroup;
			children = (
				059EA7191EACB8790072C0FE /* Photo Editor.app */,
			);
			name = Products;
			sourceTree = "<group>";
		};
		059EA71B1EACB8790072C0FE /* Photo Editor */ = {
			isa = PBXGroup;
			children = (
				056513081EF489B4009EA38F /* PhotoEditorViewController.swift */,
				0565130A1EF489B4009EA38F /* ColorCollectionViewCell.swift */,
				0565130B1EF489B4009EA38F /* ColorsCollectionViewDelegate.swift */,
				0565130E1EF489B4009EA38F /* StickerCollectionViewCell.swift */,
				964F1C6E24C5E3AB00F96C62 /* BackgroundViewController.swift */,
				964F1C6C24C5E3AB00F96C62 /* BackgroundViewController.xib */,
				963AE9B124C6D1EC0043F791 /* GifCollectionViewCell.swift */,
				964F1C7024C5E3AB00F96C62 /* Extensions.swift */,
				964F1C7124C5E3AB00F96C62 /* ImageCollectionViewCell.swift */,
				9698534324C6D52D0004167C /* GifCollectionViewCell.xib */,
				964F1C7224C5E3AB00F96C62 /* ImageCollectionViewCell.xib */,
				96F9690324E177690081A0DB /* CustomTextField.swift */,
				9611043224E2695B0021D4D7 /* ExpressionPreview.swift */,
				9611052824E2D0070021D4D7 /* BowlbyOneSC-Regular.ttf */,
				9611052924E2D0070021D4D7 /* ZillaSlabHighlight-Bold.ttf */,
				960ED6AE24DBCC7F002D3B85 /* default_bg.png */,
				969D232F2541A50800695C90 /* FastInMyCar.ttf */,
				960ED6AF24DBCC7F002D3B85 /* icon_thumb.png */,
				960ED6B024DBCC7F002D3B85 /* icon_thumb@2x.png */,
				960ED6B324DBCC7F002D3B85 /* icon_thumb@3x.png */,
				969D235C2541AA1C00695C90 /* Cheria.ttf */,
				964F1C6F24C5E3AB00F96C62 /* ImageCollectionViewDelegate.swift */,
				964F1C6D24C5E3AB00F96C62 /* PhotoEditor+BackgroundViewController.swift */,
				0565130F1EF489B4009EA38F /* UIImage+Size.swift */,
				056513101EF489B4009EA38F /* UIImageView+Alpha.swift */,
				96C9D47824C6C36100BB803D /* GifsStickersViewController.swift */,
				056513111EF489B4009EA38F /* UIView+Image.swift */,
				056513121EF489B4009EA38F /* Protocols.swift */,
				96618BDC24DAAB0D00128708 /* Nunito-Black.ttf */,
				056513131EF489B4009EA38F /* GradientView.swift */,
				056513141EF489B4009EA38F /* CropView.swift */,
				96C9D47A24C6C36700BB803D /* GifsStickersViewController.xib */,
				056513151EF489B4009EA38F /* CropRectView.swift */,
				96618BA424D99E8600128708 /* Nunito-ExtraBold.ttf */,
				056513161EF489B4009EA38F /* CropViewController.swift */,
				056513171EF489B4009EA38F /* UIImage+Crop.swift */,
				056513181EF489B4009EA38F /* ResizeControl.swift */,
				059EA71C1EACB8790072C0FE /* AppDelegate.swift */,
				96618BD924D9B5FF00128708 /* icon_delete.png */,
				96618BC724D9A31100128708 /* icon_back.png */,
				96618BC824D9A31100128708 /* icon_back@2x.png */,
				96618BC424D9A31100128708 /* icon_back@3x.png */,
				96618BC524D9A31100128708 /* icon_canvas.png */,
				96618BC924D9A31200128708 /* icon_canvas@2x.png */,
				96618BC224D9A31100128708 /* icon_canvas@3x.png */,
				96618BBF24D9A31100128708 /* icon_sticker.png */,
				96618BDB24DA831800128708 /* Nunito-SemiBold.ttf */,
				96618BC024D9A31100128708 /* icon_sticker@2x.png */,
				96EF93CC254050EF00915EFD /* size_off.png */,
				96EF93CD254050EF00915EFD /* size_off@2x.png */,
				96EF93CB254050EF00915EFD /* size_off@3x.png */,
				96EF93CA254050EE00915EFD /* size_on.png */,
				96EF93C8254050EE00915EFD /* size_on@2x.png */,
				960B0EA12541968700C5DA4B /* icon_align_center.png */,
				960B0EA62541968800C5DA4B /* icon_align_center@2x.png */,
				960B0EA52541968800C5DA4B /* icon_align_center@3x.png */,
				960B0EA72541968800C5DA4B /* icon_align_left.png */,
				960B0EA82541968800C5DA4B /* icon_align_left@2x.png */,
				960B0EA42541968800C5DA4B /* icon_align_left@3x.png */,
				960B0EA02541968700C5DA4B /* icon_align_right.png */,
				960B0EA32541968700C5DA4B /* icon_align_right@2x.png */,
				960B0EA22541968700C5DA4B /* icon_align_right@3x.png */,
				96EF93C9254050EE00915EFD /* size_on@3x.png */,
				96618BC324D9A31100128708 /* icon_sticker@3x.png */,
				96618BCA24D9A31200128708 /* icon_text.png */,
				96618BC624D9A31100128708 /* icon_text@2x.png */,
				969D237B2541AB3C00695C90 /* SundayMorningRegular.ttf */,
				96618BC124D9A31100128708 /* icon_text@3x.png */,
				0565133E1EF489CD009EA38F /* PhotoEditor+Gestures.swift */,
				0565133F1EF489CD009EA38F /* PhotoEditor+Drawing.swift */,
				056513401EF489CD009EA38F /* PhotoEditor+Keyboard.swift */,
				96EF93C0254050E800915EFD /* text_off.png */,
				96EF93BE254050E800915EFD /* text_off@2x.png */,
				96EF93BD254050E800915EFD /* text_off@3x.png */,
				96EF93BF254050E800915EFD /* text_on.png */,
				96EF93BB254050E800915EFD /* text_on@2x.png */,
				96EF93BC254050E800915EFD /* text_on@3x.png */,
				96EF93B2254050D600915EFD /* color_off.png */,
				96EF93AE254050D500915EFD /* color_off@2x.png */,
				96EF93B0254050D500915EFD /* color_off@3x.png */,
				96EF93AF254050D500915EFD /* color_on.png */,
				96EF93B1254050D600915EFD /* color_on@2x.png */,
				96EF93B3254050D600915EFD /* color_on@3x.png */,
				056513411EF489CD009EA38F /* PhotoEditor+StickersViewController.swift */,
				056513421EF489CD009EA38F /* PhotoEditor+UITextView.swift */,
				056513431EF489CD009EA38F /* PhotoEditor+Controls.swift */,
				056513441EF489CD009EA38F /* PhotoEditor+Crop.swift */,
				056513451EF489CD009EA38F /* PhotoEditor+Font.swift */,
				0565132B1EF489C0009EA38F /* ColorCollectionViewCell.xib */,
				964F1C2424C5B3F900F96C62 /* PhotoEditorViewController.xib */,
				0565132E1EF489C0009EA38F /* LaunchScreen.storyboard */,
				0565132F1EF489C0009EA38F /* PhotoCropEditorBorder.png */,
				056513301EF489C0009EA38F /* PhotoCropEditorBorder@2x.png */,
				056513311EF489C0009EA38F /* PhotoCropEditorBorder@3x.png */,
				056513321EF489C0009EA38F /* StickerCollectionViewCell.xib */,
				059EA7231EACB8790072C0FE /* Assets.xcassets */,
				059EA7251EACB8790072C0FE /* LaunchScreen.storyboard */,
				059EA7281EACB8790072C0FE /* Info.plist */,
			);
			path = "Photo Editor";
			sourceTree = "<group>";
		};
/* End PBXGroup section */

/* Begin PBXNativeTarget section */
		059EA7181EACB8790072C0FE /* Photo Editor */ = {
			isa = PBXNativeTarget;
			buildConfigurationList = 059EA72B1EACB8790072C0FE /* Build configuration list for PBXNativeTarget "Photo Editor" */;
			buildPhases = (
				059EA7151EACB8790072C0FE /* Sources */,
				059EA7161EACB8790072C0FE /* Frameworks */,
				059EA7171EACB8790072C0FE /* Resources */,
			);
			buildRules = (
			);
			dependencies = (
			);
			name = "Photo Editor";
			productName = "Photo Editor";
			productReference = 059EA7191EACB8790072C0FE /* Photo Editor.app */;
			productType = "com.apple.product-type.application";
		};
/* End PBXNativeTarget section */

/* Begin PBXProject section */
		059EA7111EACB8780072C0FE /* Project object */ = {
			isa = PBXProject;
			attributes = {
				LastSwiftUpdateCheck = 0830;
				LastUpgradeCheck = 0830;
				ORGANIZATIONNAME = "Mohamed Hamed";
				TargetAttributes = {
					059EA7181EACB8790072C0FE = {
						CreatedOnToolsVersion = 8.3;
						DevelopmentTeam = B8BKM8368H;
						ProvisioningStyle = Automatic;
					};
				};
			};
			buildConfigurationList = 059EA7141EACB8780072C0FE /* Build configuration list for PBXProject "Photo Editor" */;
			compatibilityVersion = "Xcode 3.2";
			developmentRegion = English;
			hasScannedForEncodings = 0;
			knownRegions = (
				English,
				en,
				Base,
			);
			mainGroup = 059EA7101EACB8780072C0FE;
			productRefGroup = 059EA71A1EACB8790072C0FE /* Products */;
			projectDirPath = "";
			projectRoot = "";
			targets = (
				059EA7181EACB8790072C0FE /* Photo Editor */,
			);
		};
/* End PBXProject section */

/* Begin PBXResourcesBuildPhase section */
		059EA7171EACB8790072C0FE /* Resources */ = {
			isa = PBXResourcesBuildPhase;
			buildActionMask = 2147483647;
			files = (
				96EF93C1254050E800915EFD /* text_on@2x.png in Resources */,
				969D235D2541AA1C00695C90 /* Cheria.ttf in Resources */,
				960B0EAE2541968800C5DA4B /* icon_align_center@3x.png in Resources */,
				960B0EAD2541968800C5DA4B /* icon_align_left@3x.png in Resources */,
				96EF93C5254050E800915EFD /* text_on.png in Resources */,
				96618BBE24D99FD200128708 /* Nunito-ExtraBold.ttf in Resources */,
				969D23322541A50800695C90 /* FastInMyCar.ttf in Resources */,
				960ED6B924DBCC7F002D3B85 /* icon_thumb@3x.png in Resources */,
				964F1C2524C5B3F900F96C62 /* PhotoEditorViewController.xib in Resources */,
				96EF93CF254050EF00915EFD /* size_on@3x.png in Resources */,
				960B0EAF2541968800C5DA4B /* icon_align_center@2x.png in Resources */,
				96EF93C3254050E800915EFD /* text_off@3x.png in Resources */,
				960ED6B424DBCC7F002D3B85 /* default_bg.png in Resources */,
				964F1C7924C5E3AB00F96C62 /* ImageCollectionViewCell.xib in Resources */,
				96EF93B6254050D600915EFD /* color_off@3x.png in Resources */,
				059EA7271EACB8790072C0FE /* LaunchScreen.storyboard in Resources */,
				960B0EB02541968800C5DA4B /* icon_align_left.png in Resources */,
				96EF93C2254050E800915EFD /* text_on@3x.png in Resources */,
				96EF93B4254050D600915EFD /* color_off@2x.png in Resources */,
				96618BD424D9A31200128708 /* icon_back@2x.png in Resources */,
				960B0EAC2541968800C5DA4B /* icon_align_right@2x.png in Resources */,
				96618BDA24D9B60000128708 /* icon_delete.png in Resources */,
				96EF93CE254050EF00915EFD /* size_on@2x.png in Resources */,
				96EF93D3254050EF00915EFD /* size_off@2x.png in Resources */,
				960B0EA92541968800C5DA4B /* icon_align_right.png in Resources */,
				96618BD024D9A31200128708 /* icon_back@3x.png in Resources */,
				96618BD124D9A31200128708 /* icon_canvas.png in Resources */,
				96EF93B5254050D600915EFD /* color_on.png in Resources */,
				969D237C2541AB3D00695C90 /* SundayMorningRegular.ttf in Resources */,
				96EF93D0254050EF00915EFD /* size_on.png in Resources */,
				96618BD524D9A31200128708 /* icon_canvas@2x.png in Resources */,
				96618BCE24D9A31200128708 /* icon_canvas@3x.png in Resources */,
				96618BCB24D9A31200128708 /* icon_sticker.png in Resources */,
				0565133B1EF489C0009EA38F /* PhotoCropEditorBorder@3x.png in Resources */,
				960ED6B524DBCC7F002D3B85 /* icon_thumb.png in Resources */,
				96618BCC24D9A31200128708 /* icon_sticker@2x.png in Resources */,
				96618BCF24D9A31200128708 /* icon_sticker@3x.png in Resources */,
				96C9D47B24C6C36700BB803D /* GifsStickersViewController.xib in Resources */,
				059EA7241EACB8790072C0FE /* Assets.xcassets in Resources */,
				96EF93B7254050D600915EFD /* color_on@2x.png in Resources */,
				96618BD324D9A31200128708 /* icon_back.png in Resources */,
				96618BD224D9A31200128708 /* icon_text@2x.png in Resources */,
				96EF93D1254050EF00915EFD /* size_off@3x.png in Resources */,
				96618BD624D9A31200128708 /* icon_text.png in Resources */,
				96618BCD24D9A31200128708 /* icon_text@3x.png in Resources */,
				056513351EF489C0009EA38F /* ColorCollectionViewCell.xib in Resources */,
				96EF93D2254050EF00915EFD /* size_off.png in Resources */,
				0565133A1EF489C0009EA38F /* PhotoCropEditorBorder@2x.png in Resources */,
				96EF93B8254050D600915EFD /* color_off.png in Resources */,
				960B0EAB2541968800C5DA4B /* icon_align_right@3x.png in Resources */,
				9698534424C6D52D0004167C /* GifCollectionViewCell.xib in Resources */,
				960B0EB12541968800C5DA4B /* icon_align_left@2x.png in Resources */,
				0565133C1EF489C0009EA38F /* StickerCollectionViewCell.xib in Resources */,
				96EF93C6254050E800915EFD /* text_off.png in Resources */,
				96EF93B9254050D600915EFD /* color_on@3x.png in Resources */,
				056513381EF489C0009EA38F /* LaunchScreen.storyboard in Resources */,
				96EF93C4254050E800915EFD /* text_off@2x.png in Resources */,
				964F1C7324C5E3AB00F96C62 /* BackgroundViewController.xib in Resources */,
				960ED6B624DBCC7F002D3B85 /* icon_thumb@2x.png in Resources */,
				960B0EAA2541968800C5DA4B /* icon_align_center.png in Resources */,
				056513391EF489C0009EA38F /* PhotoCropEditorBorder.png in Resources */,
			);
			runOnlyForDeploymentPostprocessing = 0;
		};
/* End PBXResourcesBuildPhase section */

/* Begin PBXSourcesBuildPhase section */
		059EA7151EACB8790072C0FE /* Sources */ = {
			isa = PBXSourcesBuildPhase;
			buildActionMask = 2147483647;
			files = (
				056513281EF489B4009EA38F /* UIImage+Crop.swift in Sources */,
				964F1C7424C5E3AB00F96C62 /* PhotoEditor+BackgroundViewController.swift in Sources */,
				056513221EF489B4009EA38F /* UIView+Image.swift in Sources */,
				056513461EF489CD009EA38F /* PhotoEditor+Gestures.swift in Sources */,
				9611043324E2695B0021D4D7 /* ExpressionPreview.swift in Sources */,
				056513201EF489B4009EA38F /* UIImage+Size.swift in Sources */,
				056513471EF489CD009EA38F /* PhotoEditor+Drawing.swift in Sources */,
				056513191EF489B4009EA38F /* PhotoEditorViewController.swift in Sources */,
				056513261EF489B4009EA38F /* CropRectView.swift in Sources */,
				056513231EF489B4009EA38F /* Protocols.swift in Sources */,
				0565134C1EF489CD009EA38F /* PhotoEditor+Crop.swift in Sources */,
				056513491EF489CD009EA38F /* PhotoEditor+StickersViewController.swift in Sources */,
				964F1C7524C5E3AB00F96C62 /* BackgroundViewController.swift in Sources */,
				056513271EF489B4009EA38F /* CropViewController.swift in Sources */,
				0565134D1EF489CD009EA38F /* PhotoEditor+Font.swift in Sources */,
				0565131C1EF489B4009EA38F /* ColorsCollectionViewDelegate.swift in Sources */,
				056513481EF489CD009EA38F /* PhotoEditor+Keyboard.swift in Sources */,
				964F1C7624C5E3AB00F96C62 /* ImageCollectionViewDelegate.swift in Sources */,
				963AE9B324C6D1EC0043F791 /* GifCollectionViewCell.swift in Sources */,
				96F9690424E177690081A0DB /* CustomTextField.swift in Sources */,
				0565131B1EF489B4009EA38F /* ColorCollectionViewCell.swift in Sources */,
				0565131F1EF489B4009EA38F /* StickerCollectionViewCell.swift in Sources */,
				964F1C7824C5E3AB00F96C62 /* ImageCollectionViewCell.swift in Sources */,
				96C9D47924C6C36100BB803D /* GifsStickersViewController.swift in Sources */,
				056513251EF489B4009EA38F /* CropView.swift in Sources */,
				0565134A1EF489CD009EA38F /* PhotoEditor+UITextView.swift in Sources */,
				056513241EF489B4009EA38F /* GradientView.swift in Sources */,
				964F1C7724C5E3AB00F96C62 /* Extensions.swift in Sources */,
				059EA71D1EACB8790072C0FE /* AppDelegate.swift in Sources */,
				0565134B1EF489CD009EA38F /* PhotoEditor+Controls.swift in Sources */,
				056513211EF489B4009EA38F /* UIImageView+Alpha.swift in Sources */,
				056513291EF489B4009EA38F /* ResizeControl.swift in Sources */,
			);
			runOnlyForDeploymentPostprocessing = 0;
		};
/* End PBXSourcesBuildPhase section */

/* Begin PBXVariantGroup section */
		059EA7251EACB8790072C0FE /* LaunchScreen.storyboard */ = {
			isa = PBXVariantGroup;
			children = (
				059EA7261EACB8790072C0FE /* Base */,
			);
			name = LaunchScreen.storyboard;
			sourceTree = "<group>";
		};
/* End PBXVariantGroup section */

/* Begin XCBuildConfiguration section */
		059EA7291EACB8790072C0FE /* Debug */ = {
			isa = XCBuildConfiguration;
			buildSettings = {
				ALWAYS_SEARCH_USER_PATHS = NO;
				CLANG_ANALYZER_NONNULL = YES;
				CLANG_ANALYZER_NUMBER_OBJECT_CONVERSION = YES_AGGRESSIVE;
				CLANG_CXX_LANGUAGE_STANDARD = "gnu++0x";
				CLANG_CXX_LIBRARY = "libc++";
				CLANG_ENABLE_MODULES = YES;
				CLANG_ENABLE_OBJC_ARC = YES;
				CLANG_WARN_BOOL_CONVERSION = YES;
				CLANG_WARN_CONSTANT_CONVERSION = YES;
				CLANG_WARN_DIRECT_OBJC_ISA_USAGE = YES_ERROR;
				CLANG_WARN_DOCUMENTATION_COMMENTS = YES;
				CLANG_WARN_EMPTY_BODY = YES;
				CLANG_WARN_ENUM_CONVERSION = YES;
				CLANG_WARN_INFINITE_RECURSION = YES;
				CLANG_WARN_INT_CONVERSION = YES;
				CLANG_WARN_OBJC_ROOT_CLASS = YES_ERROR;
				CLANG_WARN_SUSPICIOUS_MOVE = YES;
				CLANG_WARN_UNREACHABLE_CODE = YES;
				CLANG_WARN__DUPLICATE_METHOD_MATCH = YES;
				"CODE_SIGN_IDENTITY[sdk=iphoneos*]" = "iPhone Developer";
				COPY_PHASE_STRIP = NO;
				DEBUG_INFORMATION_FORMAT = dwarf;
				ENABLE_STRICT_OBJC_MSGSEND = YES;
				ENABLE_TESTABILITY = YES;
				GCC_C_LANGUAGE_STANDARD = gnu99;
				GCC_DYNAMIC_NO_PIC = NO;
				GCC_NO_COMMON_BLOCKS = YES;
				GCC_OPTIMIZATION_LEVEL = 0;
				GCC_PREPROCESSOR_DEFINITIONS = (
					"DEBUG=1",
					"$(inherited)",
				);
				GCC_WARN_64_TO_32_BIT_CONVERSION = YES;
				GCC_WARN_ABOUT_RETURN_TYPE = YES_ERROR;
				GCC_WARN_UNDECLARED_SELECTOR = YES;
				GCC_WARN_UNINITIALIZED_AUTOS = YES_AGGRESSIVE;
				GCC_WARN_UNUSED_FUNCTION = YES;
				GCC_WARN_UNUSED_VARIABLE = YES;
				IPHONEOS_DEPLOYMENT_TARGET = 10.3;
				MTL_ENABLE_DEBUG_INFO = YES;
				ONLY_ACTIVE_ARCH = YES;
				SDKROOT = iphoneos;
				SWIFT_ACTIVE_COMPILATION_CONDITIONS = DEBUG;
				SWIFT_OPTIMIZATION_LEVEL = "-Onone";
			};
			name = Debug;
		};
		059EA72A1EACB8790072C0FE /* Release */ = {
			isa = XCBuildConfiguration;
			buildSettings = {
				ALWAYS_SEARCH_USER_PATHS = NO;
				CLANG_ANALYZER_NONNULL = YES;
				CLANG_ANALYZER_NUMBER_OBJECT_CONVERSION = YES_AGGRESSIVE;
				CLANG_CXX_LANGUAGE_STANDARD = "gnu++0x";
				CLANG_CXX_LIBRARY = "libc++";
				CLANG_ENABLE_MODULES = YES;
				CLANG_ENABLE_OBJC_ARC = YES;
				CLANG_WARN_BOOL_CONVERSION = YES;
				CLANG_WARN_CONSTANT_CONVERSION = YES;
				CLANG_WARN_DIRECT_OBJC_ISA_USAGE = YES_ERROR;
				CLANG_WARN_DOCUMENTATION_COMMENTS = YES;
				CLANG_WARN_EMPTY_BODY = YES;
				CLANG_WARN_ENUM_CONVERSION = YES;
				CLANG_WARN_INFINITE_RECURSION = YES;
				CLANG_WARN_INT_CONVERSION = YES;
				CLANG_WARN_OBJC_ROOT_CLASS = YES_ERROR;
				CLANG_WARN_SUSPICIOUS_MOVE = YES;
				CLANG_WARN_UNREACHABLE_CODE = YES;
				CLANG_WARN__DUPLICATE_METHOD_MATCH = YES;
				"CODE_SIGN_IDENTITY[sdk=iphoneos*]" = "iPhone Developer";
				COPY_PHASE_STRIP = NO;
				DEBUG_INFORMATION_FORMAT = "dwarf-with-dsym";
				ENABLE_NS_ASSERTIONS = NO;
				ENABLE_STRICT_OBJC_MSGSEND = YES;
				GCC_C_LANGUAGE_STANDARD = gnu99;
				GCC_NO_COMMON_BLOCKS = YES;
				GCC_WARN_64_TO_32_BIT_CONVERSION = YES;
				GCC_WARN_ABOUT_RETURN_TYPE = YES_ERROR;
				GCC_WARN_UNDECLARED_SELECTOR = YES;
				GCC_WARN_UNINITIALIZED_AUTOS = YES_AGGRESSIVE;
				GCC_WARN_UNUSED_FUNCTION = YES;
				GCC_WARN_UNUSED_VARIABLE = YES;
				IPHONEOS_DEPLOYMENT_TARGET = 10.3;
				MTL_ENABLE_DEBUG_INFO = NO;
				SDKROOT = iphoneos;
				SWIFT_OPTIMIZATION_LEVEL = "-Owholemodule";
				VALIDATE_PRODUCT = YES;
			};
			name = Release;
		};
		059EA72C1EACB8790072C0FE /* Debug */ = {
			isa = XCBuildConfiguration;
			buildSettings = {
				ASSETCATALOG_COMPILER_APPICON_NAME = AppIcon;
				DEVELOPMENT_TEAM = B8BKM8368H;
				INFOPLIST_FILE = "Photo Editor/Info.plist";
				IPHONEOS_DEPLOYMENT_TARGET = 10.3;
				LD_RUNPATH_SEARCH_PATHS = "$(inherited) @executable_path/Frameworks";
				PRODUCT_BUNDLE_IDENTIFIER = "com.hamed.Photo-Editor";
				PRODUCT_NAME = "$(TARGET_NAME)";
				SWIFT_VERSION = 5.0;
			};
			name = Debug;
		};
		059EA72D1EACB8790072C0FE /* Release */ = {
			isa = XCBuildConfiguration;
			buildSettings = {
				ASSETCATALOG_COMPILER_APPICON_NAME = AppIcon;
				DEVELOPMENT_TEAM = B8BKM8368H;
				INFOPLIST_FILE = "Photo Editor/Info.plist";
				IPHONEOS_DEPLOYMENT_TARGET = 10.3;
				LD_RUNPATH_SEARCH_PATHS = "$(inherited) @executable_path/Frameworks";
				PRODUCT_BUNDLE_IDENTIFIER = "com.hamed.Photo-Editor";
				PRODUCT_NAME = "$(TARGET_NAME)";
				SWIFT_VERSION = 5.0;
			};
			name = Release;
		};
/* End XCBuildConfiguration section */

/* Begin XCConfigurationList section */
		059EA7141EACB8780072C0FE /* Build configuration list for PBXProject "Photo Editor" */ = {
			isa = XCConfigurationList;
			buildConfigurations = (
				059EA7291EACB8790072C0FE /* Debug */,
				059EA72A1EACB8790072C0FE /* Release */,
			);
			defaultConfigurationIsVisible = 0;
			defaultConfigurationName = Release;
		};
		059EA72B1EACB8790072C0FE /* Build configuration list for PBXNativeTarget "Photo Editor" */ = {
			isa = XCConfigurationList;
			buildConfigurations = (
				059EA72C1EACB8790072C0FE /* Debug */,
				059EA72D1EACB8790072C0FE /* Release */,
			);
			defaultConfigurationIsVisible = 0;
			defaultConfigurationName = Release;
		};
/* End XCConfigurationList section */
	};
	rootObject = 059EA7111EACB8780072C0FE /* Project object */;
}
